
Microsoft Visual Studio Solution File, Format Version 12.00
# Visual Studio 15
VisualStudioVersion = 15.0.28307.779
MinimumVisualStudioVersion = 10.0.40219.1
Project("{2150E333-8FDC-42A3-9474-1A3956D46DE8}") = "CF", "CF", "{B8A1D480-F5CE-4D26-8AB3-D61BB68A5C0C}"
EndProject
Project("{2150E333-8FDC-42A3-9474-1A3956D46DE8}") = "DE", "DE", "{5F0838C4-8EC0-41E3-9E59-F3F2C5236C92}"
EndProject
Project("{2150E333-8FDC-42A3-9474-1A3956D46DE8}") = "DI", "DI", "{580E7233-9090-482F-A51A-1A0001EBED5C}"
EndProject
Project("{2150E333-8FDC-42A3-9474-1A3956D46DE8}") = "GEN", "GEN", "{E499D911-855E-41B9-8489-DEE396581722}"
EndProject
Project("{2150E333-8FDC-42A3-9474-1A3956D46DE8}") = "NET", "NET", "{7E9AB774-7691-4908-AC70-DB9095ED3615}"
EndProject
Project("{2150E333-8FDC-42A3-9474-1A3956D46DE8}") = "PLUS", "PLUS", "{1E52114B-61B6-4803-95A6-7893FF207B2E}"
EndProject
Project("{2150E333-8FDC-42A3-9474-1A3956D46DE8}") = "RI", "RI", "{4F9E99BF-2900-402C-A47C-7406CE15258D}"
EndProject
Project("{2150E333-8FDC-42A3-9474-1A3956D46DE8}") = "_OPENRIA", "_OPENRIA", "{1445AC00-6976-464E-A3FE-63C1180DE470}"
EndProject
Project("{F184B08F-C81C-45F6-A57F-5ABD9991F28F}") = "A2.CF.OPENRIA.CalculosFinancieros", "..\CF\A2.CF.OPENRIA.CalculosFinancieros\A2.CF.OPENRIA.CalculosFinancieros.vbproj", "{88AA6F81-9A92-48CF-B76B-3562E8F90E21}"
EndProject
Project("{F184B08F-C81C-45F6-A57F-5ABD9991F28F}") = "A2.CF.OPENRIA.CodificacionContable", "..\CF\A2.CF.OPENRIA.CodificacionContable\A2.CF.OPENRIA.CodificacionContable.vbproj", "{EDEAB983-2EF6-4C59-8CA1-76ADF33E0F29}"
EndProject
Project("{F184B08F-C81C-45F6-A57F-5ABD9991F28F}") = "A2.CF.OPENRIA.Especies", "..\CF\A2.CF.OPENRIA.Especies\A2.CF.OPENRIA.Especies.vbproj", "{9D0D278F-287D-4252-AD51-84A1EB27DD9D}"
EndProject
Project("{F184B08F-C81C-45F6-A57F-5ABD9991F28F}") = "A2.CF.OPENRIA.Maestros", "..\CF\A2.CF.OPENRIA.Maestros\A2.CF.OPENRIA.Maestros.vbproj", "{9BB45B3A-AB01-46A7-BF93-3263A9FD27AF}"
EndProject
Project("{F184B08F-C81C-45F6-A57F-5ABD9991F28F}") = "A2.CF.OPENRIA.Operaciones", "..\CF\A2.CF.OPENRIA.Operaciones\A2.CF.OPENRIA.Operaciones.vbproj", "{90D3081B-7122-4DBB-B508-0E51B7F681AC}"
EndProject
Project("{F184B08F-C81C-45F6-A57F-5ABD9991F28F}") = "A2.CF.OPENRIA.Portafolio", "..\CF\A2.CF.OPENRIA.Portafolio\A2.CF.OPENRIA.Portafolio.vbproj", "{63EB44F6-9D01-43FA-9D5F-2B88B7735CA8}"
EndProject
Project("{F184B08F-C81C-45F6-A57F-5ABD9991F28F}") = "A2.CF.OPENRIA.ProcesarPortafolio", "..\CF\A2.CF.OPENRIA.ProcesarPortafolio\A2.CF.OPENRIA.ProcesarPortafolio.vbproj", "{84C468DC-F2FD-4B67-940A-EC144B724CB2}"
EndProject
Project("{F184B08F-C81C-45F6-A57F-5ABD9991F28F}") = "A2.CF.OPENRIA.RLegal", "..\CF\A2.CF.OPENRIA.RLegal\A2.CF.OPENRIA.RLegal.vbproj", "{0957B698-9B2A-4368-8C7A-B9DAC1512A38}"
EndProject
Project("{F184B08F-C81C-45F6-A57F-5ABD9991F28F}") = "A2.CF.OPENRIA.TitulosNet", "..\CF\A2.CF.OPENRIA.TitulosNet\A2.CF.OPENRIA.TitulosNet.vbproj", "{2E3D82C8-AF2B-41FE-9164-F425A902F01C}"
EndProject
Project("{F184B08F-C81C-45F6-A57F-5ABD9991F28F}") = "A2.CF.CalculosFinancieros.WPF", "..\CF\A2.CF.CalculosFinancieros.WPF\A2.CF.CalculosFinancieros.WPF.vbproj", "{639D0C18-F087-453D-BE4D-E50C4FC1B2F1}"
EndProject
Project("{F184B08F-C81C-45F6-A57F-5ABD9991F28F}") = "A2.CF.CodificacionContable.WPF", "..\CF\A2.CF.CodificacionContable.WPF\A2.CF.CodificacionContable.WPF.vbproj", "{A396BC7C-FAC4-4114-91E1-9487CB4136F2}"
EndProject
Project("{F184B08F-C81C-45F6-A57F-5ABD9991F28F}") = "A2.CF.Especies.WPF", "..\CF\A2.CF.Especies.WPF\A2.CF.Especies.WPF.vbproj", "{04F62C5E-1EC3-4B3F-AF1E-1D2C88867598}"
EndProject
Project("{F184B08F-C81C-45F6-A57F-5ABD9991F28F}") = "A2.CF.Maestros.WPF", "..\CF\A2.CF.Maestros.WPF\A2.CF.Maestros.WPF.vbproj", "{FDDAB9D6-B88C-4CA9-B987-83FB1EF22868}"
EndProject
Project("{F184B08F-C81C-45F6-A57F-5ABD9991F28F}") = "A2.CF.Operaciones.WPF", "..\CF\A2.CF.Operaciones.WPF\A2.CF.Operaciones.WPF.vbproj", "{CE0D10B4-2B87-4C0D-B4A8-E9117A3D397C}"
EndProject
Project("{F184B08F-C81C-45F6-A57F-5ABD9991F28F}") = "A2.CF.Portafolio.WPF", "..\CF\A2.CF.Portafolio.WPF\A2.CF.Portafolio.WPF.vbproj", "{F4CD4E19-34E9-4FC0-9BF7-698A488A2108}"
EndProject
Project("{F184B08F-C81C-45F6-A57F-5ABD9991F28F}") = "A2.CF.ProcesarPortafolio.WPF", "..\CF\A2.CF.ProcesarPortafolio.WPF\A2.CF.ProcesarPortafolio.WPF.vbproj", "{B5C4DCA7-D187-4FCC-A6BA-38B94A5B6FB0}"
EndProject
Project("{F184B08F-C81C-45F6-A57F-5ABD9991F28F}") = "A2.CF.ReporteriaLegal.WPF", "..\CF\A2.CF.ReporteriaLegal.WPF\A2.CF.ReporteriaLegal.WPF.vbproj", "{132ACBBB-D26B-47DF-AD20-C6CB05F8F82E}"
EndProject
Project("{F184B08F-C81C-45F6-A57F-5ABD9991F28F}") = "A2.CF.TitulosNet.WPF", "..\CF\A2.CF.TitulosNet.WPF\A2.CF.TitulosNet.WPF.vbproj", "{41C56B74-3A47-42F9-A2B9-6BE09DD61B86}"
EndProject
Project("{F184B08F-C81C-45F6-A57F-5ABD9991F28F}") = "A2.CF.Utilitarios.WPF", "..\CF\A2.CF.Utilitarios.WPF\A2.CF.Utilitarios.WPF.vbproj", "{6F9B3272-3A18-495B-AEAE-39E8E52753E3}"
EndProject
Project("{2150E333-8FDC-42A3-9474-1A3956D46DE8}") = "_OPENRIA", "_OPENRIA", "{49CC7E75-E43D-42CF-BD82-747AC154F37B}"
EndProject
Project("{F184B08F-C81C-45F6-A57F-5ABD9991F28F}") = "A2.DER.Maestros.OPENRIA", "..\DE\A2.DER.Maestros.OPENRIA\A2.DER.Maestros.OPENRIA.vbproj", "{879EACCE-37B9-42E5-ABED-BA3103850130}"
EndProject
Project("{F184B08F-C81C-45F6-A57F-5ABD9991F28F}") = "A2.DER.Operaciones.OPENRIA", "..\DE\A2.DER.Operaciones.OPENRIA\A2.DER.Operaciones.OPENRIA.vbproj", "{4133B923-FFBE-4BD9-B176-8E498433B065}"
EndProject
Project("{F184B08F-C81C-45F6-A57F-5ABD9991F28F}") = "A2.DER.Ordenes.OPENRIA", "..\DE\A2.DER.Ordenes.OPENRIA\A2.DER.Ordenes.OPENRIA.vbproj", "{8813D0A7-8AA1-492C-BB9A-380E30BF0E02}"
EndProject
Project("{F184B08F-C81C-45F6-A57F-5ABD9991F28F}") = "A2.DER.Maestros.WPF", "..\DE\A2.DER.Maestros.WPF\A2.DER.Maestros.WPF.vbproj", "{7D0F88A0-07AF-47E0-80D9-4B471576F07A}"
EndProject
Project("{F184B08F-C81C-45F6-A57F-5ABD9991F28F}") = "A2.DER.Operaciones.WPF", "..\DE\A2.DER.Operaciones.WPF\A2.DER.Operaciones.WPF.vbproj", "{D2272C28-E6A3-4AC4-9892-E11C08072B84}"
EndProject
Project("{F184B08F-C81C-45F6-A57F-5ABD9991F28F}") = "A2.DER.Ordenes.WPF", "..\DE\A2.DER.Ordenes.WPF\A2.DER.Ordenes.WPF.vbproj", "{E46F5EF7-1683-4039-8A6B-DC6C3E400685}"
EndProject
Project("{2150E333-8FDC-42A3-9474-1A3956D46DE8}") = "_OPENRIA", "_OPENRIA", "{6FE8A62E-881F-4095-9F5E-4B32A6DDBC76}"
EndProject
Project("{F184B08F-C81C-45F6-A57F-5ABD9991F28F}") = "A2.FormulariosDivisas.WPF.OPENRIA", "..\DI\A2.FormulariosDivisas.WPF.OPENRIA\A2.FormulariosDivisas.WPF.OPENRIA.vbproj", "{0AA09104-8B89-4F64-A7B3-128677855F35}"
EndProject
Project("{F184B08F-C81C-45F6-A57F-5ABD9991F28F}") = "A2.OrdenesDivisas.WPF.OPENRIA", "..\DI\A2.OrdenesDivisas.WPF.OPENRIA\A2.OrdenesDivisas.WPF.OPENRIA.vbproj", "{F91D97D1-6FC5-4625-9C6B-56CECB68C6F6}"
EndProject
Project("{F184B08F-C81C-45F6-A57F-5ABD9991F28F}") = "A2.FormulariosDivisas.WPF", "..\DI\A2.FormulariosDivisas.WPF\A2.FormulariosDivisas.WPF.vbproj", "{D17C2147-8FE8-4D7F-B4CF-F2363A349548}"
EndProject
Project("{F184B08F-C81C-45F6-A57F-5ABD9991F28F}") = "A2.OrdenesDivisas.WPF", "..\DI\A2.OrdenesDivisas.WPF\A2.OrdenesDivisas.WPF.vbproj", "{E761D702-9CF2-4FB3-A739-871B845FD2BC}"
EndProject
Project("{F184B08F-C81C-45F6-A57F-5ABD9991F28F}") = "FormulariosDiv", "..\DI\FormulariosDiv\FormulariosDiv.vbproj", "{F87C3934-6094-423E-A4AB-7307E09CDDB1}"
EndProject
Project("{2150E333-8FDC-42A3-9474-1A3956D46DE8}") = "_OPENRIA", "_OPENRIA", "{6F686801-CD81-4F56-B563-0234FEA26561}"
EndProject
Project("{F184B08F-C81C-45F6-A57F-5ABD9991F28F}") = "A2.CF.OPENRIA.Utilidades", "..\GEN\A2.CF.OPENRIA.Utilidades\A2.CF.OPENRIA.Utilidades.vbproj", "{5A402240-A950-4518-838D-12537970CC39}"
EndProject
Project("{F184B08F-C81C-45F6-A57F-5ABD9991F28F}") = "A2.Ordenes.WPF.OPENRIA", "..\GEN\A2.Ordenes.WPF.OPENRIA\A2.Ordenes.WPF.OPENRIA.vbproj", "{3F94BA53-8311-4ED2-99F2-85A43D19B468}"
EndProject
Project("{F184B08F-C81C-45F6-A57F-5ABD9991F28F}") = "A2.OyD.OYDServer.OpenRIA.Importaciones", "..\GEN\A2.OyD.OYDServer.OpenRIA.Importaciones\A2.OyD.OYDServer.OpenRIA.Importaciones.vbproj", "{45B91BD5-BB74-4D3C-BB46-9C7198CA5E9D}"
EndProject
Project("{F184B08F-C81C-45F6-A57F-5ABD9991F28F}") = "A2.OyD.OYDServer.OpenRIA.Utilidades", "..\GEN\A2.OyD.OYDServer.OpenRIA.Utilidades\A2.OyD.OYDServer.OpenRIA.Utilidades.vbproj", "{7AFAC1F9-DAFF-4FD6-A91C-48136677B64F}"
EndProject
Project("{F184B08F-C81C-45F6-A57F-5ABD9991F28F}") = "A2.Personas.WPF.OPENRIA", "..\GEN\A2.Personas.WPF.OPENRIA\A2.Personas.WPF.OPENRIA.vbproj", "{BF8934B9-2624-4092-8066-8423B0C47586}"
EndProject
Project("{F184B08F-C81C-45F6-A57F-5ABD9991F28F}") = "A2.Ordenes.WPF", "..\GEN\A2.Ordenes.WPF\A2.Ordenes.WPF.vbproj", "{9829AB69-319C-44D5-8B1F-C399C87052EF}"
EndProject
Project("{F184B08F-C81C-45F6-A57F-5ABD9991F28F}") = "A2.OYD.Control.WPF", "..\GEN\A2.OYD.Control.WPF\A2.OYD.Control.WPF.vbproj", "{A0203E7F-1B02-4902-9275-B8CEA1553D93}"
EndProject
Project("{F184B08F-C81C-45F6-A57F-5ABD9991F28F}") = "A2.OyD.Importaciones.WPF", "..\GEN\A2.OyD.Importaciones.WPF\A2.OyD.Importaciones.WPF.vbproj", "{C5C8D81C-9840-4FD9-9C7D-385961D1102C}"
EndProject
Project("{F184B08F-C81C-45F6-A57F-5ABD9991F28F}") = "A2.OyD.Infraestructura.WPF", "..\GEN\A2.OyD.Infraestructura.WPF\A2.OyD.Infraestructura.WPF.vbproj", "{09BA7C8C-5268-4721-84DB-AE19684136A4}"
EndProject
Project("{F184B08F-C81C-45F6-A57F-5ABD9991F28F}") = "A2.Personas.WPF", "..\GEN\A2.Personas.WPF\A2.Personas.WPF.vbproj", "{91F27AF1-0D83-452A-A121-736F1873C783}"
EndProject
Project("{F184B08F-C81C-45F6-A57F-5ABD9991F28F}") = "A2.Utilidades.Controles.WPF", "..\GEN\A2.Utilidades.Controles.WPF\A2.Utilidades.Controles.WPF.vbproj", "{C718B055-83F3-49E6-BC98-DE6BE461857E}"
EndProject
Project("{2150E333-8FDC-42A3-9474-1A3956D46DE8}") = "_OPENRIA", "_OPENRIA", "{6F51FFE4-76D3-4160-89CE-243807FE2272}"
EndProject
Project("{F184B08F-C81C-45F6-A57F-5ABD9991F28F}") = "A2.OyD.OYDServer.OPENRIA.Bolsa", "..\NET\A2.OyD.OYDServer.OPENRIA.Bolsa\A2.OyD.OYDServer.OPENRIA.Bolsa.vbproj", "{E928A897-6DA5-425E-B41B-E8EFADF1F3E0}"
EndProject
Project("{F184B08F-C81C-45F6-A57F-5ABD9991F28F}") = "A2.OyD.OYDServer.OPENRIA.CitiBank", "..\NET\A2.OyD.OYDServer.OPENRIA.CitiBank\A2.OyD.OYDServer.OPENRIA.CitiBank.vbproj", "{2D5D5A84-E70F-44A0-AD72-76BE333545E2}"
EndProject
Project("{F184B08F-C81C-45F6-A57F-5ABD9991F28F}") = "A2.OyD.OYDServer.OPENRIA.Clientes", "..\NET\A2.OyD.OYDServer.OPENRIA.Clientes\A2.OyD.OYDServer.OPENRIA.Clientes.vbproj", "{8E8B62B8-4003-4F2B-9862-2A510F7A80C6}"
EndProject
Project("{F184B08F-C81C-45F6-A57F-5ABD9991F28F}") = "A2.OyD.OYDServer.OPENRIA.Maestros", "..\NET\A2.OyD.OYDServer.OPENRIA.Maestros\A2.OyD.OYDServer.OPENRIA.Maestros.vbproj", "{970B2DB1-B5D3-4EED-8BAB-5283CB663BF6}"
EndProject
Project("{F184B08F-C81C-45F6-A57F-5ABD9991F28F}") = "A2.OyD.OYDServer.OPENRIA.MILA", "..\NET\A2.OyD.OYDServer.OPENRIA.MILA\A2.OyD.OYDServer.OPENRIA.MILA.vbproj", "{B2D574EC-F347-4754-8182-16A74A1819DF}"
EndProject
Project("{F184B08F-C81C-45F6-A57F-5ABD9991F28F}") = "A2.OyD.OYDServer.OPENRIA.Operaciones", "..\NET\A2.OyD.OYDServer.OPENRIA.Operaciones\A2.OyD.OYDServer.OPENRIA.Operaciones.vbproj", "{2E6F1A01-16ED-4AC8-9832-832ABF373050}"
EndProject
Project("{F184B08F-C81C-45F6-A57F-5ABD9991F28F}") = "A2.OyD.OYDServer.OPENRIA.Ordenes", "..\NET\A2.OyD.OYDServer.OPENRIA.Ordenes\A2.OyD.OYDServer.OPENRIA.Ordenes.vbproj", "{3BDCD0C1-3BA1-437D-868B-644176E0CEFA}"
EndProject
Project("{F184B08F-C81C-45F6-A57F-5ABD9991F28F}") = "A2.OyD.OYDServer.OPENRIA.OTC", "..\NET\A2.OyD.OYDServer.OPENRIA.OTC\A2.OyD.OYDServer.OPENRIA.OTC.vbproj", "{3A0C494D-CB97-41D9-9A29-557E33D96E5B}"
EndProject
Project("{F184B08F-C81C-45F6-A57F-5ABD9991F28F}") = "A2.OyD.OYDServer.OPENRIA.Tesoreria", "..\NET\A2.OyD.OYDServer.OPENRIA.Tesoreria\A2.OyD.OYDServer.OPENRIA.Tesoreria.vbproj", "{B462F25D-ED34-4C06-A64C-3D1667A9E6BD}"
EndProject
Project("{F184B08F-C81C-45F6-A57F-5ABD9991F28F}") = "A2.OyD.OYDServer.OPENRIA.Yankees", "..\NET\A2.OyD.OYDServer.OPENRIA.Yankees\A2.OyD.OYDServer.OPENRIA.Yankees.vbproj", "{96A107D5-3A6C-4EE5-AC9A-9458787E5F41}"
EndProject
Project("{F184B08F-C81C-45F6-A57F-5ABD9991F28F}") = "A2.OyD.Bolsa.WPF", "..\NET\A2.OyD.Bolsa.WPF\A2.OyD.Bolsa.WPF.vbproj", "{C3845CC3-138B-4014-A0CC-7C7F98E912BD}"
EndProject
Project("{F184B08F-C81C-45F6-A57F-5ABD9991F28F}") = "A2.OyD.CitiBank.WPF", "..\NET\A2.OyD.CitiBank.WPF\A2.OyD.CitiBank.WPF.vbproj", "{BF8E7C5C-9985-450E-ABB3-2ACD9EB39E4F}"
EndProject
Project("{F184B08F-C81C-45F6-A57F-5ABD9991F28F}") = "A2.OyD.Clientes.WPF", "..\NET\A2.OyD.Clientes.WPF\A2.OyD.Clientes.WPF.vbproj", "{1D52481E-B64A-4EE6-B992-A7423CD512AA}"
EndProject
Project("{F184B08F-C81C-45F6-A57F-5ABD9991F28F}") = "A2.OyD.ImprimirCheques", "..\NET\A2.OyD.ImprimirCheques\A2.OyD.ImprimirCheques.vbproj", "{E3DE4C8A-B965-4F47-BE3D-4532E8D97138}"
EndProject
Project("{F184B08F-C81C-45F6-A57F-5ABD9991F28F}") = "A2.OyD.Maestros.WPF", "..\NET\A2.OyD.Maestros.WPF\A2.OyD.Maestros.WPF.vbproj", "{38061E4F-3F38-4F5E-9DC7-088C199ABBAF}"
EndProject
Project("{F184B08F-C81C-45F6-A57F-5ABD9991F28F}") = "A2.OyD.MI.WPF", "..\NET\A2.OyD.MI.WPF\A2.OyD.MI.WPF.vbproj", "{7682BAAC-C86F-470E-A016-B4905B666EF5}"
EndProject
Project("{F184B08F-C81C-45F6-A57F-5ABD9991F28F}") = "A2.OyD.Operaciones.WPF", "..\NET\A2.OyD.Operaciones.WPF\A2.OyD.Operaciones.WPF.vbproj", "{22C63A6D-3D22-436B-BC95-33A559C42573}"
EndProject
Project("{F184B08F-C81C-45F6-A57F-5ABD9991F28F}") = "A2.OyD.Ordenes.WPF", "..\NET\A2.OyD.Ordenes.WPF\A2.OyD.Ordenes.WPF.vbproj", "{18D6FA4D-D5D6-4A9B-A932-B2F18419E45A}"
EndProject
Project("{F184B08F-C81C-45F6-A57F-5ABD9991F28F}") = "A2.OyD.OTC.WPF", "..\NET\A2.OyD.OTC.WPF\A2.OyD.OTC.WPF.vbproj", "{EFBE80CC-D601-49D1-A6FC-F32011E4A2BB}"
EndProject
Project("{F184B08F-C81C-45F6-A57F-5ABD9991F28F}") = "A2.OyD.Tesoreria.WPF", "..\NET\A2.OyD.Tesoreria.WPF\A2.OyD.Tesoreria.WPF.vbproj", "{0C07D8F0-69EB-4EAE-BF01-355E8F4F5682}"
EndProject
Project("{F184B08F-C81C-45F6-A57F-5ABD9991F28F}") = "A2.OyD.Utilidades.WPF", "..\NET\A2.OyD.Utilidades.WPF\A2.OyD.Utilidades.WPF.vbproj", "{17D5FB46-4E00-4DF0-953A-36B26F696681}"
EndProject
Project("{F184B08F-C81C-45F6-A57F-5ABD9991F28F}") = "A2.OyD.Yankees.WPF", "..\NET\A2.OyD.Yankees.WPF\A2.OyD.Yankees.WPF.vbproj", "{2C53724A-34EC-4EA1-A3EB-5EEA42EB8B59}"
EndProject
Project("{2150E333-8FDC-42A3-9474-1A3956D46DE8}") = "_OPENRIA", "_OPENRIA", "{949EED77-C6BA-4F7F-AF82-127BF86A9F73}"
EndProject
Project("{F184B08F-C81C-45F6-A57F-5ABD9991F28F}") = "A2.OyD.OYDServer.OPENRIA.PLUSDeceval", "..\PLUS\A2.OyD.OYDServer.OPENRIA.PLUSDeceval\A2.OyD.OYDServer.OPENRIA.PLUSDeceval.vbproj", "{2C538BC3-A5D2-4B7F-A9C6-00ADE3FC0AEE}"
EndProject
Project("{F184B08F-C81C-45F6-A57F-5ABD9991F28F}") = "A2.OyD.OYDServer.OPENRIA.PLUSGarantias", "..\PLUS\A2.OyD.OYDServer.OPENRIA.PLUSGarantias\A2.OyD.OYDServer.OPENRIA.PLUSGarantias.vbproj", "{BF617225-B57C-4A35-9620-140687B71AF4}"
EndProject
Project("{F184B08F-C81C-45F6-A57F-5ABD9991F28F}") = "A2.OyD.OYDServer.OPENRIA.PLUSMaestros", "..\PLUS\A2.OyD.OYDServer.OPENRIA.PLUSMaestros\A2.OyD.OYDServer.OPENRIA.PLUSMaestros.vbproj", "{5B8D04D7-C45B-427C-88BC-CA4F5F8D0A75}"
EndProject
Project("{F184B08F-C81C-45F6-A57F-5ABD9991F28F}") = "A2.OyD.OYDServer.OPENRIA.PLUSOrd", "..\PLUS\A2.OyD.OYDServer.OPENRIA.PLUSOrd\A2.OyD.OYDServer.OPENRIA.PLUSOrd.vbproj", "{E64D28D7-E4BE-4ACD-9DED-F76358F39797}"
EndProject
Project("{F184B08F-C81C-45F6-A57F-5ABD9991F28F}") = "A2.OyD.OYDServer.OPENRIA.PLUSOrdenesBolsa", "..\PLUS\A2.OyD.OYDServer.OPENRIA.PLUSOrdenesBolsa\A2.OyD.OYDServer.OPENRIA.PLUSOrdenesBolsa.vbproj", "{6F6D8B9D-3202-4F7D-A6D5-86197DD85EA6}"
EndProject
Project("{F184B08F-C81C-45F6-A57F-5ABD9991F28F}") = "A2.OyD.OYDServer.OPENRIA.PLUSOrdenesDerivados", "..\PLUS\A2.OyD.OYDServer.OPENRIA.PLUSOrdenesDerivados\A2.OyD.OYDServer.OPENRIA.PLUSOrdenesDerivados.vbproj", "{2611BB58-899E-407C-9E93-2DAEFAEE7A16}"
EndProject
Project("{F184B08F-C81C-45F6-A57F-5ABD9991F28F}") = "A2.OyD.OYDServer.OPENRIA.PLUSOrdenesDivisas", "..\PLUS\A2.OyD.OYDServer.OPENRIA.PLUSOrdenesDivisas\A2.OyD.OYDServer.OPENRIA.PLUSOrdenesDivisas.vbproj", "{3ECB3F61-6339-4409-A770-3F724D10EA55}"
EndProject
Project("{F184B08F-C81C-45F6-A57F-5ABD9991F28F}") = "A2.OyD.OYDServer.OPENRIA.PLUSOrdenesOF", "..\PLUS\A2.OyD.OYDServer.OPENRIA.PLUSOrdenesOF\A2.OyD.OYDServer.OPENRIA.PLUSOrdenesOF.vbproj", "{0E37C302-7EA8-402E-9B82-7582E6DE1BB0}"
EndProject
Project("{F184B08F-C81C-45F6-A57F-5ABD9991F28F}") = "A2.OyD.OYDServer.OPENRIA.PLUSTesoreria", "..\PLUS\A2.OyD.OYDServer.OPENRIA.PLUSTesoreria\A2.OyD.OYDServer.OPENRIA.PLUSTesoreria.vbproj", "{C25E8BD4-B9D7-407E-9CC8-AA96BC64D6E5}"
EndProject
Project("{F184B08F-C81C-45F6-A57F-5ABD9991F28F}") = "A2.OyD.OYDServer.OPENRIA.PLUSUtil", "..\PLUS\A2.OyD.OYDServer.OPENRIA.PLUSUtil\A2.OyD.OYDServer.OPENRIA.PLUSUtil.vbproj", "{86FB3A1F-706B-419B-9806-96A3D23E7C50}"
EndProject
Project("{F184B08F-C81C-45F6-A57F-5ABD9991F28F}") = "A2.OyD.OYDServer.OPENRIA.PlusUtilidades", "..\PLUS\A2.OyD.OYDServer.OPENRIA.PlusUtilidades\A2.OyD.OYDServer.OPENRIA.PlusUtilidades.vbproj", "{0385B147-C370-40CC-936F-D5B98FDBF63E}"
EndProject
Project("{F184B08F-C81C-45F6-A57F-5ABD9991F28F}") = "A2.OyD.PLUSDeceval.WPF", "..\PLUS\A2.OyD.PLUSDeceval.WPF\A2.OyD.PLUSDeceval.WPF.vbproj", "{C3A73405-5B24-4BED-9B29-3EB5EB5C4FD1}"
EndProject
Project("{F184B08F-C81C-45F6-A57F-5ABD9991F28F}") = "A2.OyD.PLUSGarantias.WPF", "..\PLUS\A2.OyD.PLUSGarantias.WPF\A2.OyD.PLUSGarantias.WPF.vbproj", "{D00E54B8-F84F-4B04-9815-F8D372AD42CE}"
EndProject
Project("{F184B08F-C81C-45F6-A57F-5ABD9991F28F}") = "A2.OyD.PLUSMaestros.WPF", "..\PLUS\A2.OyD.PLUSMaestros.WPF\A2.OyD.PLUSMaestros.WPF.vbproj", "{9116891C-2FCA-4B46-9D6E-608450D78BCE}"
EndProject
Project("{F184B08F-C81C-45F6-A57F-5ABD9991F28F}") = "A2.OyD.PLUSOrdenes.WPF", "..\PLUS\A2.OyD.PLUSOrdenes.WPF\A2.OyD.PLUSOrdenes.WPF.vbproj", "{D231D1DE-DA8F-4D2B-85BF-D6C035C6FA7D}"
EndProject
Project("{F184B08F-C81C-45F6-A57F-5ABD9991F28F}") = "A2.OyD.PLUSOrdenesBolsa.WPF", "..\PLUS\A2.OyD.PLUSOrdenesBolsa.WPF\A2.OyD.PLUSOrdenesBolsa.WPF.vbproj", "{E322AAF0-EF8C-440F-BBD7-1F6A0D550CC9}"
EndProject
Project("{F184B08F-C81C-45F6-A57F-5ABD9991F28F}") = "A2.OyD.PLUSOrdenesDerivados.WPF", "..\PLUS\A2.OyD.PLUSOrdenesDerivados.WPF\A2.OyD.PLUSOrdenesDerivados.WPF.vbproj", "{53B60151-6DF6-4FED-96B4-0F936BF3E198}"
EndProject
Project("{F184B08F-C81C-45F6-A57F-5ABD9991F28F}") = "A2.OyD.PLUSOrdenesDivisas.WPF", "..\PLUS\A2.OyD.PLUSOrdenesDivisas.WPF\A2.OyD.PLUSOrdenesDivisas.WPF.vbproj", "{32E06D46-8720-4AFC-B0A1-EE1DDEB111AC}"
EndProject
Project("{F184B08F-C81C-45F6-A57F-5ABD9991F28F}") = "A2.OyD.PLUSOrdenesOF.WPF", "..\PLUS\A2.OyD.PLUSOrdenesOF.WPF\A2.OyD.PLUSOrdenesOF.WPF.vbproj", "{9105DEA0-3A1E-4A70-BF45-1A458A7F17BC}"
EndProject
Project("{F184B08F-C81C-45F6-A57F-5ABD9991F28F}") = "A2.OyD.PLUSTesoreria.WPF", "..\PLUS\A2.OyD.PLUSTesoreria.WPF\A2.OyD.PLUSTesoreria.WPF.vbproj", "{697E19B1-AB70-4BAB-8E26-822855EE50FC}"
EndProject
Project("{F184B08F-C81C-45F6-A57F-5ABD9991F28F}") = "A2.OyD.PLUSUtilidades.WPF", "..\PLUS\A2.OyD.PLUSUtilidades.WPF\A2.OyD.PLUSUtilidades.WPF.vbproj", "{A7466C41-23DE-4E8A-88FA-B47335F21AE7}"
EndProject
Project("{F184B08F-C81C-45F6-A57F-5ABD9991F28F}") = "A2.OyD.VisorOrdenSeteador", "..\PLUS\A2.OyD.VisorOrdenSeteador_WPF\A2.OyD.VisorOrdenSeteador.vbproj", "{35217F95-C278-4FD8-8CEB-DBCE54D3779D}"
EndProject
Project("{2150E333-8FDC-42A3-9474-1A3956D46DE8}") = "_OPENRIA", "_OPENRIA", "{545B75D3-8B36-4471-A789-3B246360B79C}"
EndProject
Project("{F184B08F-C81C-45F6-A57F-5ABD9991F28F}") = "A2.Riesgos.OPENRIA", "..\RI\A2.Riesgos.OPENRIA\A2.Riesgos.OPENRIA.vbproj", "{20EA9891-BBDE-4553-B889-8C9AE4070F80}"
EndProject
Project("{F184B08F-C81C-45F6-A57F-5ABD9991F28F}") = "A2.Riesgos.WPF", "..\RI\A2.Riesgos.WPF\A2.Riesgos.WPF.vbproj", "{B548B0C8-6E37-4592-9D5B-7D859BA1E484}"
EndProject
Project("{F184B08F-C81C-45F6-A57F-5ABD9991F28F}") = "A2.Consola.WPF", "..\_Consola\A2.Consola.WPF\A2.Consola.WPF.vbproj", "{111D3975-597B-4E8F-A7F7-C60A11FB20FA}"
EndProject
Project("{2150E333-8FDC-42A3-9474-1A3956D46DE8}") = "PLAT", "PLAT", "{3CA7F55E-A2A9-4394-B9B5-5D898C99B52F}"
EndProject
Project("{2150E333-8FDC-42A3-9474-1A3956D46DE8}") = "_OPENRIA", "_OPENRIA", "{7CD76656-B223-4838-94A3-0486BC3D6037}"
EndProject
Project("{F184B08F-C81C-45F6-A57F-5ABD9991F28F}") = "A2.PLAT.Maestros.OPENRIA", "..\PLAT\A2.PLAT.Maestros.OPENRIA\A2.PLAT.Maestros.OPENRIA.vbproj", "{4762FBA6-2BCA-464C-AD85-4F9B7EFE7CED}"
EndProject
Project("{F184B08F-C81C-45F6-A57F-5ABD9991F28F}") = "A2.PLAT.Maestros.WPF", "..\PLAT\A2.PLAT.Maestros.WPF\A2.PLAT.Maestros.WPF.vbproj", "{1B4E825C-3FEB-4868-87C3-F8F32F0AE038}"
EndProject
Project("{F184B08F-C81C-45F6-A57F-5ABD9991F28F}") = "A2.PLAT.Preordenes.OPENRIA", "..\PLAT\A2.PLAT.Preordenes.OPENRIA\A2.PLAT.Preordenes.OPENRIA.vbproj", "{34F08735-3473-424D-A49C-930D1CC3C546}"
EndProject
Project("{F184B08F-C81C-45F6-A57F-5ABD9991F28F}") = "A2.PLAT.Preordenes.WPF", "..\PLAT\A2.PLAT.Preordenes.WPF\A2.PLAT.Preordenes.WPF.vbproj", "{0AF470B3-F7D8-456E-A58B-3E6E25F44962}"
EndProject
Global
	GlobalSection(SolutionConfigurationPlatforms) = preSolution
		Debug|Any CPU = Debug|Any CPU
		Release|Any CPU = Release|Any CPU
	EndGlobalSection
	GlobalSection(ProjectConfigurationPlatforms) = postSolution
		{88AA6F81-9A92-48CF-B76B-3562E8F90E21}.Debug|Any CPU.ActiveCfg = Debug|Any CPU
		{88AA6F81-9A92-48CF-B76B-3562E8F90E21}.Debug|Any CPU.Build.0 = Debug|Any CPU
		{88AA6F81-9A92-48CF-B76B-3562E8F90E21}.Release|Any CPU.ActiveCfg = Release|Any CPU
		{88AA6F81-9A92-48CF-B76B-3562E8F90E21}.Release|Any CPU.Build.0 = Release|Any CPU
		{EDEAB983-2EF6-4C59-8CA1-76ADF33E0F29}.Debug|Any CPU.ActiveCfg = Debug|Any CPU
		{EDEAB983-2EF6-4C59-8CA1-76ADF33E0F29}.Debug|Any CPU.Build.0 = Debug|Any CPU
		{EDEAB983-2EF6-4C59-8CA1-76ADF33E0F29}.Release|Any CPU.ActiveCfg = Release|Any CPU
		{EDEAB983-2EF6-4C59-8CA1-76ADF33E0F29}.Release|Any CPU.Build.0 = Release|Any CPU
		{9D0D278F-287D-4252-AD51-84A1EB27DD9D}.Debug|Any CPU.ActiveCfg = Debug|Any CPU
		{9D0D278F-287D-4252-AD51-84A1EB27DD9D}.Debug|Any CPU.Build.0 = Debug|Any CPU
		{9D0D278F-287D-4252-AD51-84A1EB27DD9D}.Release|Any CPU.ActiveCfg = Release|Any CPU
		{9D0D278F-287D-4252-AD51-84A1EB27DD9D}.Release|Any CPU.Build.0 = Release|Any CPU
		{9BB45B3A-AB01-46A7-BF93-3263A9FD27AF}.Debug|Any CPU.ActiveCfg = Debug|Any CPU
		{9BB45B3A-AB01-46A7-BF93-3263A9FD27AF}.Debug|Any CPU.Build.0 = Debug|Any CPU
		{9BB45B3A-AB01-46A7-BF93-3263A9FD27AF}.Release|Any CPU.ActiveCfg = Release|Any CPU
		{9BB45B3A-AB01-46A7-BF93-3263A9FD27AF}.Release|Any CPU.Build.0 = Release|Any CPU
		{90D3081B-7122-4DBB-B508-0E51B7F681AC}.Debug|Any CPU.ActiveCfg = Debug|Any CPU
		{90D3081B-7122-4DBB-B508-0E51B7F681AC}.Debug|Any CPU.Build.0 = Debug|Any CPU
		{90D3081B-7122-4DBB-B508-0E51B7F681AC}.Release|Any CPU.ActiveCfg = Release|Any CPU
		{90D3081B-7122-4DBB-B508-0E51B7F681AC}.Release|Any CPU.Build.0 = Release|Any CPU
		{63EB44F6-9D01-43FA-9D5F-2B88B7735CA8}.Debug|Any CPU.ActiveCfg = Debug|Any CPU
		{63EB44F6-9D01-43FA-9D5F-2B88B7735CA8}.Debug|Any CPU.Build.0 = Debug|Any CPU
		{63EB44F6-9D01-43FA-9D5F-2B88B7735CA8}.Release|Any CPU.ActiveCfg = Release|Any CPU
		{63EB44F6-9D01-43FA-9D5F-2B88B7735CA8}.Release|Any CPU.Build.0 = Release|Any CPU
		{84C468DC-F2FD-4B67-940A-EC144B724CB2}.Debug|Any CPU.ActiveCfg = Debug|Any CPU
		{84C468DC-F2FD-4B67-940A-EC144B724CB2}.Debug|Any CPU.Build.0 = Debug|Any CPU
		{84C468DC-F2FD-4B67-940A-EC144B724CB2}.Release|Any CPU.ActiveCfg = Release|Any CPU
		{84C468DC-F2FD-4B67-940A-EC144B724CB2}.Release|Any CPU.Build.0 = Release|Any CPU
		{0957B698-9B2A-4368-8C7A-B9DAC1512A38}.Debug|Any CPU.ActiveCfg = Debug|Any CPU
		{0957B698-9B2A-4368-8C7A-B9DAC1512A38}.Debug|Any CPU.Build.0 = Debug|Any CPU
		{0957B698-9B2A-4368-8C7A-B9DAC1512A38}.Release|Any CPU.ActiveCfg = Release|Any CPU
		{0957B698-9B2A-4368-8C7A-B9DAC1512A38}.Release|Any CPU.Build.0 = Release|Any CPU
		{2E3D82C8-AF2B-41FE-9164-F425A902F01C}.Debug|Any CPU.ActiveCfg = Debug|Any CPU
		{2E3D82C8-AF2B-41FE-9164-F425A902F01C}.Debug|Any CPU.Build.0 = Debug|Any CPU
		{2E3D82C8-AF2B-41FE-9164-F425A902F01C}.Release|Any CPU.ActiveCfg = Release|Any CPU
		{2E3D82C8-AF2B-41FE-9164-F425A902F01C}.Release|Any CPU.Build.0 = Release|Any CPU
		{639D0C18-F087-453D-BE4D-E50C4FC1B2F1}.Debug|Any CPU.ActiveCfg = Debug|Any CPU
		{639D0C18-F087-453D-BE4D-E50C4FC1B2F1}.Debug|Any CPU.Build.0 = Debug|Any CPU
		{639D0C18-F087-453D-BE4D-E50C4FC1B2F1}.Release|Any CPU.ActiveCfg = Release|Any CPU
		{639D0C18-F087-453D-BE4D-E50C4FC1B2F1}.Release|Any CPU.Build.0 = Release|Any CPU
		{A396BC7C-FAC4-4114-91E1-9487CB4136F2}.Debug|Any CPU.ActiveCfg = Debug|Any CPU
		{A396BC7C-FAC4-4114-91E1-9487CB4136F2}.Debug|Any CPU.Build.0 = Debug|Any CPU
		{A396BC7C-FAC4-4114-91E1-9487CB4136F2}.Release|Any CPU.ActiveCfg = Release|Any CPU
		{A396BC7C-FAC4-4114-91E1-9487CB4136F2}.Release|Any CPU.Build.0 = Release|Any CPU
		{04F62C5E-1EC3-4B3F-AF1E-1D2C88867598}.Debug|Any CPU.ActiveCfg = Debug|Any CPU
		{04F62C5E-1EC3-4B3F-AF1E-1D2C88867598}.Debug|Any CPU.Build.0 = Debug|Any CPU
		{04F62C5E-1EC3-4B3F-AF1E-1D2C88867598}.Release|Any CPU.ActiveCfg = Release|Any CPU
		{04F62C5E-1EC3-4B3F-AF1E-1D2C88867598}.Release|Any CPU.Build.0 = Release|Any CPU
		{FDDAB9D6-B88C-4CA9-B987-83FB1EF22868}.Debug|Any CPU.ActiveCfg = Debug|Any CPU
		{FDDAB9D6-B88C-4CA9-B987-83FB1EF22868}.Debug|Any CPU.Build.0 = Debug|Any CPU
		{FDDAB9D6-B88C-4CA9-B987-83FB1EF22868}.Release|Any CPU.ActiveCfg = Release|Any CPU
		{FDDAB9D6-B88C-4CA9-B987-83FB1EF22868}.Release|Any CPU.Build.0 = Release|Any CPU
		{CE0D10B4-2B87-4C0D-B4A8-E9117A3D397C}.Debug|Any CPU.ActiveCfg = Debug|Any CPU
		{CE0D10B4-2B87-4C0D-B4A8-E9117A3D397C}.Debug|Any CPU.Build.0 = Debug|Any CPU
		{CE0D10B4-2B87-4C0D-B4A8-E9117A3D397C}.Release|Any CPU.ActiveCfg = Release|Any CPU
		{CE0D10B4-2B87-4C0D-B4A8-E9117A3D397C}.Release|Any CPU.Build.0 = Release|Any CPU
		{F4CD4E19-34E9-4FC0-9BF7-698A488A2108}.Debug|Any CPU.ActiveCfg = Debug|Any CPU
		{F4CD4E19-34E9-4FC0-9BF7-698A488A2108}.Debug|Any CPU.Build.0 = Debug|Any CPU
		{F4CD4E19-34E9-4FC0-9BF7-698A488A2108}.Release|Any CPU.ActiveCfg = Release|Any CPU
		{F4CD4E19-34E9-4FC0-9BF7-698A488A2108}.Release|Any CPU.Build.0 = Release|Any CPU
		{B5C4DCA7-D187-4FCC-A6BA-38B94A5B6FB0}.Debug|Any CPU.ActiveCfg = Debug|Any CPU
		{B5C4DCA7-D187-4FCC-A6BA-38B94A5B6FB0}.Debug|Any CPU.Build.0 = Debug|Any CPU
		{B5C4DCA7-D187-4FCC-A6BA-38B94A5B6FB0}.Release|Any CPU.ActiveCfg = Release|Any CPU
		{B5C4DCA7-D187-4FCC-A6BA-38B94A5B6FB0}.Release|Any CPU.Build.0 = Release|Any CPU
		{132ACBBB-D26B-47DF-AD20-C6CB05F8F82E}.Debug|Any CPU.ActiveCfg = Debug|Any CPU
		{132ACBBB-D26B-47DF-AD20-C6CB05F8F82E}.Debug|Any CPU.Build.0 = Debug|Any CPU
		{132ACBBB-D26B-47DF-AD20-C6CB05F8F82E}.Release|Any CPU.ActiveCfg = Release|Any CPU
		{132ACBBB-D26B-47DF-AD20-C6CB05F8F82E}.Release|Any CPU.Build.0 = Release|Any CPU
		{41C56B74-3A47-42F9-A2B9-6BE09DD61B86}.Debug|Any CPU.ActiveCfg = Debug|Any CPU
		{41C56B74-3A47-42F9-A2B9-6BE09DD61B86}.Debug|Any CPU.Build.0 = Debug|Any CPU
		{41C56B74-3A47-42F9-A2B9-6BE09DD61B86}.Release|Any CPU.ActiveCfg = Release|Any CPU
		{41C56B74-3A47-42F9-A2B9-6BE09DD61B86}.Release|Any CPU.Build.0 = Release|Any CPU
		{6F9B3272-3A18-495B-AEAE-39E8E52753E3}.Debug|Any CPU.ActiveCfg = Debug|Any CPU
		{6F9B3272-3A18-495B-AEAE-39E8E52753E3}.Debug|Any CPU.Build.0 = Debug|Any CPU
		{6F9B3272-3A18-495B-AEAE-39E8E52753E3}.Release|Any CPU.ActiveCfg = Release|Any CPU
		{6F9B3272-3A18-495B-AEAE-39E8E52753E3}.Release|Any CPU.Build.0 = Release|Any CPU
		{879EACCE-37B9-42E5-ABED-BA3103850130}.Debug|Any CPU.ActiveCfg = Debug|Any CPU
		{879EACCE-37B9-42E5-ABED-BA3103850130}.Debug|Any CPU.Build.0 = Debug|Any CPU
		{879EACCE-37B9-42E5-ABED-BA3103850130}.Release|Any CPU.ActiveCfg = Release|Any CPU
		{879EACCE-37B9-42E5-ABED-BA3103850130}.Release|Any CPU.Build.0 = Release|Any CPU
		{4133B923-FFBE-4BD9-B176-8E498433B065}.Debug|Any CPU.ActiveCfg = Debug|Any CPU
		{4133B923-FFBE-4BD9-B176-8E498433B065}.Debug|Any CPU.Build.0 = Debug|Any CPU
		{4133B923-FFBE-4BD9-B176-8E498433B065}.Release|Any CPU.ActiveCfg = Release|Any CPU
		{4133B923-FFBE-4BD9-B176-8E498433B065}.Release|Any CPU.Build.0 = Release|Any CPU
		{8813D0A7-8AA1-492C-BB9A-380E30BF0E02}.Debug|Any CPU.ActiveCfg = Debug|Any CPU
		{8813D0A7-8AA1-492C-BB9A-380E30BF0E02}.Debug|Any CPU.Build.0 = Debug|Any CPU
		{8813D0A7-8AA1-492C-BB9A-380E30BF0E02}.Release|Any CPU.ActiveCfg = Release|Any CPU
		{8813D0A7-8AA1-492C-BB9A-380E30BF0E02}.Release|Any CPU.Build.0 = Release|Any CPU
		{7D0F88A0-07AF-47E0-80D9-4B471576F07A}.Debug|Any CPU.ActiveCfg = Debug|Any CPU
		{7D0F88A0-07AF-47E0-80D9-4B471576F07A}.Debug|Any CPU.Build.0 = Debug|Any CPU
		{7D0F88A0-07AF-47E0-80D9-4B471576F07A}.Release|Any CPU.ActiveCfg = Release|Any CPU
		{7D0F88A0-07AF-47E0-80D9-4B471576F07A}.Release|Any CPU.Build.0 = Release|Any CPU
		{D2272C28-E6A3-4AC4-9892-E11C08072B84}.Debug|Any CPU.ActiveCfg = Debug|Any CPU
		{D2272C28-E6A3-4AC4-9892-E11C08072B84}.Debug|Any CPU.Build.0 = Debug|Any CPU
		{D2272C28-E6A3-4AC4-9892-E11C08072B84}.Release|Any CPU.ActiveCfg = Release|Any CPU
		{D2272C28-E6A3-4AC4-9892-E11C08072B84}.Release|Any CPU.Build.0 = Release|Any CPU
		{E46F5EF7-1683-4039-8A6B-DC6C3E400685}.Debug|Any CPU.ActiveCfg = Debug|Any CPU
		{E46F5EF7-1683-4039-8A6B-DC6C3E400685}.Debug|Any CPU.Build.0 = Debug|Any CPU
		{E46F5EF7-1683-4039-8A6B-DC6C3E400685}.Release|Any CPU.ActiveCfg = Release|Any CPU
		{E46F5EF7-1683-4039-8A6B-DC6C3E400685}.Release|Any CPU.Build.0 = Release|Any CPU
		{0AA09104-8B89-4F64-A7B3-128677855F35}.Debug|Any CPU.ActiveCfg = Debug|Any CPU
		{0AA09104-8B89-4F64-A7B3-128677855F35}.Debug|Any CPU.Build.0 = Debug|Any CPU
		{0AA09104-8B89-4F64-A7B3-128677855F35}.Release|Any CPU.ActiveCfg = Release|Any CPU
		{0AA09104-8B89-4F64-A7B3-128677855F35}.Release|Any CPU.Build.0 = Release|Any CPU
		{F91D97D1-6FC5-4625-9C6B-56CECB68C6F6}.Debug|Any CPU.ActiveCfg = Debug|Any CPU
		{F91D97D1-6FC5-4625-9C6B-56CECB68C6F6}.Debug|Any CPU.Build.0 = Debug|Any CPU
		{F91D97D1-6FC5-4625-9C6B-56CECB68C6F6}.Release|Any CPU.ActiveCfg = Release|Any CPU
		{F91D97D1-6FC5-4625-9C6B-56CECB68C6F6}.Release|Any CPU.Build.0 = Release|Any CPU
		{D17C2147-8FE8-4D7F-B4CF-F2363A349548}.Debug|Any CPU.ActiveCfg = Debug|Any CPU
		{D17C2147-8FE8-4D7F-B4CF-F2363A349548}.Debug|Any CPU.Build.0 = Debug|Any CPU
		{D17C2147-8FE8-4D7F-B4CF-F2363A349548}.Release|Any CPU.ActiveCfg = Release|Any CPU
		{D17C2147-8FE8-4D7F-B4CF-F2363A349548}.Release|Any CPU.Build.0 = Release|Any CPU
		{E761D702-9CF2-4FB3-A739-871B845FD2BC}.Debug|Any CPU.ActiveCfg = Debug|Any CPU
		{E761D702-9CF2-4FB3-A739-871B845FD2BC}.Debug|Any CPU.Build.0 = Debug|Any CPU
		{E761D702-9CF2-4FB3-A739-871B845FD2BC}.Release|Any CPU.ActiveCfg = Release|Any CPU
		{E761D702-9CF2-4FB3-A739-871B845FD2BC}.Release|Any CPU.Build.0 = Release|Any CPU
		{F87C3934-6094-423E-A4AB-7307E09CDDB1}.Debug|Any CPU.ActiveCfg = Debug|Any CPU
		{F87C3934-6094-423E-A4AB-7307E09CDDB1}.Debug|Any CPU.Build.0 = Debug|Any CPU
		{F87C3934-6094-423E-A4AB-7307E09CDDB1}.Release|Any CPU.ActiveCfg = Release|Any CPU
		{F87C3934-6094-423E-A4AB-7307E09CDDB1}.Release|Any CPU.Build.0 = Release|Any CPU
		{5A402240-A950-4518-838D-12537970CC39}.Debug|Any CPU.ActiveCfg = Debug|Any CPU
		{5A402240-A950-4518-838D-12537970CC39}.Debug|Any CPU.Build.0 = Debug|Any CPU
		{5A402240-A950-4518-838D-12537970CC39}.Release|Any CPU.ActiveCfg = Release|Any CPU
		{5A402240-A950-4518-838D-12537970CC39}.Release|Any CPU.Build.0 = Release|Any CPU
		{3F94BA53-8311-4ED2-99F2-85A43D19B468}.Debug|Any CPU.ActiveCfg = Debug|Any CPU
		{3F94BA53-8311-4ED2-99F2-85A43D19B468}.Debug|Any CPU.Build.0 = Debug|Any CPU
		{3F94BA53-8311-4ED2-99F2-85A43D19B468}.Release|Any CPU.ActiveCfg = Release|Any CPU
		{3F94BA53-8311-4ED2-99F2-85A43D19B468}.Release|Any CPU.Build.0 = Release|Any CPU
		{45B91BD5-BB74-4D3C-BB46-9C7198CA5E9D}.Debug|Any CPU.ActiveCfg = Debug|Any CPU
		{45B91BD5-BB74-4D3C-BB46-9C7198CA5E9D}.Debug|Any CPU.Build.0 = Debug|Any CPU
		{45B91BD5-BB74-4D3C-BB46-9C7198CA5E9D}.Release|Any CPU.ActiveCfg = Release|Any CPU
		{45B91BD5-BB74-4D3C-BB46-9C7198CA5E9D}.Release|Any CPU.Build.0 = Release|Any CPU
		{7AFAC1F9-DAFF-4FD6-A91C-48136677B64F}.Debug|Any CPU.ActiveCfg = Debug|Any CPU
		{7AFAC1F9-DAFF-4FD6-A91C-48136677B64F}.Debug|Any CPU.Build.0 = Debug|Any CPU
		{7AFAC1F9-DAFF-4FD6-A91C-48136677B64F}.Release|Any CPU.ActiveCfg = Release|Any CPU
		{7AFAC1F9-DAFF-4FD6-A91C-48136677B64F}.Release|Any CPU.Build.0 = Release|Any CPU
		{BF8934B9-2624-4092-8066-8423B0C47586}.Debug|Any CPU.ActiveCfg = Debug|Any CPU
		{BF8934B9-2624-4092-8066-8423B0C47586}.Debug|Any CPU.Build.0 = Debug|Any CPU
		{BF8934B9-2624-4092-8066-8423B0C47586}.Release|Any CPU.ActiveCfg = Release|Any CPU
		{BF8934B9-2624-4092-8066-8423B0C47586}.Release|Any CPU.Build.0 = Release|Any CPU
		{9829AB69-319C-44D5-8B1F-C399C87052EF}.Debug|Any CPU.ActiveCfg = Debug|Any CPU
		{9829AB69-319C-44D5-8B1F-C399C87052EF}.Debug|Any CPU.Build.0 = Debug|Any CPU
		{9829AB69-319C-44D5-8B1F-C399C87052EF}.Release|Any CPU.ActiveCfg = Release|Any CPU
		{9829AB69-319C-44D5-8B1F-C399C87052EF}.Release|Any CPU.Build.0 = Release|Any CPU
		{A0203E7F-1B02-4902-9275-B8CEA1553D93}.Debug|Any CPU.ActiveCfg = Debug|Any CPU
		{A0203E7F-1B02-4902-9275-B8CEA1553D93}.Debug|Any CPU.Build.0 = Debug|Any CPU
		{A0203E7F-1B02-4902-9275-B8CEA1553D93}.Release|Any CPU.ActiveCfg = Release|Any CPU
		{A0203E7F-1B02-4902-9275-B8CEA1553D93}.Release|Any CPU.Build.0 = Release|Any CPU
		{C5C8D81C-9840-4FD9-9C7D-385961D1102C}.Debug|Any CPU.ActiveCfg = Debug|Any CPU
		{C5C8D81C-9840-4FD9-9C7D-385961D1102C}.Debug|Any CPU.Build.0 = Debug|Any CPU
		{C5C8D81C-9840-4FD9-9C7D-385961D1102C}.Release|Any CPU.ActiveCfg = Release|Any CPU
		{C5C8D81C-9840-4FD9-9C7D-385961D1102C}.Release|Any CPU.Build.0 = Release|Any CPU
		{09BA7C8C-5268-4721-84DB-AE19684136A4}.Debug|Any CPU.ActiveCfg = Debug|Any CPU
		{09BA7C8C-5268-4721-84DB-AE19684136A4}.Debug|Any CPU.Build.0 = Debug|Any CPU
		{09BA7C8C-5268-4721-84DB-AE19684136A4}.Release|Any CPU.ActiveCfg = Release|Any CPU
		{09BA7C8C-5268-4721-84DB-AE19684136A4}.Release|Any CPU.Build.0 = Release|Any CPU
		{91F27AF1-0D83-452A-A121-736F1873C783}.Debug|Any CPU.ActiveCfg = Debug|Any CPU
		{91F27AF1-0D83-452A-A121-736F1873C783}.Debug|Any CPU.Build.0 = Debug|Any CPU
		{91F27AF1-0D83-452A-A121-736F1873C783}.Release|Any CPU.ActiveCfg = Release|Any CPU
		{91F27AF1-0D83-452A-A121-736F1873C783}.Release|Any CPU.Build.0 = Release|Any CPU
		{C718B055-83F3-49E6-BC98-DE6BE461857E}.Debug|Any CPU.ActiveCfg = Debug|Any CPU
		{C718B055-83F3-49E6-BC98-DE6BE461857E}.Debug|Any CPU.Build.0 = Debug|Any CPU
		{C718B055-83F3-49E6-BC98-DE6BE461857E}.Release|Any CPU.ActiveCfg = Release|Any CPU
		{C718B055-83F3-49E6-BC98-DE6BE461857E}.Release|Any CPU.Build.0 = Release|Any CPU
		{E928A897-6DA5-425E-B41B-E8EFADF1F3E0}.Debug|Any CPU.ActiveCfg = Debug|Any CPU
		{E928A897-6DA5-425E-B41B-E8EFADF1F3E0}.Debug|Any CPU.Build.0 = Debug|Any CPU
		{E928A897-6DA5-425E-B41B-E8EFADF1F3E0}.Release|Any CPU.ActiveCfg = Release|Any CPU
		{E928A897-6DA5-425E-B41B-E8EFADF1F3E0}.Release|Any CPU.Build.0 = Release|Any CPU
		{2D5D5A84-E70F-44A0-AD72-76BE333545E2}.Debug|Any CPU.ActiveCfg = Debug|Any CPU
		{2D5D5A84-E70F-44A0-AD72-76BE333545E2}.Debug|Any CPU.Build.0 = Debug|Any CPU
		{2D5D5A84-E70F-44A0-AD72-76BE333545E2}.Release|Any CPU.ActiveCfg = Release|Any CPU
		{2D5D5A84-E70F-44A0-AD72-76BE333545E2}.Release|Any CPU.Build.0 = Release|Any CPU
		{8E8B62B8-4003-4F2B-9862-2A510F7A80C6}.Debug|Any CPU.ActiveCfg = Debug|Any CPU
		{8E8B62B8-4003-4F2B-9862-2A510F7A80C6}.Debug|Any CPU.Build.0 = Debug|Any CPU
		{8E8B62B8-4003-4F2B-9862-2A510F7A80C6}.Release|Any CPU.ActiveCfg = Release|Any CPU
		{8E8B62B8-4003-4F2B-9862-2A510F7A80C6}.Release|Any CPU.Build.0 = Release|Any CPU
		{970B2DB1-B5D3-4EED-8BAB-5283CB663BF6}.Debug|Any CPU.ActiveCfg = Debug|Any CPU
		{970B2DB1-B5D3-4EED-8BAB-5283CB663BF6}.Debug|Any CPU.Build.0 = Debug|Any CPU
		{970B2DB1-B5D3-4EED-8BAB-5283CB663BF6}.Release|Any CPU.ActiveCfg = Release|Any CPU
		{970B2DB1-B5D3-4EED-8BAB-5283CB663BF6}.Release|Any CPU.Build.0 = Release|Any CPU
		{B2D574EC-F347-4754-8182-16A74A1819DF}.Debug|Any CPU.ActiveCfg = Debug|Any CPU
		{B2D574EC-F347-4754-8182-16A74A1819DF}.Debug|Any CPU.Build.0 = Debug|Any CPU
		{B2D574EC-F347-4754-8182-16A74A1819DF}.Release|Any CPU.ActiveCfg = Release|Any CPU
		{B2D574EC-F347-4754-8182-16A74A1819DF}.Release|Any CPU.Build.0 = Release|Any CPU
		{2E6F1A01-16ED-4AC8-9832-832ABF373050}.Debug|Any CPU.ActiveCfg = Debug|Any CPU
		{2E6F1A01-16ED-4AC8-9832-832ABF373050}.Debug|Any CPU.Build.0 = Debug|Any CPU
		{2E6F1A01-16ED-4AC8-9832-832ABF373050}.Release|Any CPU.ActiveCfg = Release|Any CPU
		{2E6F1A01-16ED-4AC8-9832-832ABF373050}.Release|Any CPU.Build.0 = Release|Any CPU
		{3BDCD0C1-3BA1-437D-868B-644176E0CEFA}.Debug|Any CPU.ActiveCfg = Debug|Any CPU
		{3BDCD0C1-3BA1-437D-868B-644176E0CEFA}.Debug|Any CPU.Build.0 = Debug|Any CPU
		{3BDCD0C1-3BA1-437D-868B-644176E0CEFA}.Release|Any CPU.ActiveCfg = Release|Any CPU
		{3BDCD0C1-3BA1-437D-868B-644176E0CEFA}.Release|Any CPU.Build.0 = Release|Any CPU
		{3A0C494D-CB97-41D9-9A29-557E33D96E5B}.Debug|Any CPU.ActiveCfg = Debug|Any CPU
		{3A0C494D-CB97-41D9-9A29-557E33D96E5B}.Debug|Any CPU.Build.0 = Debug|Any CPU
		{3A0C494D-CB97-41D9-9A29-557E33D96E5B}.Release|Any CPU.ActiveCfg = Release|Any CPU
		{3A0C494D-CB97-41D9-9A29-557E33D96E5B}.Release|Any CPU.Build.0 = Release|Any CPU
		{B462F25D-ED34-4C06-A64C-3D1667A9E6BD}.Debug|Any CPU.ActiveCfg = Debug|Any CPU
		{B462F25D-ED34-4C06-A64C-3D1667A9E6BD}.Debug|Any CPU.Build.0 = Debug|Any CPU
		{B462F25D-ED34-4C06-A64C-3D1667A9E6BD}.Release|Any CPU.ActiveCfg = Release|Any CPU
		{B462F25D-ED34-4C06-A64C-3D1667A9E6BD}.Release|Any CPU.Build.0 = Release|Any CPU
		{96A107D5-3A6C-4EE5-AC9A-9458787E5F41}.Debug|Any CPU.ActiveCfg = Debug|Any CPU
		{96A107D5-3A6C-4EE5-AC9A-9458787E5F41}.Debug|Any CPU.Build.0 = Debug|Any CPU
		{96A107D5-3A6C-4EE5-AC9A-9458787E5F41}.Release|Any CPU.ActiveCfg = Release|Any CPU
		{96A107D5-3A6C-4EE5-AC9A-9458787E5F41}.Release|Any CPU.Build.0 = Release|Any CPU
		{C3845CC3-138B-4014-A0CC-7C7F98E912BD}.Debug|Any CPU.ActiveCfg = Debug|Any CPU
		{C3845CC3-138B-4014-A0CC-7C7F98E912BD}.Debug|Any CPU.Build.0 = Debug|Any CPU
		{C3845CC3-138B-4014-A0CC-7C7F98E912BD}.Release|Any CPU.ActiveCfg = Release|Any CPU
		{C3845CC3-138B-4014-A0CC-7C7F98E912BD}.Release|Any CPU.Build.0 = Release|Any CPU
		{BF8E7C5C-9985-450E-ABB3-2ACD9EB39E4F}.Debug|Any CPU.ActiveCfg = Debug|Any CPU
		{BF8E7C5C-9985-450E-ABB3-2ACD9EB39E4F}.Debug|Any CPU.Build.0 = Debug|Any CPU
		{BF8E7C5C-9985-450E-ABB3-2ACD9EB39E4F}.Release|Any CPU.ActiveCfg = Release|Any CPU
		{BF8E7C5C-9985-450E-ABB3-2ACD9EB39E4F}.Release|Any CPU.Build.0 = Release|Any CPU
		{1D52481E-B64A-4EE6-B992-A7423CD512AA}.Debug|Any CPU.ActiveCfg = Debug|Any CPU
		{1D52481E-B64A-4EE6-B992-A7423CD512AA}.Debug|Any CPU.Build.0 = Debug|Any CPU
		{1D52481E-B64A-4EE6-B992-A7423CD512AA}.Release|Any CPU.ActiveCfg = Release|Any CPU
		{1D52481E-B64A-4EE6-B992-A7423CD512AA}.Release|Any CPU.Build.0 = Release|Any CPU
		{E3DE4C8A-B965-4F47-BE3D-4532E8D97138}.Debug|Any CPU.ActiveCfg = Debug|Any CPU
		{E3DE4C8A-B965-4F47-BE3D-4532E8D97138}.Debug|Any CPU.Build.0 = Debug|Any CPU
		{E3DE4C8A-B965-4F47-BE3D-4532E8D97138}.Release|Any CPU.ActiveCfg = Release|Any CPU
		{E3DE4C8A-B965-4F47-BE3D-4532E8D97138}.Release|Any CPU.Build.0 = Release|Any CPU
		{38061E4F-3F38-4F5E-9DC7-088C199ABBAF}.Debug|Any CPU.ActiveCfg = Debug|Any CPU
		{38061E4F-3F38-4F5E-9DC7-088C199ABBAF}.Debug|Any CPU.Build.0 = Debug|Any CPU
		{38061E4F-3F38-4F5E-9DC7-088C199ABBAF}.Release|Any CPU.ActiveCfg = Release|Any CPU
		{38061E4F-3F38-4F5E-9DC7-088C199ABBAF}.Release|Any CPU.Build.0 = Release|Any CPU
		{7682BAAC-C86F-470E-A016-B4905B666EF5}.Debug|Any CPU.ActiveCfg = Debug|Any CPU
		{7682BAAC-C86F-470E-A016-B4905B666EF5}.Debug|Any CPU.Build.0 = Debug|Any CPU
		{7682BAAC-C86F-470E-A016-B4905B666EF5}.Release|Any CPU.ActiveCfg = Release|Any CPU
		{7682BAAC-C86F-470E-A016-B4905B666EF5}.Release|Any CPU.Build.0 = Release|Any CPU
		{22C63A6D-3D22-436B-BC95-33A559C42573}.Debug|Any CPU.ActiveCfg = Debug|Any CPU
		{22C63A6D-3D22-436B-BC95-33A559C42573}.Debug|Any CPU.Build.0 = Debug|Any CPU
		{22C63A6D-3D22-436B-BC95-33A559C42573}.Release|Any CPU.ActiveCfg = Release|Any CPU
		{22C63A6D-3D22-436B-BC95-33A559C42573}.Release|Any CPU.Build.0 = Release|Any CPU
		{18D6FA4D-D5D6-4A9B-A932-B2F18419E45A}.Debug|Any CPU.ActiveCfg = Debug|Any CPU
		{18D6FA4D-D5D6-4A9B-A932-B2F18419E45A}.Debug|Any CPU.Build.0 = Debug|Any CPU
		{18D6FA4D-D5D6-4A9B-A932-B2F18419E45A}.Release|Any CPU.ActiveCfg = Release|Any CPU
		{18D6FA4D-D5D6-4A9B-A932-B2F18419E45A}.Release|Any CPU.Build.0 = Release|Any CPU
		{EFBE80CC-D601-49D1-A6FC-F32011E4A2BB}.Debug|Any CPU.ActiveCfg = Debug|Any CPU
		{EFBE80CC-D601-49D1-A6FC-F32011E4A2BB}.Debug|Any CPU.Build.0 = Debug|Any CPU
		{EFBE80CC-D601-49D1-A6FC-F32011E4A2BB}.Release|Any CPU.ActiveCfg = Release|Any CPU
		{EFBE80CC-D601-49D1-A6FC-F32011E4A2BB}.Release|Any CPU.Build.0 = Release|Any CPU
		{0C07D8F0-69EB-4EAE-BF01-355E8F4F5682}.Debug|Any CPU.ActiveCfg = Debug|Any CPU
		{0C07D8F0-69EB-4EAE-BF01-355E8F4F5682}.Debug|Any CPU.Build.0 = Debug|Any CPU
		{0C07D8F0-69EB-4EAE-BF01-355E8F4F5682}.Release|Any CPU.ActiveCfg = Release|Any CPU
		{0C07D8F0-69EB-4EAE-BF01-355E8F4F5682}.Release|Any CPU.Build.0 = Release|Any CPU
		{17D5FB46-4E00-4DF0-953A-36B26F696681}.Debug|Any CPU.ActiveCfg = Debug|Any CPU
		{17D5FB46-4E00-4DF0-953A-36B26F696681}.Debug|Any CPU.Build.0 = Debug|Any CPU
		{17D5FB46-4E00-4DF0-953A-36B26F696681}.Release|Any CPU.ActiveCfg = Release|Any CPU
		{17D5FB46-4E00-4DF0-953A-36B26F696681}.Release|Any CPU.Build.0 = Release|Any CPU
		{2C53724A-34EC-4EA1-A3EB-5EEA42EB8B59}.Debug|Any CPU.ActiveCfg = Debug|Any CPU
		{2C53724A-34EC-4EA1-A3EB-5EEA42EB8B59}.Debug|Any CPU.Build.0 = Debug|Any CPU
		{2C53724A-34EC-4EA1-A3EB-5EEA42EB8B59}.Release|Any CPU.ActiveCfg = Release|Any CPU
		{2C53724A-34EC-4EA1-A3EB-5EEA42EB8B59}.Release|Any CPU.Build.0 = Release|Any CPU
		{2C538BC3-A5D2-4B7F-A9C6-00ADE3FC0AEE}.Debug|Any CPU.ActiveCfg = Debug|Any CPU
		{2C538BC3-A5D2-4B7F-A9C6-00ADE3FC0AEE}.Debug|Any CPU.Build.0 = Debug|Any CPU
		{2C538BC3-A5D2-4B7F-A9C6-00ADE3FC0AEE}.Release|Any CPU.ActiveCfg = Release|Any CPU
		{2C538BC3-A5D2-4B7F-A9C6-00ADE3FC0AEE}.Release|Any CPU.Build.0 = Release|Any CPU
		{BF617225-B57C-4A35-9620-140687B71AF4}.Debug|Any CPU.ActiveCfg = Debug|Any CPU
		{BF617225-B57C-4A35-9620-140687B71AF4}.Debug|Any CPU.Build.0 = Debug|Any CPU
		{BF617225-B57C-4A35-9620-140687B71AF4}.Release|Any CPU.ActiveCfg = Release|Any CPU
		{BF617225-B57C-4A35-9620-140687B71AF4}.Release|Any CPU.Build.0 = Release|Any CPU
		{5B8D04D7-C45B-427C-88BC-CA4F5F8D0A75}.Debug|Any CPU.ActiveCfg = Debug|Any CPU
		{5B8D04D7-C45B-427C-88BC-CA4F5F8D0A75}.Debug|Any CPU.Build.0 = Debug|Any CPU
		{5B8D04D7-C45B-427C-88BC-CA4F5F8D0A75}.Release|Any CPU.ActiveCfg = Release|Any CPU
		{5B8D04D7-C45B-427C-88BC-CA4F5F8D0A75}.Release|Any CPU.Build.0 = Release|Any CPU
		{E64D28D7-E4BE-4ACD-9DED-F76358F39797}.Debug|Any CPU.ActiveCfg = Debug|Any CPU
		{E64D28D7-E4BE-4ACD-9DED-F76358F39797}.Debug|Any CPU.Build.0 = Debug|Any CPU
		{E64D28D7-E4BE-4ACD-9DED-F76358F39797}.Release|Any CPU.ActiveCfg = Release|Any CPU
		{E64D28D7-E4BE-4ACD-9DED-F76358F39797}.Release|Any CPU.Build.0 = Release|Any CPU
		{6F6D8B9D-3202-4F7D-A6D5-86197DD85EA6}.Debug|Any CPU.ActiveCfg = Debug|Any CPU
		{6F6D8B9D-3202-4F7D-A6D5-86197DD85EA6}.Debug|Any CPU.Build.0 = Debug|Any CPU
		{6F6D8B9D-3202-4F7D-A6D5-86197DD85EA6}.Release|Any CPU.ActiveCfg = Release|Any CPU
		{6F6D8B9D-3202-4F7D-A6D5-86197DD85EA6}.Release|Any CPU.Build.0 = Release|Any CPU
		{2611BB58-899E-407C-9E93-2DAEFAEE7A16}.Debug|Any CPU.ActiveCfg = Debug|Any CPU
		{2611BB58-899E-407C-9E93-2DAEFAEE7A16}.Debug|Any CPU.Build.0 = Debug|Any CPU
		{2611BB58-899E-407C-9E93-2DAEFAEE7A16}.Release|Any CPU.ActiveCfg = Release|Any CPU
		{2611BB58-899E-407C-9E93-2DAEFAEE7A16}.Release|Any CPU.Build.0 = Release|Any CPU
		{3ECB3F61-6339-4409-A770-3F724D10EA55}.Debug|Any CPU.ActiveCfg = Debug|Any CPU
		{3ECB3F61-6339-4409-A770-3F724D10EA55}.Debug|Any CPU.Build.0 = Debug|Any CPU
		{3ECB3F61-6339-4409-A770-3F724D10EA55}.Release|Any CPU.ActiveCfg = Release|Any CPU
		{3ECB3F61-6339-4409-A770-3F724D10EA55}.Release|Any CPU.Build.0 = Release|Any CPU
		{0E37C302-7EA8-402E-9B82-7582E6DE1BB0}.Debug|Any CPU.ActiveCfg = Debug|Any CPU
		{0E37C302-7EA8-402E-9B82-7582E6DE1BB0}.Debug|Any CPU.Build.0 = Debug|Any CPU
		{0E37C302-7EA8-402E-9B82-7582E6DE1BB0}.Release|Any CPU.ActiveCfg = Release|Any CPU
		{0E37C302-7EA8-402E-9B82-7582E6DE1BB0}.Release|Any CPU.Build.0 = Release|Any CPU
		{C25E8BD4-B9D7-407E-9CC8-AA96BC64D6E5}.Debug|Any CPU.ActiveCfg = Debug|Any CPU
		{C25E8BD4-B9D7-407E-9CC8-AA96BC64D6E5}.Debug|Any CPU.Build.0 = Debug|Any CPU
		{C25E8BD4-B9D7-407E-9CC8-AA96BC64D6E5}.Release|Any CPU.ActiveCfg = Release|Any CPU
		{C25E8BD4-B9D7-407E-9CC8-AA96BC64D6E5}.Release|Any CPU.Build.0 = Release|Any CPU
		{86FB3A1F-706B-419B-9806-96A3D23E7C50}.Debug|Any CPU.ActiveCfg = Debug|Any CPU
		{86FB3A1F-706B-419B-9806-96A3D23E7C50}.Debug|Any CPU.Build.0 = Debug|Any CPU
		{86FB3A1F-706B-419B-9806-96A3D23E7C50}.Release|Any CPU.ActiveCfg = Release|Any CPU
		{86FB3A1F-706B-419B-9806-96A3D23E7C50}.Release|Any CPU.Build.0 = Release|Any CPU
		{0385B147-C370-40CC-936F-D5B98FDBF63E}.Debug|Any CPU.ActiveCfg = Debug|Any CPU
		{0385B147-C370-40CC-936F-D5B98FDBF63E}.Debug|Any CPU.Build.0 = Debug|Any CPU
		{0385B147-C370-40CC-936F-D5B98FDBF63E}.Release|Any CPU.ActiveCfg = Release|Any CPU
		{0385B147-C370-40CC-936F-D5B98FDBF63E}.Release|Any CPU.Build.0 = Release|Any CPU
		{C3A73405-5B24-4BED-9B29-3EB5EB5C4FD1}.Debug|Any CPU.ActiveCfg = Debug|Any CPU
		{C3A73405-5B24-4BED-9B29-3EB5EB5C4FD1}.Debug|Any CPU.Build.0 = Debug|Any CPU
		{C3A73405-5B24-4BED-9B29-3EB5EB5C4FD1}.Release|Any CPU.ActiveCfg = Release|Any CPU
		{C3A73405-5B24-4BED-9B29-3EB5EB5C4FD1}.Release|Any CPU.Build.0 = Release|Any CPU
		{D00E54B8-F84F-4B04-9815-F8D372AD42CE}.Debug|Any CPU.ActiveCfg = Debug|Any CPU
		{D00E54B8-F84F-4B04-9815-F8D372AD42CE}.Debug|Any CPU.Build.0 = Debug|Any CPU
		{D00E54B8-F84F-4B04-9815-F8D372AD42CE}.Release|Any CPU.ActiveCfg = Release|Any CPU
		{D00E54B8-F84F-4B04-9815-F8D372AD42CE}.Release|Any CPU.Build.0 = Release|Any CPU
		{9116891C-2FCA-4B46-9D6E-608450D78BCE}.Debug|Any CPU.ActiveCfg = Debug|Any CPU
		{9116891C-2FCA-4B46-9D6E-608450D78BCE}.Debug|Any CPU.Build.0 = Debug|Any CPU
		{9116891C-2FCA-4B46-9D6E-608450D78BCE}.Release|Any CPU.ActiveCfg = Release|Any CPU
		{9116891C-2FCA-4B46-9D6E-608450D78BCE}.Release|Any CPU.Build.0 = Release|Any CPU
		{D231D1DE-DA8F-4D2B-85BF-D6C035C6FA7D}.Debug|Any CPU.ActiveCfg = Debug|Any CPU
		{D231D1DE-DA8F-4D2B-85BF-D6C035C6FA7D}.Debug|Any CPU.Build.0 = Debug|Any CPU
		{D231D1DE-DA8F-4D2B-85BF-D6C035C6FA7D}.Release|Any CPU.ActiveCfg = Release|Any CPU
		{D231D1DE-DA8F-4D2B-85BF-D6C035C6FA7D}.Release|Any CPU.Build.0 = Release|Any CPU
		{E322AAF0-EF8C-440F-BBD7-1F6A0D550CC9}.Debug|Any CPU.ActiveCfg = Debug|Any CPU
		{E322AAF0-EF8C-440F-BBD7-1F6A0D550CC9}.Debug|Any CPU.Build.0 = Debug|Any CPU
		{E322AAF0-EF8C-440F-BBD7-1F6A0D550CC9}.Release|Any CPU.ActiveCfg = Release|Any CPU
		{E322AAF0-EF8C-440F-BBD7-1F6A0D550CC9}.Release|Any CPU.Build.0 = Release|Any CPU
		{53B60151-6DF6-4FED-96B4-0F936BF3E198}.Debug|Any CPU.ActiveCfg = Debug|Any CPU
		{53B60151-6DF6-4FED-96B4-0F936BF3E198}.Debug|Any CPU.Build.0 = Debug|Any CPU
		{53B60151-6DF6-4FED-96B4-0F936BF3E198}.Release|Any CPU.ActiveCfg = Release|Any CPU
		{53B60151-6DF6-4FED-96B4-0F936BF3E198}.Release|Any CPU.Build.0 = Release|Any CPU
		{32E06D46-8720-4AFC-B0A1-EE1DDEB111AC}.Debug|Any CPU.ActiveCfg = Debug|Any CPU
		{32E06D46-8720-4AFC-B0A1-EE1DDEB111AC}.Debug|Any CPU.Build.0 = Debug|Any CPU
		{32E06D46-8720-4AFC-B0A1-EE1DDEB111AC}.Release|Any CPU.ActiveCfg = Release|Any CPU
		{32E06D46-8720-4AFC-B0A1-EE1DDEB111AC}.Release|Any CPU.Build.0 = Release|Any CPU
		{9105DEA0-3A1E-4A70-BF45-1A458A7F17BC}.Debug|Any CPU.ActiveCfg = Debug|Any CPU
		{9105DEA0-3A1E-4A70-BF45-1A458A7F17BC}.Debug|Any CPU.Build.0 = Debug|Any CPU
		{9105DEA0-3A1E-4A70-BF45-1A458A7F17BC}.Release|Any CPU.ActiveCfg = Release|Any CPU
		{9105DEA0-3A1E-4A70-BF45-1A458A7F17BC}.Release|Any CPU.Build.0 = Release|Any CPU
		{697E19B1-AB70-4BAB-8E26-822855EE50FC}.Debug|Any CPU.ActiveCfg = Debug|Any CPU
		{697E19B1-AB70-4BAB-8E26-822855EE50FC}.Debug|Any CPU.Build.0 = Debug|Any CPU
		{697E19B1-AB70-4BAB-8E26-822855EE50FC}.Release|Any CPU.ActiveCfg = Release|Any CPU
		{697E19B1-AB70-4BAB-8E26-822855EE50FC}.Release|Any CPU.Build.0 = Release|Any CPU
		{A7466C41-23DE-4E8A-88FA-B47335F21AE7}.Debug|Any CPU.ActiveCfg = Debug|Any CPU
		{A7466C41-23DE-4E8A-88FA-B47335F21AE7}.Debug|Any CPU.Build.0 = Debug|Any CPU
		{A7466C41-23DE-4E8A-88FA-B47335F21AE7}.Release|Any CPU.ActiveCfg = Release|Any CPU
		{A7466C41-23DE-4E8A-88FA-B47335F21AE7}.Release|Any CPU.Build.0 = Release|Any CPU
		{35217F95-C278-4FD8-8CEB-DBCE54D3779D}.Debug|Any CPU.ActiveCfg = Debug|Any CPU
		{35217F95-C278-4FD8-8CEB-DBCE54D3779D}.Debug|Any CPU.Build.0 = Debug|Any CPU
		{35217F95-C278-4FD8-8CEB-DBCE54D3779D}.Release|Any CPU.ActiveCfg = Release|Any CPU
		{35217F95-C278-4FD8-8CEB-DBCE54D3779D}.Release|Any CPU.Build.0 = Release|Any CPU
		{20EA9891-BBDE-4553-B889-8C9AE4070F80}.Debug|Any CPU.ActiveCfg = Debug|Any CPU
		{20EA9891-BBDE-4553-B889-8C9AE4070F80}.Debug|Any CPU.Build.0 = Debug|Any CPU
		{20EA9891-BBDE-4553-B889-8C9AE4070F80}.Release|Any CPU.ActiveCfg = Release|Any CPU
		{20EA9891-BBDE-4553-B889-8C9AE4070F80}.Release|Any CPU.Build.0 = Release|Any CPU
		{B548B0C8-6E37-4592-9D5B-7D859BA1E484}.Debug|Any CPU.ActiveCfg = Debug|Any CPU
		{B548B0C8-6E37-4592-9D5B-7D859BA1E484}.Debug|Any CPU.Build.0 = Debug|Any CPU
		{B548B0C8-6E37-4592-9D5B-7D859BA1E484}.Release|Any CPU.ActiveCfg = Release|Any CPU
		{B548B0C8-6E37-4592-9D5B-7D859BA1E484}.Release|Any CPU.Build.0 = Release|Any CPU
		{111D3975-597B-4E8F-A7F7-C60A11FB20FA}.Debug|Any CPU.ActiveCfg = Debug|Any CPU
		{111D3975-597B-4E8F-A7F7-C60A11FB20FA}.Debug|Any CPU.Build.0 = Debug|Any CPU
		{111D3975-597B-4E8F-A7F7-C60A11FB20FA}.Release|Any CPU.ActiveCfg = Release|Any CPU
		{111D3975-597B-4E8F-A7F7-C60A11FB20FA}.Release|Any CPU.Build.0 = Release|Any CPU
		{4762FBA6-2BCA-464C-AD85-4F9B7EFE7CED}.Debug|Any CPU.ActiveCfg = Debug|Any CPU
		{4762FBA6-2BCA-464C-AD85-4F9B7EFE7CED}.Debug|Any CPU.Build.0 = Debug|Any CPU
		{4762FBA6-2BCA-464C-AD85-4F9B7EFE7CED}.Release|Any CPU.ActiveCfg = Release|Any CPU
		{4762FBA6-2BCA-464C-AD85-4F9B7EFE7CED}.Release|Any CPU.Build.0 = Release|Any CPU
		{1B4E825C-3FEB-4868-87C3-F8F32F0AE038}.Debug|Any CPU.ActiveCfg = Debug|Any CPU
		{1B4E825C-3FEB-4868-87C3-F8F32F0AE038}.Debug|Any CPU.Build.0 = Debug|Any CPU
		{1B4E825C-3FEB-4868-87C3-F8F32F0AE038}.Release|Any CPU.ActiveCfg = Release|Any CPU
		{1B4E825C-3FEB-4868-87C3-F8F32F0AE038}.Release|Any CPU.Build.0 = Release|Any CPU
		{34F08735-3473-424D-A49C-930D1CC3C546}.Debug|Any CPU.ActiveCfg = Debug|Any CPU
		{34F08735-3473-424D-A49C-930D1CC3C546}.Debug|Any CPU.Build.0 = Debug|Any CPU
		{34F08735-3473-424D-A49C-930D1CC3C546}.Release|Any CPU.ActiveCfg = Release|Any CPU
		{34F08735-3473-424D-A49C-930D1CC3C546}.Release|Any CPU.Build.0 = Release|Any CPU
		{0AF470B3-F7D8-456E-A58B-3E6E25F44962}.Debug|Any CPU.ActiveCfg = Debug|Any CPU
		{0AF470B3-F7D8-456E-A58B-3E6E25F44962}.Debug|Any CPU.Build.0 = Debug|Any CPU
		{0AF470B3-F7D8-456E-A58B-3E6E25F44962}.Release|Any CPU.ActiveCfg = Release|Any CPU
		{0AF470B3-F7D8-456E-A58B-3E6E25F44962}.Release|Any CPU.Build.0 = Release|Any CPU
	EndGlobalSection
	GlobalSection(SolutionProperties) = preSolution
		HideSolutionNode = FALSE
	EndGlobalSection
	GlobalSection(NestedProjects) = preSolution
		{1445AC00-6976-464E-A3FE-63C1180DE470} = {B8A1D480-F5CE-4D26-8AB3-D61BB68A5C0C}
		{88AA6F81-9A92-48CF-B76B-3562E8F90E21} = {1445AC00-6976-464E-A3FE-63C1180DE470}
		{EDEAB983-2EF6-4C59-8CA1-76ADF33E0F29} = {1445AC00-6976-464E-A3FE-63C1180DE470}
		{9D0D278F-287D-4252-AD51-84A1EB27DD9D} = {1445AC00-6976-464E-A3FE-63C1180DE470}
		{9BB45B3A-AB01-46A7-BF93-3263A9FD27AF} = {1445AC00-6976-464E-A3FE-63C1180DE470}
		{90D3081B-7122-4DBB-B508-0E51B7F681AC} = {1445AC00-6976-464E-A3FE-63C1180DE470}
		{63EB44F6-9D01-43FA-9D5F-2B88B7735CA8} = {1445AC00-6976-464E-A3FE-63C1180DE470}
		{84C468DC-F2FD-4B67-940A-EC144B724CB2} = {1445AC00-6976-464E-A3FE-63C1180DE470}
		{0957B698-9B2A-4368-8C7A-B9DAC1512A38} = {1445AC00-6976-464E-A3FE-63C1180DE470}
		{2E3D82C8-AF2B-41FE-9164-F425A902F01C} = {1445AC00-6976-464E-A3FE-63C1180DE470}
		{639D0C18-F087-453D-BE4D-E50C4FC1B2F1} = {B8A1D480-F5CE-4D26-8AB3-D61BB68A5C0C}
		{A396BC7C-FAC4-4114-91E1-9487CB4136F2} = {B8A1D480-F5CE-4D26-8AB3-D61BB68A5C0C}
		{04F62C5E-1EC3-4B3F-AF1E-1D2C88867598} = {B8A1D480-F5CE-4D26-8AB3-D61BB68A5C0C}
		{FDDAB9D6-B88C-4CA9-B987-83FB1EF22868} = {B8A1D480-F5CE-4D26-8AB3-D61BB68A5C0C}
		{CE0D10B4-2B87-4C0D-B4A8-E9117A3D397C} = {B8A1D480-F5CE-4D26-8AB3-D61BB68A5C0C}
		{F4CD4E19-34E9-4FC0-9BF7-698A488A2108} = {B8A1D480-F5CE-4D26-8AB3-D61BB68A5C0C}
		{B5C4DCA7-D187-4FCC-A6BA-38B94A5B6FB0} = {B8A1D480-F5CE-4D26-8AB3-D61BB68A5C0C}
		{132ACBBB-D26B-47DF-AD20-C6CB05F8F82E} = {B8A1D480-F5CE-4D26-8AB3-D61BB68A5C0C}
		{41C56B74-3A47-42F9-A2B9-6BE09DD61B86} = {B8A1D480-F5CE-4D26-8AB3-D61BB68A5C0C}
		{6F9B3272-3A18-495B-AEAE-39E8E52753E3} = {B8A1D480-F5CE-4D26-8AB3-D61BB68A5C0C}
		{49CC7E75-E43D-42CF-BD82-747AC154F37B} = {5F0838C4-8EC0-41E3-9E59-F3F2C5236C92}
		{879EACCE-37B9-42E5-ABED-BA3103850130} = {49CC7E75-E43D-42CF-BD82-747AC154F37B}
		{4133B923-FFBE-4BD9-B176-8E498433B065} = {49CC7E75-E43D-42CF-BD82-747AC154F37B}
		{8813D0A7-8AA1-492C-BB9A-380E30BF0E02} = {49CC7E75-E43D-42CF-BD82-747AC154F37B}
		{7D0F88A0-07AF-47E0-80D9-4B471576F07A} = {5F0838C4-8EC0-41E3-9E59-F3F2C5236C92}
		{D2272C28-E6A3-4AC4-9892-E11C08072B84} = {5F0838C4-8EC0-41E3-9E59-F3F2C5236C92}
		{E46F5EF7-1683-4039-8A6B-DC6C3E400685} = {5F0838C4-8EC0-41E3-9E59-F3F2C5236C92}
		{6FE8A62E-881F-4095-9F5E-4B32A6DDBC76} = {580E7233-9090-482F-A51A-1A0001EBED5C}
		{0AA09104-8B89-4F64-A7B3-128677855F35} = {6FE8A62E-881F-4095-9F5E-4B32A6DDBC76}
		{F91D97D1-6FC5-4625-9C6B-56CECB68C6F6} = {6FE8A62E-881F-4095-9F5E-4B32A6DDBC76}
		{D17C2147-8FE8-4D7F-B4CF-F2363A349548} = {580E7233-9090-482F-A51A-1A0001EBED5C}
		{E761D702-9CF2-4FB3-A739-871B845FD2BC} = {580E7233-9090-482F-A51A-1A0001EBED5C}
		{F87C3934-6094-423E-A4AB-7307E09CDDB1} = {580E7233-9090-482F-A51A-1A0001EBED5C}
		{6F686801-CD81-4F56-B563-0234FEA26561} = {E499D911-855E-41B9-8489-DEE396581722}
		{5A402240-A950-4518-838D-12537970CC39} = {6F686801-CD81-4F56-B563-0234FEA26561}
		{3F94BA53-8311-4ED2-99F2-85A43D19B468} = {6F686801-CD81-4F56-B563-0234FEA26561}
		{45B91BD5-BB74-4D3C-BB46-9C7198CA5E9D} = {6F686801-CD81-4F56-B563-0234FEA26561}
		{7AFAC1F9-DAFF-4FD6-A91C-48136677B64F} = {6F686801-CD81-4F56-B563-0234FEA26561}
		{BF8934B9-2624-4092-8066-8423B0C47586} = {6F686801-CD81-4F56-B563-0234FEA26561}
		{9829AB69-319C-44D5-8B1F-C399C87052EF} = {E499D911-855E-41B9-8489-DEE396581722}
		{A0203E7F-1B02-4902-9275-B8CEA1553D93} = {E499D911-855E-41B9-8489-DEE396581722}
		{C5C8D81C-9840-4FD9-9C7D-385961D1102C} = {E499D911-855E-41B9-8489-DEE396581722}
		{09BA7C8C-5268-4721-84DB-AE19684136A4} = {E499D911-855E-41B9-8489-DEE396581722}
		{91F27AF1-0D83-452A-A121-736F1873C783} = {E499D911-855E-41B9-8489-DEE396581722}
		{C718B055-83F3-49E6-BC98-DE6BE461857E} = {E499D911-855E-41B9-8489-DEE396581722}
		{6F51FFE4-76D3-4160-89CE-243807FE2272} = {7E9AB774-7691-4908-AC70-DB9095ED3615}
		{E928A897-6DA5-425E-B41B-E8EFADF1F3E0} = {6F51FFE4-76D3-4160-89CE-243807FE2272}
		{2D5D5A84-E70F-44A0-AD72-76BE333545E2} = {6F51FFE4-76D3-4160-89CE-243807FE2272}
		{8E8B62B8-4003-4F2B-9862-2A510F7A80C6} = {6F51FFE4-76D3-4160-89CE-243807FE2272}
		{970B2DB1-B5D3-4EED-8BAB-5283CB663BF6} = {6F51FFE4-76D3-4160-89CE-243807FE2272}
		{B2D574EC-F347-4754-8182-16A74A1819DF} = {6F51FFE4-76D3-4160-89CE-243807FE2272}
		{2E6F1A01-16ED-4AC8-9832-832ABF373050} = {6F51FFE4-76D3-4160-89CE-243807FE2272}
		{3BDCD0C1-3BA1-437D-868B-644176E0CEFA} = {6F51FFE4-76D3-4160-89CE-243807FE2272}
		{3A0C494D-CB97-41D9-9A29-557E33D96E5B} = {6F51FFE4-76D3-4160-89CE-243807FE2272}
		{B462F25D-ED34-4C06-A64C-3D1667A9E6BD} = {6F51FFE4-76D3-4160-89CE-243807FE2272}
		{96A107D5-3A6C-4EE5-AC9A-9458787E5F41} = {6F51FFE4-76D3-4160-89CE-243807FE2272}
		{C3845CC3-138B-4014-A0CC-7C7F98E912BD} = {7E9AB774-7691-4908-AC70-DB9095ED3615}
		{BF8E7C5C-9985-450E-ABB3-2ACD9EB39E4F} = {7E9AB774-7691-4908-AC70-DB9095ED3615}
		{1D52481E-B64A-4EE6-B992-A7423CD512AA} = {7E9AB774-7691-4908-AC70-DB9095ED3615}
		{E3DE4C8A-B965-4F47-BE3D-4532E8D97138} = {7E9AB774-7691-4908-AC70-DB9095ED3615}
		{38061E4F-3F38-4F5E-9DC7-088C199ABBAF} = {7E9AB774-7691-4908-AC70-DB9095ED3615}
		{7682BAAC-C86F-470E-A016-B4905B666EF5} = {7E9AB774-7691-4908-AC70-DB9095ED3615}
		{22C63A6D-3D22-436B-BC95-33A559C42573} = {7E9AB774-7691-4908-AC70-DB9095ED3615}
		{18D6FA4D-D5D6-4A9B-A932-B2F18419E45A} = {7E9AB774-7691-4908-AC70-DB9095ED3615}
		{EFBE80CC-D601-49D1-A6FC-F32011E4A2BB} = {7E9AB774-7691-4908-AC70-DB9095ED3615}
		{0C07D8F0-69EB-4EAE-BF01-355E8F4F5682} = {7E9AB774-7691-4908-AC70-DB9095ED3615}
		{17D5FB46-4E00-4DF0-953A-36B26F696681} = {7E9AB774-7691-4908-AC70-DB9095ED3615}
		{2C53724A-34EC-4EA1-A3EB-5EEA42EB8B59} = {7E9AB774-7691-4908-AC70-DB9095ED3615}
		{949EED77-C6BA-4F7F-AF82-127BF86A9F73} = {1E52114B-61B6-4803-95A6-7893FF207B2E}
		{2C538BC3-A5D2-4B7F-A9C6-00ADE3FC0AEE} = {949EED77-C6BA-4F7F-AF82-127BF86A9F73}
		{BF617225-B57C-4A35-9620-140687B71AF4} = {949EED77-C6BA-4F7F-AF82-127BF86A9F73}
		{5B8D04D7-C45B-427C-88BC-CA4F5F8D0A75} = {949EED77-C6BA-4F7F-AF82-127BF86A9F73}
		{E64D28D7-E4BE-4ACD-9DED-F76358F39797} = {949EED77-C6BA-4F7F-AF82-127BF86A9F73}
		{6F6D8B9D-3202-4F7D-A6D5-86197DD85EA6} = {949EED77-C6BA-4F7F-AF82-127BF86A9F73}
		{2611BB58-899E-407C-9E93-2DAEFAEE7A16} = {949EED77-C6BA-4F7F-AF82-127BF86A9F73}
		{3ECB3F61-6339-4409-A770-3F724D10EA55} = {949EED77-C6BA-4F7F-AF82-127BF86A9F73}
		{0E37C302-7EA8-402E-9B82-7582E6DE1BB0} = {949EED77-C6BA-4F7F-AF82-127BF86A9F73}
		{C25E8BD4-B9D7-407E-9CC8-AA96BC64D6E5} = {949EED77-C6BA-4F7F-AF82-127BF86A9F73}
		{86FB3A1F-706B-419B-9806-96A3D23E7C50} = {949EED77-C6BA-4F7F-AF82-127BF86A9F73}
		{0385B147-C370-40CC-936F-D5B98FDBF63E} = {949EED77-C6BA-4F7F-AF82-127BF86A9F73}
		{C3A73405-5B24-4BED-9B29-3EB5EB5C4FD1} = {1E52114B-61B6-4803-95A6-7893FF207B2E}
		{D00E54B8-F84F-4B04-9815-F8D372AD42CE} = {1E52114B-61B6-4803-95A6-7893FF207B2E}
		{9116891C-2FCA-4B46-9D6E-608450D78BCE} = {1E52114B-61B6-4803-95A6-7893FF207B2E}
		{D231D1DE-DA8F-4D2B-85BF-D6C035C6FA7D} = {1E52114B-61B6-4803-95A6-7893FF207B2E}
		{E322AAF0-EF8C-440F-BBD7-1F6A0D550CC9} = {1E52114B-61B6-4803-95A6-7893FF207B2E}
		{53B60151-6DF6-4FED-96B4-0F936BF3E198} = {1E52114B-61B6-4803-95A6-7893FF207B2E}
		{32E06D46-8720-4AFC-B0A1-EE1DDEB111AC} = {1E52114B-61B6-4803-95A6-7893FF207B2E}
		{9105DEA0-3A1E-4A70-BF45-1A458A7F17BC} = {1E52114B-61B6-4803-95A6-7893FF207B2E}
		{697E19B1-AB70-4BAB-8E26-822855EE50FC} = {1E52114B-61B6-4803-95A6-7893FF207B2E}
		{A7466C41-23DE-4E8A-88FA-B47335F21AE7} = {1E52114B-61B6-4803-95A6-7893FF207B2E}
		{35217F95-C278-4FD8-8CEB-DBCE54D3779D} = {1E52114B-61B6-4803-95A6-7893FF207B2E}
		{545B75D3-8B36-4471-A789-3B246360B79C} = {4F9E99BF-2900-402C-A47C-7406CE15258D}
		{20EA9891-BBDE-4553-B889-8C9AE4070F80} = {545B75D3-8B36-4471-A789-3B246360B79C}
		{B548B0C8-6E37-4592-9D5B-7D859BA1E484} = {4F9E99BF-2900-402C-A47C-7406CE15258D}
		{7CD76656-B223-4838-94A3-0486BC3D6037} = {3CA7F55E-A2A9-4394-B9B5-5D898C99B52F}
		{4762FBA6-2BCA-464C-AD85-4F9B7EFE7CED} = {7CD76656-B223-4838-94A3-0486BC3D6037}
		{1B4E825C-3FEB-4868-87C3-F8F32F0AE038} = {3CA7F55E-A2A9-4394-B9B5-5D898C99B52F}
		{34F08735-3473-424D-A49C-930D1CC3C546} = {7CD76656-B223-4838-94A3-0486BC3D6037}
		{0AF470B3-F7D8-456E-A58B-3E6E25F44962} = {3CA7F55E-A2A9-4394-B9B5-5D898C99B52F}
	EndGlobalSection
	GlobalSection(ExtensibilityGlobals) = postSolution
		SolutionGuid = {1649F653-6238-4E9E-B6F0-147546DEE053}
	EndGlobalSection
	GlobalSection(TeamFoundationVersionControl) = preSolution
		SccNumberOfProjects = 93
		SccEnterpriseProvider = {4CA58AB2-18FA-4F8D-95D4-32DDF27D184C}
		SccTeamFoundationServer = http://a2tsc:9091/tfs/oydnet
		SccLocalPath0 = .
		SccProjectUniqueName1 = ..\\CF\\A2.CF.OPENRIA.CalculosFinancieros\\A2.CF.OPENRIA.CalculosFinancieros.vbproj
		SccProjectTopLevelParentUniqueName1 = DESKTOP_Unificada.sln
		SccProjectName1 = ../CF/A2.CF.OPENRIA.CalculosFinancieros
		SccLocalPath1 = ..\\CF\\A2.CF.OPENRIA.CalculosFinancieros
		SccProjectUniqueName2 = ..\\CF\\A2.CF.OPENRIA.CodificacionContable\\A2.CF.OPENRIA.CodificacionContable.vbproj
		SccProjectTopLevelParentUniqueName2 = DESKTOP_Unificada.sln
		SccProjectName2 = ../CF/A2.CF.OPENRIA.CodificacionContable
		SccLocalPath2 = ..\\CF\\A2.CF.OPENRIA.CodificacionContable
		SccProjectUniqueName3 = ..\\CF\\A2.CF.OPENRIA.Especies\\A2.CF.OPENRIA.Especies.vbproj
		SccProjectTopLevelParentUniqueName3 = DESKTOP_Unificada.sln
		SccProjectName3 = ../CF/A2.CF.OPENRIA.Especies
		SccLocalPath3 = ..\\CF\\A2.CF.OPENRIA.Especies
		SccProjectUniqueName4 = ..\\CF\\A2.CF.OPENRIA.Maestros\\A2.CF.OPENRIA.Maestros.vbproj
		SccProjectTopLevelParentUniqueName4 = DESKTOP_Unificada.sln
		SccProjectName4 = ../CF/A2.CF.OPENRIA.Maestros
		SccLocalPath4 = ..\\CF\\A2.CF.OPENRIA.Maestros
		SccProjectUniqueName5 = ..\\CF\\A2.CF.OPENRIA.Operaciones\\A2.CF.OPENRIA.Operaciones.vbproj
		SccProjectTopLevelParentUniqueName5 = DESKTOP_Unificada.sln
		SccProjectName5 = ../CF/A2.CF.OPENRIA.Operaciones
		SccLocalPath5 = ..\\CF\\A2.CF.OPENRIA.Operaciones
		SccProjectUniqueName6 = ..\\CF\\A2.CF.OPENRIA.Portafolio\\A2.CF.OPENRIA.Portafolio.vbproj
		SccProjectTopLevelParentUniqueName6 = DESKTOP_Unificada.sln
		SccProjectName6 = ../CF/A2.CF.OPENRIA.Portafolio
		SccLocalPath6 = ..\\CF\\A2.CF.OPENRIA.Portafolio
		SccProjectUniqueName7 = ..\\CF\\A2.CF.OPENRIA.ProcesarPortafolio\\A2.CF.OPENRIA.ProcesarPortafolio.vbproj
		SccProjectTopLevelParentUniqueName7 = DESKTOP_Unificada.sln
		SccProjectName7 = ../CF/A2.CF.OPENRIA.ProcesarPortafolio
		SccLocalPath7 = ..\\CF\\A2.CF.OPENRIA.ProcesarPortafolio
		SccProjectUniqueName8 = ..\\CF\\A2.CF.OPENRIA.RLegal\\A2.CF.OPENRIA.RLegal.vbproj
		SccProjectTopLevelParentUniqueName8 = DESKTOP_Unificada.sln
		SccProjectName8 = ../CF/A2.CF.OPENRIA.RLegal
		SccLocalPath8 = ..\\CF\\A2.CF.OPENRIA.RLegal
		SccProjectUniqueName9 = ..\\CF\\A2.CF.OPENRIA.TitulosNet\\A2.CF.OPENRIA.TitulosNet.vbproj
		SccProjectTopLevelParentUniqueName9 = DESKTOP_Unificada.sln
		SccProjectName9 = ../CF/A2.CF.OPENRIA.TitulosNet
		SccLocalPath9 = ..\\CF\\A2.CF.OPENRIA.TitulosNet
		SccProjectUniqueName10 = ..\\GEN\\A2.CF.OPENRIA.Utilidades\\A2.CF.OPENRIA.Utilidades.vbproj
		SccProjectTopLevelParentUniqueName10 = DESKTOP_Unificada.sln
		SccProjectName10 = ../GEN/A2.CF.OPENRIA.Utilidades
		SccLocalPath10 = ..\\GEN\\A2.CF.OPENRIA.Utilidades
		SccProjectUniqueName11 = ..\\GEN\\A2.OyD.Infraestructura.WPF\\A2.OyD.Infraestructura.WPF.vbproj
		SccProjectTopLevelParentUniqueName11 = DESKTOP_Unificada.sln
		SccProjectName11 = ../GEN/A2.OyD.Infraestructura.WPF
		SccLocalPath11 = ..\\GEN\\A2.OyD.Infraestructura.WPF
		SccProjectUniqueName12 = ..\\GEN\\A2.OyD.OYDServer.OpenRIA.Utilidades\\A2.OyD.OYDServer.OpenRIA.Utilidades.vbproj
		SccProjectTopLevelParentUniqueName12 = DESKTOP_Unificada.sln
		SccProjectName12 = ../GEN/A2.OyD.OYDServer.OpenRIA.Utilidades
		SccLocalPath12 = ..\\GEN\\A2.OyD.OYDServer.OpenRIA.Utilidades
		SccProjectUniqueName13 = ..\\GEN\\A2.OYD.Control.WPF\\A2.OYD.Control.WPF.vbproj
		SccProjectTopLevelParentUniqueName13 = DESKTOP_Unificada.sln
		SccProjectName13 = ../GEN/A2.OYD.Control.WPF
		SccLocalPath13 = ..\\GEN\\A2.OYD.Control.WPF
		SccProjectUniqueName14 = ..\\GEN\\A2.OyD.OYDServer.OpenRIA.Importaciones\\A2.OyD.OYDServer.OpenRIA.Importaciones.vbproj
		SccProjectTopLevelParentUniqueName14 = DESKTOP_Unificada.sln
		SccProjectName14 = ../GEN/A2.OyD.OYDServer.OpenRIA.Importaciones
		SccLocalPath14 = ..\\GEN\\A2.OyD.OYDServer.OpenRIA.Importaciones
		SccProjectUniqueName15 = ..\\GEN\\A2.OyD.Importaciones.WPF\\A2.OyD.Importaciones.WPF.vbproj
		SccProjectTopLevelParentUniqueName15 = DESKTOP_Unificada.sln
		SccProjectName15 = ../GEN/A2.OyD.Importaciones.WPF
		SccLocalPath15 = ..\\GEN\\A2.OyD.Importaciones.WPF
		SccProjectUniqueName16 = ..\\CF\\A2.CF.Utilitarios.WPF\\A2.CF.Utilitarios.WPF.vbproj
		SccProjectTopLevelParentUniqueName16 = DESKTOP_Unificada.sln
		SccProjectName16 = ../CF/A2.CF.Utilitarios.WPF
		SccLocalPath16 = ..\\CF\\A2.CF.Utilitarios.WPF
		SccProjectUniqueName17 = ..\\CF\\A2.CF.ProcesarPortafolio.WPF\\A2.CF.ProcesarPortafolio.WPF.vbproj
		SccProjectTopLevelParentUniqueName17 = DESKTOP_Unificada.sln
		SccProjectName17 = ../CF/A2.CF.ProcesarPortafolio.WPF
		SccLocalPath17 = ..\\CF\\A2.CF.ProcesarPortafolio.WPF
		SccProjectUniqueName18 = ..\\CF\\A2.CF.CalculosFinancieros.WPF\\A2.CF.CalculosFinancieros.WPF.vbproj
		SccProjectTopLevelParentUniqueName18 = DESKTOP_Unificada.sln
		SccProjectName18 = ../CF/A2.CF.CalculosFinancieros.WPF
		SccLocalPath18 = ..\\CF\\A2.CF.CalculosFinancieros.WPF
		SccProjectUniqueName19 = ..\\CF\\A2.CF.CodificacionContable.WPF\\A2.CF.CodificacionContable.WPF.vbproj
		SccProjectTopLevelParentUniqueName19 = DESKTOP_Unificada.sln
		SccProjectName19 = ../CF/A2.CF.CodificacionContable.WPF
		SccLocalPath19 = ..\\CF\\A2.CF.CodificacionContable.WPF
		SccProjectUniqueName20 = ..\\CF\\A2.CF.Especies.WPF\\A2.CF.Especies.WPF.vbproj
		SccProjectTopLevelParentUniqueName20 = DESKTOP_Unificada.sln
		SccProjectName20 = ../CF/A2.CF.Especies.WPF
		SccLocalPath20 = ..\\CF\\A2.CF.Especies.WPF
		SccProjectUniqueName21 = ..\\CF\\A2.CF.Maestros.WPF\\A2.CF.Maestros.WPF.vbproj
		SccProjectTopLevelParentUniqueName21 = DESKTOP_Unificada.sln
		SccProjectName21 = ../CF/A2.CF.Maestros.WPF
		SccLocalPath21 = ..\\CF\\A2.CF.Maestros.WPF
		SccProjectUniqueName22 = ..\\NET\\A2.OyD.OYDServer.OPENRIA.Maestros\\A2.OyD.OYDServer.OPENRIA.Maestros.vbproj
		SccProjectTopLevelParentUniqueName22 = DESKTOP_Unificada.sln
		SccProjectName22 = ../NET/A2.OyD.OYDServer.OPENRIA.Maestros
		SccLocalPath22 = ..\\NET\\A2.OyD.OYDServer.OPENRIA.Maestros
		SccProjectUniqueName23 = ..\\NET\\A2.OyD.OYDServer.OPENRIA.Tesoreria\\A2.OyD.OYDServer.OPENRIA.Tesoreria.vbproj
		SccProjectTopLevelParentUniqueName23 = DESKTOP_Unificada.sln
		SccProjectName23 = ../NET/A2.OyD.OYDServer.OPENRIA.Tesoreria
		SccLocalPath23 = ..\\NET\\A2.OyD.OYDServer.OPENRIA.Tesoreria
		SccProjectUniqueName24 = ..\\NET\\A2.OyD.ImprimirCheques\\A2.OyD.ImprimirCheques.vbproj
		SccProjectTopLevelParentUniqueName24 = DESKTOP_Unificada.sln
		SccProjectName24 = ../NET/A2.OyD.ImprimirCheques
		SccLocalPath24 = ..\\NET\\A2.OyD.ImprimirCheques
		SccProjectUniqueName25 = ..\\NET\\A2.OyD.Tesoreria.WPF\\A2.OyD.Tesoreria.WPF.vbproj
		SccProjectTopLevelParentUniqueName25 = DESKTOP_Unificada.sln
		SccProjectName25 = ../NET/A2.OyD.Tesoreria.WPF
		SccLocalPath25 = ..\\NET\\A2.OyD.Tesoreria.WPF
		SccProjectUniqueName26 = ..\\CF\\A2.CF.Operaciones.WPF\\A2.CF.Operaciones.WPF.vbproj
		SccProjectTopLevelParentUniqueName26 = DESKTOP_Unificada.sln
		SccProjectName26 = ../CF/A2.CF.Operaciones.WPF
		SccLocalPath26 = ..\\CF\\A2.CF.Operaciones.WPF
		SccProjectUniqueName27 = ..\\CF\\A2.CF.Portafolio.WPF\\A2.CF.Portafolio.WPF.vbproj
		SccProjectTopLevelParentUniqueName27 = DESKTOP_Unificada.sln
		SccProjectName27 = ../CF/A2.CF.Portafolio.WPF
		SccLocalPath27 = ..\\CF\\A2.CF.Portafolio.WPF
		SccProjectUniqueName28 = ..\\CF\\A2.CF.ReporteriaLegal.WPF\\A2.CF.ReporteriaLegal.WPF.vbproj
		SccProjectTopLevelParentUniqueName28 = DESKTOP_Unificada.sln
		SccProjectName28 = ../CF/A2.CF.ReporteriaLegal.WPF
		SccLocalPath28 = ..\\CF\\A2.CF.ReporteriaLegal.WPF
		SccProjectUniqueName29 = ..\\CF\\A2.CF.TitulosNet.WPF\\A2.CF.TitulosNet.WPF.vbproj
		SccProjectTopLevelParentUniqueName29 = DESKTOP_Unificada.sln
		SccProjectName29 = ../CF/A2.CF.TitulosNet.WPF
		SccLocalPath29 = ..\\CF\\A2.CF.TitulosNet.WPF
		SccProjectUniqueName30 = ..\\DE\\A2.DER.Maestros.OPENRIA\\A2.DER.Maestros.OPENRIA.vbproj
		SccProjectTopLevelParentUniqueName30 = DESKTOP_Unificada.sln
		SccProjectName30 = ../DE/A2.DER.Maestros.OPENRIA
		SccLocalPath30 = ..\\DE\\A2.DER.Maestros.OPENRIA
		SccProjectUniqueName31 = ..\\DE\\A2.DER.Operaciones.OPENRIA\\A2.DER.Operaciones.OPENRIA.vbproj
		SccProjectTopLevelParentUniqueName31 = DESKTOP_Unificada.sln
		SccProjectName31 = ../DE/A2.DER.Operaciones.OPENRIA
		SccLocalPath31 = ..\\DE\\A2.DER.Operaciones.OPENRIA
		SccProjectUniqueName32 = ..\\DE\\A2.DER.Ordenes.OPENRIA\\A2.DER.Ordenes.OPENRIA.vbproj
		SccProjectTopLevelParentUniqueName32 = DESKTOP_Unificada.sln
		SccProjectName32 = ../DE/A2.DER.Ordenes.OPENRIA
		SccLocalPath32 = ..\\DE\\A2.DER.Ordenes.OPENRIA
		SccProjectUniqueName33 = ..\\DE\\A2.DER.Maestros.WPF\\A2.DER.Maestros.WPF.vbproj
		SccProjectTopLevelParentUniqueName33 = DESKTOP_Unificada.sln
		SccProjectName33 = ../DE/A2.DER.Maestros.WPF
		SccLocalPath33 = ..\\DE\\A2.DER.Maestros.WPF
		SccProjectUniqueName34 = ..\\DE\\A2.DER.Operaciones.WPF\\A2.DER.Operaciones.WPF.vbproj
		SccProjectTopLevelParentUniqueName34 = DESKTOP_Unificada.sln
		SccProjectName34 = ../DE/A2.DER.Operaciones.WPF
		SccLocalPath34 = ..\\DE\\A2.DER.Operaciones.WPF
		SccProjectUniqueName35 = ..\\DE\\A2.DER.Ordenes.WPF\\A2.DER.Ordenes.WPF.vbproj
		SccProjectTopLevelParentUniqueName35 = DESKTOP_Unificada.sln
		SccProjectName35 = ../DE/A2.DER.Ordenes.WPF
		SccLocalPath35 = ..\\DE\\A2.DER.Ordenes.WPF
		SccProjectUniqueName36 = ..\\DI\\A2.FormulariosDivisas.WPF.OPENRIA\\A2.FormulariosDivisas.WPF.OPENRIA.vbproj
		SccProjectTopLevelParentUniqueName36 = DESKTOP_Unificada.sln
		SccProjectName36 = ../DI/A2.FormulariosDivisas.WPF.OPENRIA
		SccLocalPath36 = ..\\DI\\A2.FormulariosDivisas.WPF.OPENRIA
		SccProjectUniqueName37 = ..\\DI\\A2.OrdenesDivisas.WPF.OPENRIA\\A2.OrdenesDivisas.WPF.OPENRIA.vbproj
		SccProjectTopLevelParentUniqueName37 = DESKTOP_Unificada.sln
		SccProjectName37 = ../DI/A2.OrdenesDivisas.WPF.OPENRIA
		SccLocalPath37 = ..\\DI\\A2.OrdenesDivisas.WPF.OPENRIA
		SccProjectUniqueName38 = ..\\GEN\\A2.Personas.WPF.OPENRIA\\A2.Personas.WPF.OPENRIA.vbproj
		SccProjectTopLevelParentUniqueName38 = DESKTOP_Unificada.sln
		SccProjectName38 = ../GEN/A2.Personas.WPF.OPENRIA
		SccLocalPath38 = ..\\GEN\\A2.Personas.WPF.OPENRIA
		SccProjectUniqueName39 = ..\\GEN\\A2.Personas.WPF\\A2.Personas.WPF.vbproj
		SccProjectTopLevelParentUniqueName39 = DESKTOP_Unificada.sln
		SccProjectName39 = ../GEN/A2.Personas.WPF
		SccLocalPath39 = ..\\GEN\\A2.Personas.WPF
		SccProjectUniqueName40 = ..\\DI\\A2.FormulariosDivisas.WPF\\A2.FormulariosDivisas.WPF.vbproj
		SccProjectTopLevelParentUniqueName40 = DESKTOP_Unificada.sln
		SccProjectName40 = ../DI/A2.FormulariosDivisas.WPF
		SccLocalPath40 = ..\\DI\\A2.FormulariosDivisas.WPF
		SccProjectUniqueName41 = ..\\DI\\A2.OrdenesDivisas.WPF\\A2.OrdenesDivisas.WPF.vbproj
		SccProjectTopLevelParentUniqueName41 = DESKTOP_Unificada.sln
		SccProjectName41 = ../DI/A2.OrdenesDivisas.WPF
		SccLocalPath41 = ..\\DI\\A2.OrdenesDivisas.WPF
		SccProjectUniqueName42 = ..\\DI\\FormulariosDiv\\FormulariosDiv.vbproj
		SccProjectTopLevelParentUniqueName42 = DESKTOP_Unificada.sln
		SccProjectName42 = ../DI/FormulariosDiv
		SccLocalPath42 = ..\\DI\\FormulariosDiv
		SccProjectUniqueName43 = ..\\GEN\\A2.Ordenes.WPF.OPENRIA\\A2.Ordenes.WPF.OPENRIA.vbproj
		SccProjectTopLevelParentUniqueName43 = DESKTOP_Unificada.sln
		SccProjectName43 = ../GEN/A2.Ordenes.WPF.OPENRIA
		SccLocalPath43 = ..\\GEN\\A2.Ordenes.WPF.OPENRIA
		SccProjectUniqueName44 = ..\\GEN\\A2.Ordenes.WPF\\A2.Ordenes.WPF.vbproj
		SccProjectTopLevelParentUniqueName44 = DESKTOP_Unificada.sln
		SccProjectName44 = ../GEN/A2.Ordenes.WPF
		SccLocalPath44 = ..\\GEN\\A2.Ordenes.WPF
		SccProjectUniqueName45 = ..\\GEN\\A2.Utilidades.Controles.WPF\\A2.Utilidades.Controles.WPF.vbproj
		SccProjectTopLevelParentUniqueName45 = DESKTOP_Unificada.sln
		SccProjectName45 = ../GEN/A2.Utilidades.Controles.WPF
		SccLocalPath45 = ..\\GEN\\A2.Utilidades.Controles.WPF
		SccProjectUniqueName46 = ..\\NET\\A2.OyD.OYDServer.OPENRIA.Bolsa\\A2.OyD.OYDServer.OPENRIA.Bolsa.vbproj
		SccProjectTopLevelParentUniqueName46 = DESKTOP_Unificada.sln
		SccProjectName46 = ../NET/A2.OyD.OYDServer.OPENRIA.Bolsa
		SccLocalPath46 = ..\\NET\\A2.OyD.OYDServer.OPENRIA.Bolsa
		SccProjectUniqueName47 = ..\\NET\\A2.OyD.OYDServer.OPENRIA.CitiBank\\A2.OyD.OYDServer.OPENRIA.CitiBank.vbproj
		SccProjectTopLevelParentUniqueName47 = DESKTOP_Unificada.sln
		SccProjectName47 = ../NET/A2.OyD.OYDServer.OPENRIA.CitiBank
		SccLocalPath47 = ..\\NET\\A2.OyD.OYDServer.OPENRIA.CitiBank
		SccProjectUniqueName48 = ..\\NET\\A2.OyD.OYDServer.OPENRIA.Clientes\\A2.OyD.OYDServer.OPENRIA.Clientes.vbproj
		SccProjectTopLevelParentUniqueName48 = DESKTOP_Unificada.sln
		SccProjectName48 = ../NET/A2.OyD.OYDServer.OPENRIA.Clientes
		SccLocalPath48 = ..\\NET\\A2.OyD.OYDServer.OPENRIA.Clientes
		SccProjectUniqueName49 = ..\\NET\\A2.OyD.OYDServer.OPENRIA.MILA\\A2.OyD.OYDServer.OPENRIA.MILA.vbproj
		SccProjectTopLevelParentUniqueName49 = DESKTOP_Unificada.sln
		SccProjectName49 = ../NET/A2.OyD.OYDServer.OPENRIA.MILA
		SccLocalPath49 = ..\\NET\\A2.OyD.OYDServer.OPENRIA.MILA
		SccProjectUniqueName50 = ..\\NET\\A2.OyD.OYDServer.OPENRIA.Operaciones\\A2.OyD.OYDServer.OPENRIA.Operaciones.vbproj
		SccProjectTopLevelParentUniqueName50 = DESKTOP_Unificada.sln
		SccProjectName50 = ../NET/A2.OyD.OYDServer.OPENRIA.Operaciones
		SccLocalPath50 = ..\\NET\\A2.OyD.OYDServer.OPENRIA.Operaciones
		SccProjectUniqueName51 = ..\\NET\\A2.OyD.OYDServer.OPENRIA.Ordenes\\A2.OyD.OYDServer.OPENRIA.Ordenes.vbproj
		SccProjectTopLevelParentUniqueName51 = DESKTOP_Unificada.sln
		SccProjectName51 = ../NET/A2.OyD.OYDServer.OPENRIA.Ordenes
		SccLocalPath51 = ..\\NET\\A2.OyD.OYDServer.OPENRIA.Ordenes
		SccProjectUniqueName52 = ..\\NET\\A2.OyD.OYDServer.OPENRIA.OTC\\A2.OyD.OYDServer.OPENRIA.OTC.vbproj
		SccProjectTopLevelParentUniqueName52 = DESKTOP_Unificada.sln
		SccProjectName52 = ../NET/A2.OyD.OYDServer.OPENRIA.OTC
		SccLocalPath52 = ..\\NET\\A2.OyD.OYDServer.OPENRIA.OTC
		SccProjectUniqueName53 = ..\\NET\\A2.OyD.OYDServer.OPENRIA.Yankees\\A2.OyD.OYDServer.OPENRIA.Yankees.vbproj
		SccProjectTopLevelParentUniqueName53 = DESKTOP_Unificada.sln
		SccProjectName53 = ../NET/A2.OyD.OYDServer.OPENRIA.Yankees
		SccLocalPath53 = ..\\NET\\A2.OyD.OYDServer.OPENRIA.Yankees
		SccProjectUniqueName54 = ..\\NET\\A2.OyD.Bolsa.WPF\\A2.OyD.Bolsa.WPF.vbproj
		SccProjectTopLevelParentUniqueName54 = DESKTOP_Unificada.sln
		SccProjectName54 = ../NET/A2.OyD.Bolsa.WPF
		SccLocalPath54 = ..\\NET\\A2.OyD.Bolsa.WPF
		SccProjectUniqueName55 = ..\\NET\\A2.OyD.CitiBank.WPF\\A2.OyD.CitiBank.WPF.vbproj
		SccProjectTopLevelParentUniqueName55 = DESKTOP_Unificada.sln
		SccProjectName55 = ../NET/A2.OyD.CitiBank.WPF
		SccLocalPath55 = ..\\NET\\A2.OyD.CitiBank.WPF
		SccProjectUniqueName56 = ..\\NET\\A2.OyD.Clientes.WPF\\A2.OyD.Clientes.WPF.vbproj
		SccProjectTopLevelParentUniqueName56 = DESKTOP_Unificada.sln
		SccProjectName56 = ../NET/A2.OyD.Clientes.WPF
		SccLocalPath56 = ..\\NET\\A2.OyD.Clientes.WPF
		SccProjectUniqueName57 = ..\\NET\\A2.OyD.Maestros.WPF\\A2.OyD.Maestros.WPF.vbproj
		SccProjectTopLevelParentUniqueName57 = DESKTOP_Unificada.sln
		SccProjectName57 = ../NET/A2.OyD.Maestros.WPF
		SccLocalPath57 = ..\\NET\\A2.OyD.Maestros.WPF
		SccProjectUniqueName58 = ..\\NET\\A2.OyD.MI.WPF\\A2.OyD.MI.WPF.vbproj
		SccProjectTopLevelParentUniqueName58 = DESKTOP_Unificada.sln
		SccProjectName58 = ../NET/A2.OyD.MI.WPF
		SccLocalPath58 = ..\\NET\\A2.OyD.MI.WPF
		SccProjectUniqueName59 = ..\\NET\\A2.OyD.Operaciones.WPF\\A2.OyD.Operaciones.WPF.vbproj
		SccProjectTopLevelParentUniqueName59 = DESKTOP_Unificada.sln
		SccProjectName59 = ../NET/A2.OyD.Operaciones.WPF
		SccLocalPath59 = ..\\NET\\A2.OyD.Operaciones.WPF
		SccProjectUniqueName60 = ..\\NET\\A2.OyD.Ordenes.WPF\\A2.OyD.Ordenes.WPF.vbproj
		SccProjectTopLevelParentUniqueName60 = DESKTOP_Unificada.sln
		SccProjectName60 = ../NET/A2.OyD.Ordenes.WPF
		SccLocalPath60 = ..\\NET\\A2.OyD.Ordenes.WPF
		SccProjectUniqueName61 = ..\\NET\\A2.OyD.OTC.WPF\\A2.OyD.OTC.WPF.vbproj
		SccProjectTopLevelParentUniqueName61 = DESKTOP_Unificada.sln
		SccProjectName61 = ../NET/A2.OyD.OTC.WPF
		SccLocalPath61 = ..\\NET\\A2.OyD.OTC.WPF
		SccProjectUniqueName62 = ..\\NET\\A2.OyD.Utilidades.WPF\\A2.OyD.Utilidades.WPF.vbproj
		SccProjectTopLevelParentUniqueName62 = DESKTOP_Unificada.sln
		SccProjectName62 = ../NET/A2.OyD.Utilidades.WPF
		SccLocalPath62 = ..\\NET\\A2.OyD.Utilidades.WPF
		SccProjectUniqueName63 = ..\\NET\\A2.OyD.Yankees.WPF\\A2.OyD.Yankees.WPF.vbproj
		SccProjectTopLevelParentUniqueName63 = DESKTOP_Unificada.sln
		SccProjectName63 = ../NET/A2.OyD.Yankees.WPF
		SccLocalPath63 = ..\\NET\\A2.OyD.Yankees.WPF
		SccProjectUniqueName64 = ..\\PLUS\\A2.OyD.OYDServer.OPENRIA.PLUSDeceval\\A2.OyD.OYDServer.OPENRIA.PLUSDeceval.vbproj
		SccProjectTopLevelParentUniqueName64 = DESKTOP_Unificada.sln
		SccProjectName64 = ../PLUS/A2.OyD.OYDServer.OPENRIA.PLUSDeceval
		SccLocalPath64 = ..\\PLUS\\A2.OyD.OYDServer.OPENRIA.PLUSDeceval
		SccProjectUniqueName65 = ..\\PLUS\\A2.OyD.OYDServer.OPENRIA.PLUSGarantias\\A2.OyD.OYDServer.OPENRIA.PLUSGarantias.vbproj
		SccProjectTopLevelParentUniqueName65 = DESKTOP_Unificada.sln
		SccProjectName65 = ../PLUS/A2.OyD.OYDServer.OPENRIA.PLUSGarantias
		SccLocalPath65 = ..\\PLUS\\A2.OyD.OYDServer.OPENRIA.PLUSGarantias
		SccProjectUniqueName66 = ..\\PLUS\\A2.OyD.OYDServer.OPENRIA.PLUSMaestros\\A2.OyD.OYDServer.OPENRIA.PLUSMaestros.vbproj
		SccProjectTopLevelParentUniqueName66 = DESKTOP_Unificada.sln
		SccProjectName66 = ../PLUS/A2.OyD.OYDServer.OPENRIA.PLUSMaestros
		SccLocalPath66 = ..\\PLUS\\A2.OyD.OYDServer.OPENRIA.PLUSMaestros
		SccProjectUniqueName67 = ..\\PLUS\\A2.OyD.OYDServer.OPENRIA.PLUSOrd\\A2.OyD.OYDServer.OPENRIA.PLUSOrd.vbproj
		SccProjectTopLevelParentUniqueName67 = DESKTOP_Unificada.sln
		SccProjectName67 = ../PLUS/A2.OyD.OYDServer.OPENRIA.PLUSOrd
		SccLocalPath67 = ..\\PLUS\\A2.OyD.OYDServer.OPENRIA.PLUSOrd
		SccProjectUniqueName68 = ..\\PLUS\\A2.OyD.OYDServer.OPENRIA.PLUSOrdenesBolsa\\A2.OyD.OYDServer.OPENRIA.PLUSOrdenesBolsa.vbproj
		SccProjectTopLevelParentUniqueName68 = DESKTOP_Unificada.sln
		SccProjectName68 = ../PLUS/A2.OyD.OYDServer.OPENRIA.PLUSOrdenesBolsa
		SccLocalPath68 = ..\\PLUS\\A2.OyD.OYDServer.OPENRIA.PLUSOrdenesBolsa
		SccProjectUniqueName69 = ..\\PLUS\\A2.OyD.OYDServer.OPENRIA.PLUSOrdenesDerivados\\A2.OyD.OYDServer.OPENRIA.PLUSOrdenesDerivados.vbproj
		SccProjectTopLevelParentUniqueName69 = DESKTOP_Unificada.sln
		SccProjectName69 = ../PLUS/A2.OyD.OYDServer.OPENRIA.PLUSOrdenesDerivados
		SccLocalPath69 = ..\\PLUS\\A2.OyD.OYDServer.OPENRIA.PLUSOrdenesDerivados
		SccProjectUniqueName70 = ..\\PLUS\\A2.OyD.OYDServer.OPENRIA.PLUSOrdenesDivisas\\A2.OyD.OYDServer.OPENRIA.PLUSOrdenesDivisas.vbproj
		SccProjectTopLevelParentUniqueName70 = DESKTOP_Unificada.sln
		SccProjectName70 = ../PLUS/A2.OyD.OYDServer.OPENRIA.PLUSOrdenesDivisas
		SccLocalPath70 = ..\\PLUS\\A2.OyD.OYDServer.OPENRIA.PLUSOrdenesDivisas
		SccProjectUniqueName71 = ..\\PLUS\\A2.OyD.OYDServer.OPENRIA.PLUSOrdenesOF\\A2.OyD.OYDServer.OPENRIA.PLUSOrdenesOF.vbproj
		SccProjectTopLevelParentUniqueName71 = DESKTOP_Unificada.sln
		SccProjectName71 = ../PLUS/A2.OyD.OYDServer.OPENRIA.PLUSOrdenesOF
		SccLocalPath71 = ..\\PLUS\\A2.OyD.OYDServer.OPENRIA.PLUSOrdenesOF
		SccProjectUniqueName72 = ..\\PLUS\\A2.OyD.OYDServer.OPENRIA.PLUSTesoreria\\A2.OyD.OYDServer.OPENRIA.PLUSTesoreria.vbproj
		SccProjectTopLevelParentUniqueName72 = DESKTOP_Unificada.sln
		SccProjectName72 = ../PLUS/A2.OyD.OYDServer.OPENRIA.PLUSTesoreria
		SccLocalPath72 = ..\\PLUS\\A2.OyD.OYDServer.OPENRIA.PLUSTesoreria
		SccProjectUniqueName73 = ..\\PLUS\\A2.OyD.OYDServer.OPENRIA.PLUSUtil\\A2.OyD.OYDServer.OPENRIA.PLUSUtil.vbproj
		SccProjectTopLevelParentUniqueName73 = DESKTOP_Unificada.sln
		SccProjectName73 = ../PLUS/A2.OyD.OYDServer.OPENRIA.PLUSUtil
		SccLocalPath73 = ..\\PLUS\\A2.OyD.OYDServer.OPENRIA.PLUSUtil
		SccProjectUniqueName74 = ..\\PLUS\\A2.OyD.OYDServer.OPENRIA.PlusUtilidades\\A2.OyD.OYDServer.OPENRIA.PlusUtilidades.vbproj
		SccProjectTopLevelParentUniqueName74 = DESKTOP_Unificada.sln
		SccProjectName74 = ../PLUS/A2.OyD.OYDServer.OPENRIA.PlusUtilidades
		SccLocalPath74 = ..\\PLUS\\A2.OyD.OYDServer.OPENRIA.PlusUtilidades
		SccProjectUniqueName75 = ..\\PLUS\\A2.OyD.PLUSDeceval.WPF\\A2.OyD.PLUSDeceval.WPF.vbproj
		SccProjectTopLevelParentUniqueName75 = DESKTOP_Unificada.sln
		SccProjectName75 = ../PLUS/A2.OyD.PLUSDeceval.WPF
		SccLocalPath75 = ..\\PLUS\\A2.OyD.PLUSDeceval.WPF
		SccProjectUniqueName76 = ..\\PLUS\\A2.OyD.PLUSGarantias.WPF\\A2.OyD.PLUSGarantias.WPF.vbproj
		SccProjectTopLevelParentUniqueName76 = DESKTOP_Unificada.sln
		SccProjectName76 = ../PLUS/A2.OyD.PLUSGarantias.WPF
		SccLocalPath76 = ..\\PLUS\\A2.OyD.PLUSGarantias.WPF
		SccProjectUniqueName77 = ..\\PLUS\\A2.OyD.PLUSMaestros.WPF\\A2.OyD.PLUSMaestros.WPF.vbproj
		SccProjectTopLevelParentUniqueName77 = DESKTOP_Unificada.sln
		SccProjectName77 = ../PLUS/A2.OyD.PLUSMaestros.WPF
		SccLocalPath77 = ..\\PLUS\\A2.OyD.PLUSMaestros.WPF
		SccProjectUniqueName78 = ..\\PLUS\\A2.OyD.PLUSUtilidades.WPF\\A2.OyD.PLUSUtilidades.WPF.vbproj
		SccProjectTopLevelParentUniqueName78 = DESKTOP_Unificada.sln
		SccProjectName78 = ../PLUS/A2.OyD.PLUSUtilidades.WPF
		SccLocalPath78 = ..\\PLUS\\A2.OyD.PLUSUtilidades.WPF
		SccProjectUniqueName79 = ..\\PLUS\\A2.OyD.PLUSOrdenesBolsa.WPF\\A2.OyD.PLUSOrdenesBolsa.WPF.vbproj
		SccProjectTopLevelParentUniqueName79 = DESKTOP_Unificada.sln
		SccProjectName79 = ../PLUS/A2.OyD.PLUSOrdenesBolsa.WPF
		SccLocalPath79 = ..\\PLUS\\A2.OyD.PLUSOrdenesBolsa.WPF
		SccProjectUniqueName80 = ..\\PLUS\\A2.OyD.PLUSOrdenesDerivados.WPF\\A2.OyD.PLUSOrdenesDerivados.WPF.vbproj
		SccProjectTopLevelParentUniqueName80 = DESKTOP_Unificada.sln
		SccProjectName80 = ../PLUS/A2.OyD.PLUSOrdenesDerivados.WPF
		SccLocalPath80 = ..\\PLUS\\A2.OyD.PLUSOrdenesDerivados.WPF
		SccProjectUniqueName81 = ..\\PLUS\\A2.OyD.PLUSOrdenesDivisas.WPF\\A2.OyD.PLUSOrdenesDivisas.WPF.vbproj
		SccProjectTopLevelParentUniqueName81 = DESKTOP_Unificada.sln
		SccProjectName81 = ../PLUS/A2.OyD.PLUSOrdenesDivisas.WPF
		SccLocalPath81 = ..\\PLUS\\A2.OyD.PLUSOrdenesDivisas.WPF
		SccProjectUniqueName82 = ..\\PLUS\\A2.OyD.PLUSOrdenesOF.WPF\\A2.OyD.PLUSOrdenesOF.WPF.vbproj
		SccProjectTopLevelParentUniqueName82 = DESKTOP_Unificada.sln
		SccProjectName82 = ../PLUS/A2.OyD.PLUSOrdenesOF.WPF
		SccLocalPath82 = ..\\PLUS\\A2.OyD.PLUSOrdenesOF.WPF
		SccProjectUniqueName83 = ..\\PLUS\\A2.OyD.PLUSOrdenes.WPF\\A2.OyD.PLUSOrdenes.WPF.vbproj
		SccProjectTopLevelParentUniqueName83 = DESKTOP_Unificada.sln
		SccProjectName83 = ../PLUS/A2.OyD.PLUSOrdenes.WPF
		SccLocalPath83 = ..\\PLUS\\A2.OyD.PLUSOrdenes.WPF
		SccProjectUniqueName84 = ..\\PLUS\\A2.OyD.PLUSTesoreria.WPF\\A2.OyD.PLUSTesoreria.WPF.vbproj
		SccProjectTopLevelParentUniqueName84 = DESKTOP_Unificada.sln
		SccProjectName84 = ../PLUS/A2.OyD.PLUSTesoreria.WPF
		SccLocalPath84 = ..\\PLUS\\A2.OyD.PLUSTesoreria.WPF
		SccProjectUniqueName85 = ..\\PLUS\\A2.OyD.VisorOrdenSeteador_WPF\\A2.OyD.VisorOrdenSeteador.vbproj
		SccProjectTopLevelParentUniqueName85 = DESKTOP_Unificada.sln
		SccProjectName85 = ../PLUS/A2.OyD.VisorOrdenSeteador_WPF
		SccLocalPath85 = ..\\PLUS\\A2.OyD.VisorOrdenSeteador_WPF
		SccProjectUniqueName86 = ..\\RI\\A2.Riesgos.OPENRIA\\A2.Riesgos.OPENRIA.vbproj
		SccProjectTopLevelParentUniqueName86 = DESKTOP_Unificada.sln
		SccProjectName86 = ../RI/A2.Riesgos.OPENRIA
		SccLocalPath86 = ..\\RI\\A2.Riesgos.OPENRIA
		SccProjectUniqueName87 = ..\\RI\\A2.Riesgos.WPF\\A2.Riesgos.WPF.vbproj
		SccProjectTopLevelParentUniqueName87 = DESKTOP_Unificada.sln
		SccProjectName87 = ../RI/A2.Riesgos.WPF
		SccLocalPath87 = ..\\RI\\A2.Riesgos.WPF
		SccProjectUniqueName88 = ..\\_Consola\\A2.Consola.WPF\\A2.Consola.WPF.vbproj
		SccProjectName88 = ../_Consola/A2.Consola.WPF
		SccLocalPath88 = ..\\_Consola\\A2.Consola.WPF
		SccProjectUniqueName89 = ..\\PLAT\\A2.PLAT.Maestros.OPENRIA\\A2.PLAT.Maestros.OPENRIA.vbproj
		SccProjectTopLevelParentUniqueName89 = DESKTOP_Unificada.sln
		SccProjectName89 = ../PLAT/A2.PLAT.Maestros.OPENRIA
		SccLocalPath89 = ..\\PLAT\\A2.PLAT.Maestros.OPENRIA
		SccProjectUniqueName90 = ..\\PLAT\\A2.PLAT.Maestros.WPF\\A2.PLAT.Maestros.WPF.vbproj
		SccProjectTopLevelParentUniqueName90 = DESKTOP_Unificada.sln
		SccProjectName90 = ../PLAT/A2.PLAT.Maestros.WPF
		SccLocalPath90 = ..\\PLAT\\A2.PLAT.Maestros.WPF
		SccProjectUniqueName91 = ..\\PLAT\\A2.PLAT.Preordenes.OPENRIA\\A2.PLAT.Preordenes.OPENRIA.vbproj
		SccProjectTopLevelParentUniqueName91 = DESKTOP_Unificada.sln
		SccProjectName91 = ../PLAT/A2.PLAT.Preordenes.OPENRIA
		SccLocalPath91 = ..\\PLAT\\A2.PLAT.Preordenes.OPENRIA
		SccProjectUniqueName92 = ..\\PLAT\\A2.PLAT.Preordenes.WPF\\A2.PLAT.Preordenes.WPF.vbproj
		SccProjectTopLevelParentUniqueName92 = DESKTOP_Unificada.sln
		SccProjectName92 = ../PLAT/A2.PLAT.Preordenes.WPF
		SccLocalPath92 = ..\\PLAT\\A2.PLAT.Preordenes.WPF
	EndGlobalSection
EndGlobal
