
Microsoft Visual Studio Solution File, Format Version 12.00
# Visual Studio 14
VisualStudioVersion = 14.0.25420.1
MinimumVisualStudioVersion = 10.0.40219.1
Project("{2150E333-8FDC-42A3-9474-1A3956D46DE8}") = "CF", "CF", "{CFC1B2BD-4147-4990-B715-85AF0020C545}"
EndProject
Project("{F184B08F-C81C-45F6-A57F-5ABD9991F28F}") = "A2.CF.RIA.CalculosFinancieros.Web", "..\CF\A2.CF.RIA.CalculosFinancieros.Web\A2.CF.RIA.CalculosFinancieros.Web.vbproj", "{EA5D3F34-0629-48D1-9A09-91D12918383B}"
EndProject
Project("{F184B08F-C81C-45F6-A57F-5ABD9991F28F}") = "A2.CF.RIA.CodificacionContable.Web", "..\CF\A2.CF.RIA.CodificacionContable.Web\A2.CF.RIA.CodificacionContable.Web.vbproj", "{95138B7D-DC43-4725-9822-AF3CE14021E1}"
EndProject
Project("{F184B08F-C81C-45F6-A57F-5ABD9991F28F}") = "A2.CF.RIA.Especies.Web", "..\CF\A2.CF.RIA.Especies.Web\A2.CF.RIA.Especies.Web.vbproj", "{92EC8293-8C72-4190-AA92-40F827DC99D8}"
EndProject
Project("{F184B08F-C81C-45F6-A57F-5ABD9991F28F}") = "A2.CF.RIA.Maestros.Web", "..\CF\A2.CF.RIA.Maestros.Web\A2.CF.RIA.Maestros.Web.vbproj", "{4CDA3784-0BD8-4DBA-9ED8-068A57508736}"
EndProject
Project("{F184B08F-C81C-45F6-A57F-5ABD9991F28F}") = "A2.CF.RIA.Operaciones.Web", "..\CF\A2.CF.RIA.Operaciones.Web\A2.CF.RIA.Operaciones.Web.vbproj", "{67E93CB5-1521-46C6-B6DD-E4016E77B16C}"
EndProject
Project("{F184B08F-C81C-45F6-A57F-5ABD9991F28F}") = "A2.CF.RIA.Portafolio.Web", "..\CF\A2.CF.RIA.Portafolio.Web\A2.CF.RIA.Portafolio.Web.vbproj", "{68331015-52B3-4B94-A62F-66A1F1FC8304}"
EndProject
Project("{F184B08F-C81C-45F6-A57F-5ABD9991F28F}") = "A2.CF.RIA.ProcesarPortafolio.Web", "..\CF\A2.CF.RIA.ProcesarPortafolio.Web\A2.CF.RIA.ProcesarPortafolio.Web.vbproj", "{1F082B65-49E1-403B-8395-E2B3B5B12AE7}"
EndProject
Project("{F184B08F-C81C-45F6-A57F-5ABD9991F28F}") = "A2.CF.RIA.ReporteriaLegal.Web", "..\CF\A2.CF.RIA.ReporteriaLegal.Web\A2.CF.RIA.ReporteriaLegal.Web.vbproj", "{00CD1582-102E-4148-B12E-3435034CAE0F}"
EndProject
Project("{F184B08F-C81C-45F6-A57F-5ABD9991F28F}") = "A2.CF.RIA.TitulosNet.Web", "..\CF\A2.CF.RIA.TitulosNet.Web\A2.CF.RIA.TitulosNet.Web.vbproj", "{D2A3C66E-E30F-4225-A960-6487DD344EE8}"
EndProject
Project("{2150E333-8FDC-42A3-9474-1A3956D46DE8}") = "DE", "DE", "{70749C90-6126-4967-9737-844142FCAF7B}"
EndProject
Project("{F184B08F-C81C-45F6-A57F-5ABD9991F28F}") = "A2.DER.Maestros.OPENRIA.WEB", "..\DE\A2.DER.Maestros.OPENRIA.WEB\A2.DER.Maestros.OPENRIA.WEB.vbproj", "{AB0007AF-9522-4500-BE4A-125FC93CDB3E}"
EndProject
Project("{F184B08F-C81C-45F6-A57F-5ABD9991F28F}") = "A2.DER.Operaciones.OPENRIA.WEB", "..\DE\A2.DER.Operaciones.OPENRIA.WEB\A2.DER.Operaciones.OPENRIA.WEB.vbproj", "{6416EC2B-0D4D-4D70-9354-6F7F6008D907}"
EndProject
Project("{F184B08F-C81C-45F6-A57F-5ABD9991F28F}") = "A2.DER.Ordenes.OPENRIA.WEB", "..\DE\A2.DER.Ordenes.OPENRIA.WEB\A2.DER.Ordenes.OPENRIA.WEB.vbproj", "{2C159C5A-6F3D-4899-94BD-91DDC8498680}"
EndProject
Project("{2150E333-8FDC-42A3-9474-1A3956D46DE8}") = "DI", "DI", "{BCE91644-EA42-41B1-8E94-73E2931F56E1}"
EndProject
Project("{F184B08F-C81C-45F6-A57F-5ABD9991F28F}") = "A2.FormulariosDivisas.WPF.OPENRIA.WEB", "..\DI\A2.FormulariosDivisas.WPF.OPENRIA.WEB\A2.FormulariosDivisas.WPF.OPENRIA.WEB.vbproj", "{C4D1F390-D0CC-4066-BE38-94F0D316A620}"
EndProject
Project("{F184B08F-C81C-45F6-A57F-5ABD9991F28F}") = "A2.OrdenesDivisas.WPF.OPENRIA.WEB", "..\DI\A2.OrdenesDivisas.WPF.OPENRIA.WEB\A2.OrdenesDivisas.WPF.OPENRIA.WEB.vbproj", "{0C05D3FC-C9BA-4A4D-ACA9-538940CA0407}"
EndProject
Project("{2150E333-8FDC-42A3-9474-1A3956D46DE8}") = "GEN", "GEN", "{A1B30DF1-16A9-4791-98F4-31A6EF9ACACE}"
EndProject
Project("{F184B08F-C81C-45F6-A57F-5ABD9991F28F}") = "A2.CF.RIA.Utilidades.Web", "..\GEN\A2.CF.RIA.Utilidades.Web\A2.CF.RIA.Utilidades.Web.vbproj", "{1A238C67-5A46-49E5-8BD0-290B25FAE77F}"
EndProject
Project("{F184B08F-C81C-45F6-A57F-5ABD9991F28F}") = "A2.Ordenes.WPF.OPENRIA.WEB", "..\GEN\A2.Ordenes.WPF.OPENRIA.WEB\A2.Ordenes.WPF.OPENRIA.WEB.vbproj", "{79C96F87-E4E6-41CC-A47E-17B37390BF25}"
EndProject
Project("{F184B08F-C81C-45F6-A57F-5ABD9991F28F}") = "A2.OyD.OYDServer.RIA.Importaciones.Web", "..\GEN\A2.OyD.OYDServer.RIA.Importaciones.Web\A2.OyD.OYDServer.RIA.Importaciones.Web.vbproj", "{12A5AFDE-EB13-4899-8B5B-34907AD5CBB1}"
EndProject
Project("{F184B08F-C81C-45F6-A57F-5ABD9991F28F}") = "A2.OyD.OYDServer.RIA.Utilidades.Web", "..\GEN\A2.OyD.OYDServer.RIA.Utilidades.Web\A2.OyD.OYDServer.RIA.Utilidades.Web.vbproj", "{6E5599C1-1880-4B6B-8A3C-390CBD5A308B}"
EndProject
Project("{F184B08F-C81C-45F6-A57F-5ABD9991F28F}") = "A2.Personas.WPF.OPENRIA.WEB", "..\GEN\A2.Personas.WPF.OPENRIA.WEB\A2.Personas.WPF.OPENRIA.WEB.vbproj", "{81B71119-802C-4748-A1B2-5A614ABFDFB6}"
EndProject
Project("{F184B08F-C81C-45F6-A57F-5ABD9991F28F}") = "A2.Utilidades.OPENRIA.Web", "..\GEN\A2.Utilidades.OPENRIA.Web\A2.Utilidades.OPENRIA.Web.vbproj", "{C990BE66-417F-4225-AD36-51656CE74E7C}"
EndProject
Project("{2150E333-8FDC-42A3-9474-1A3956D46DE8}") = "NET", "NET", "{17A365EE-ED1F-4895-818C-1037E3D10596}"
EndProject
Project("{F184B08F-C81C-45F6-A57F-5ABD9991F28F}") = "A2.OyD.OYDServer.RIA.Bolsa.Web", "..\NET\A2.OyD.OYDServer.RIA.Bolsa.Web\A2.OyD.OYDServer.RIA.Bolsa.Web.vbproj", "{841799D0-05AD-4AB7-9604-09CD485B7398}"
EndProject
Project("{F184B08F-C81C-45F6-A57F-5ABD9991F28F}") = "A2.OyD.OYDServer.RIA.CitiBank.Web", "..\NET\A2.OyD.OYDServer.RIA.CitiBank.Web\A2.OyD.OYDServer.RIA.CitiBank.Web.vbproj", "{38712021-648D-4145-9683-3BC73A2787FC}"
EndProject
Project("{F184B08F-C81C-45F6-A57F-5ABD9991F28F}") = "A2.OyD.OYDServer.RIA.Clientes.Web", "..\NET\A2.OyD.OYDServer.RIA.Clientes.Web\A2.OyD.OYDServer.RIA.Clientes.Web.vbproj", "{DF4E6194-0552-4731-9C56-555AE594DBC5}"
EndProject
Project("{F184B08F-C81C-45F6-A57F-5ABD9991F28F}") = "A2.OyD.OYDServer.RIA.Maestros.Web", "..\NET\A2.OyD.OYDServer.RIA.Maestros.Web\A2.OyD.OYDServer.RIA.Maestros.Web.vbproj", "{CC496F39-7244-45B8-B124-D234862B2913}"
EndProject
Project("{F184B08F-C81C-45F6-A57F-5ABD9991F28F}") = "A2.OyD.OYDServer.RIA.MILA.Web", "..\NET\A2.OyD.OYDServer.RIA.MILA.Web\A2.OyD.OYDServer.RIA.MILA.Web.vbproj", "{89A27ABB-38BC-44AD-8B33-634B13BC9E4A}"
EndProject
Project("{F184B08F-C81C-45F6-A57F-5ABD9991F28F}") = "A2.OyD.OYDServer.RIA.Operaciones.Web", "..\NET\A2.OyD.OYDServer.RIA.Operaciones.Web\A2.OyD.OYDServer.RIA.Operaciones.Web.vbproj", "{3D4DC19D-D50A-4C6E-8A4E-A18E43A967C7}"
EndProject
Project("{F184B08F-C81C-45F6-A57F-5ABD9991F28F}") = "A2.OyD.OYDServer.RIA.Ordenes.Web", "..\NET\A2.OyD.OYDServer.RIA.Ordenes.Web\A2.OyD.OYDServer.RIA.Ordenes.Web.vbproj", "{DFDB1FAF-D7BD-4821-AE96-0F0A623404D4}"
EndProject
Project("{F184B08F-C81C-45F6-A57F-5ABD9991F28F}") = "A2.OyD.OYDServer.RIA.OTC.Web", "..\NET\A2.OyD.OYDServer.RIA.OTC.Web\A2.OyD.OYDServer.RIA.OTC.Web.vbproj", "{5E61FA3A-1B0A-41BF-A305-0863125BF44E}"
EndProject
Project("{F184B08F-C81C-45F6-A57F-5ABD9991F28F}") = "A2.OyD.OYDServer.RIA.Tesoreria.Web", "..\NET\A2.OyD.OYDServer.RIA.Tesoreria.Web\A2.OyD.OYDServer.RIA.Tesoreria.Web.vbproj", "{70E434C2-8078-44CF-99D6-E744E7AAADCE}"
EndProject
Project("{F184B08F-C81C-45F6-A57F-5ABD9991F28F}") = "A2.OyD.OYDServer.RIA.Yankees.Web", "..\NET\A2.OyD.OYDServer.RIA.Yankees.Web\A2.OyD.OYDServer.RIA.Yankees.Web.vbproj", "{058AA398-4980-4C00-975F-AF2F2A5BAE6A}"
EndProject
Project("{2150E333-8FDC-42A3-9474-1A3956D46DE8}") = "PLUS", "PLUS", "{C2BF8BF7-A008-4D32-80E8-A7AC83EC9F96}"
EndProject
Project("{F184B08F-C81C-45F6-A57F-5ABD9991F28F}") = "A2.OyD.OYDServer.RIA.PLUSDeceval.Web", "..\PLUS\A2.OyD.OYDServer.RIA.PLUSDeceval.Web\A2.OyD.OYDServer.RIA.PLUSDeceval.Web.vbproj", "{0E9B3009-06F1-4083-A03B-ECEB01E9A943}"
EndProject
Project("{F184B08F-C81C-45F6-A57F-5ABD9991F28F}") = "A2.OyD.OYDServer.RIA.PLUSGarantias.Web", "..\PLUS\A2.OyD.OYDServer.RIA.PLUSGarantias.Web\A2.OyD.OYDServer.RIA.PLUSGarantias.Web.vbproj", "{46E24179-D839-43BF-A86A-1F31974F1A02}"
EndProject
Project("{F184B08F-C81C-45F6-A57F-5ABD9991F28F}") = "A2.OyD.OYDServer.RIA.PLUSMaestros.Web", "..\PLUS\A2.OyD.OYDServer.RIA.PLUSMaestros.Web\A2.OyD.OYDServer.RIA.PLUSMaestros.Web.vbproj", "{AC9D0D3F-D0F4-4EEF-A155-46EFBBAB7BCE}"
EndProject
Project("{F184B08F-C81C-45F6-A57F-5ABD9991F28F}") = "A2.OyD.OYDServer.RIA.PLUSOrdenes.Web", "..\PLUS\A2.OyD.OYDServer.RIA.PLUSOrdenes.Web\A2.OyD.OYDServer.RIA.PLUSOrdenes.Web.vbproj", "{A08EA0BB-C95B-46A5-9786-D79626665503}"
EndProject
Project("{F184B08F-C81C-45F6-A57F-5ABD9991F28F}") = "A2.OyD.OYDServer.RIA.PLUSOrdenesBolsa.Web", "..\PLUS\A2.OyD.OYDServer.RIA.PLUSOrdenesBolsa.Web\A2.OyD.OYDServer.RIA.PLUSOrdenesBolsa.Web.vbproj", "{33EA4E0C-53D4-4754-AD35-AE51BB45B1BF}"
EndProject
Project("{F184B08F-C81C-45F6-A57F-5ABD9991F28F}") = "A2.OyD.OYDServer.RIA.PLUSOrdenesDerivados.Web", "..\PLUS\A2.OyD.OYDServer.RIA.PLUSOrdenesDerivados.Web\A2.OyD.OYDServer.RIA.PLUSOrdenesDerivados.Web.vbproj", "{694E40AE-E680-4699-95A3-416C8A60437A}"
EndProject
Project("{F184B08F-C81C-45F6-A57F-5ABD9991F28F}") = "A2.OyD.OYDServer.RIA.PLUSOrdenesDivisas.Web", "..\PLUS\A2.OyD.OYDServer.RIA.PLUSOrdenesDivisas.Web\A2.OyD.OYDServer.RIA.PLUSOrdenesDivisas.Web.vbproj", "{A3E3F809-C41A-4D9F-822D-EC5E08F40420}"
EndProject
Project("{F184B08F-C81C-45F6-A57F-5ABD9991F28F}") = "A2.OyD.OYDServer.RIA.PLUSOrdenesOF.Web", "..\PLUS\A2.OyD.OYDServer.RIA.PLUSOrdenesOF.Web\A2.OyD.OYDServer.RIA.PLUSOrdenesOF.Web.vbproj", "{8696E95F-2251-4266-B379-C5A9A5D6F3A1}"
EndProject
Project("{F184B08F-C81C-45F6-A57F-5ABD9991F28F}") = "A2.OyD.OYDServer.RIA.PLUSTesoreria.Web", "..\PLUS\A2.OyD.OYDServer.RIA.PLUSTesoreria.Web\A2.OyD.OYDServer.RIA.PLUSTesoreria.Web.vbproj", "{8E630EFC-86EF-4A68-9B91-51A676CC8869}"
EndProject
Project("{F184B08F-C81C-45F6-A57F-5ABD9991F28F}") = "A2.OyD.OYDServer.RIA.PLUSUtilidades.Web", "..\PLUS\A2.OyD.OYDServer.RIA.PLUSUtilidades.Web\A2.OyD.OYDServer.RIA.PLUSUtilidades.Web.vbproj", "{D6A3634E-A88C-4A19-A69A-DD959F081A47}"
EndProject
Project("{2150E333-8FDC-42A3-9474-1A3956D46DE8}") = "RI", "RI", "{54EFA986-E013-4710-8EF5-8EA66141CE5D}"
EndProject
Project("{F184B08F-C81C-45F6-A57F-5ABD9991F28F}") = "A2.Riesgos.RIA.Web", "..\RI\A2.Riesgos.RIA.Web\A2.Riesgos.RIA.Web.vbproj", "{5AD886CB-9D5A-4E84-977D-C3D51A6FF6FF}"
EndProject
Project("{F184B08F-C81C-45F6-A57F-5ABD9991F28F}") = "A2.OyD.OYDServer.Services", "..\_Consola\A2.OyD.OYDServer.Services\A2.OyD.OYDServer.Services.vbproj", "{65625CAD-3ED7-4AFF-AF40-5536F94ED875}"
EndProject
Project("{F184B08F-C81C-45F6-A57F-5ABD9991F28F}") = "A2.OyD.Infraestructura", "..\GEN\A2.OyD.Infraestructura\A2.OyD.Infraestructura.vbproj", "{6FC84C6F-8959-473C-BABB-510C5C33B2EE}"
EndProject
Project("{2150E333-8FDC-42A3-9474-1A3956D46DE8}") = "PLAT", "PLAT", "{D0F51C6F-DBD2-424C-B0AF-144391588AD8}"
EndProject
Project("{F184B08F-C81C-45F6-A57F-5ABD9991F28F}") = "A2.PLAT.Maestros.OPENRIA.WEB", "..\PLAT\A2.PLAT.Maestros.OPENRIA.WEB\A2.PLAT.Maestros.OPENRIA.WEB.vbproj", "{1B80BAF3-AD90-4DE4-8246-4DBE132FEBE2}"
EndProject
Project("{F184B08F-C81C-45F6-A57F-5ABD9991F28F}") = "A2.PLAT.Preordenes.OPENRIA.WEB", "..\PLAT\A2.PLAT.Preordenes.OPENRIA.WEB\A2.PLAT.Preordenes.OPENRIA.WEB.vbproj", "{C8A6D545-DE72-4139-AAF6-3A7D26C86D30}"
EndProject
Global
	GlobalSection(SolutionConfigurationPlatforms) = preSolution
		ADIN|Any CPU = ADIN|Any CPU
		CERTIFICACION|Any CPU = CERTIFICACION|Any CPU
		Debug|Any CPU = Debug|Any CPU
		Externo|Any CPU = Externo|Any CPU
		OYD|Any CPU = OYD|Any CPU
		Release|Any CPU = Release|Any CPU
		SOPORTE|Any CPU = SOPORTE|Any CPU
		VPN|Any CPU = VPN|Any CPU
	EndGlobalSection
	GlobalSection(ProjectConfigurationPlatforms) = postSolution
		{EA5D3F34-0629-48D1-9A09-91D12918383B}.ADIN|Any CPU.ActiveCfg = ADIN|Any CPU
		{EA5D3F34-0629-48D1-9A09-91D12918383B}.ADIN|Any CPU.Build.0 = ADIN|Any CPU
		{EA5D3F34-0629-48D1-9A09-91D12918383B}.CERTIFICACION|Any CPU.ActiveCfg = CERTIFICACION|Any CPU
		{EA5D3F34-0629-48D1-9A09-91D12918383B}.CERTIFICACION|Any CPU.Build.0 = CERTIFICACION|Any CPU
		{EA5D3F34-0629-48D1-9A09-91D12918383B}.Debug|Any CPU.ActiveCfg = Debug|Any CPU
		{EA5D3F34-0629-48D1-9A09-91D12918383B}.Debug|Any CPU.Build.0 = Debug|Any CPU
		{EA5D3F34-0629-48D1-9A09-91D12918383B}.Externo|Any CPU.ActiveCfg = SOPORTE|Any CPU
		{EA5D3F34-0629-48D1-9A09-91D12918383B}.Externo|Any CPU.Build.0 = SOPORTE|Any CPU
		{EA5D3F34-0629-48D1-9A09-91D12918383B}.OYD|Any CPU.ActiveCfg = OYD|Any CPU
		{EA5D3F34-0629-48D1-9A09-91D12918383B}.OYD|Any CPU.Build.0 = OYD|Any CPU
		{EA5D3F34-0629-48D1-9A09-91D12918383B}.Release|Any CPU.ActiveCfg = Release|Any CPU
		{EA5D3F34-0629-48D1-9A09-91D12918383B}.Release|Any CPU.Build.0 = Release|Any CPU
		{EA5D3F34-0629-48D1-9A09-91D12918383B}.SOPORTE|Any CPU.ActiveCfg = SOPORTE|Any CPU
		{EA5D3F34-0629-48D1-9A09-91D12918383B}.SOPORTE|Any CPU.Build.0 = SOPORTE|Any CPU
		{EA5D3F34-0629-48D1-9A09-91D12918383B}.VPN|Any CPU.ActiveCfg = SOPORTE|Any CPU
		{EA5D3F34-0629-48D1-9A09-91D12918383B}.VPN|Any CPU.Build.0 = SOPORTE|Any CPU
		{95138B7D-DC43-4725-9822-AF3CE14021E1}.ADIN|Any CPU.ActiveCfg = ADIN|Any CPU
		{95138B7D-DC43-4725-9822-AF3CE14021E1}.ADIN|Any CPU.Build.0 = ADIN|Any CPU
		{95138B7D-DC43-4725-9822-AF3CE14021E1}.CERTIFICACION|Any CPU.ActiveCfg = CERTIFICACION|Any CPU
		{95138B7D-DC43-4725-9822-AF3CE14021E1}.CERTIFICACION|Any CPU.Build.0 = CERTIFICACION|Any CPU
		{95138B7D-DC43-4725-9822-AF3CE14021E1}.Debug|Any CPU.ActiveCfg = Debug|Any CPU
		{95138B7D-DC43-4725-9822-AF3CE14021E1}.Debug|Any CPU.Build.0 = Debug|Any CPU
		{95138B7D-DC43-4725-9822-AF3CE14021E1}.Externo|Any CPU.ActiveCfg = SOPORTE|Any CPU
		{95138B7D-DC43-4725-9822-AF3CE14021E1}.Externo|Any CPU.Build.0 = SOPORTE|Any CPU
		{95138B7D-DC43-4725-9822-AF3CE14021E1}.OYD|Any CPU.ActiveCfg = OYD|Any CPU
		{95138B7D-DC43-4725-9822-AF3CE14021E1}.OYD|Any CPU.Build.0 = OYD|Any CPU
		{95138B7D-DC43-4725-9822-AF3CE14021E1}.Release|Any CPU.ActiveCfg = Release|Any CPU
		{95138B7D-DC43-4725-9822-AF3CE14021E1}.Release|Any CPU.Build.0 = Release|Any CPU
		{95138B7D-DC43-4725-9822-AF3CE14021E1}.SOPORTE|Any CPU.ActiveCfg = SOPORTE|Any CPU
		{95138B7D-DC43-4725-9822-AF3CE14021E1}.SOPORTE|Any CPU.Build.0 = SOPORTE|Any CPU
		{95138B7D-DC43-4725-9822-AF3CE14021E1}.VPN|Any CPU.ActiveCfg = SOPORTE|Any CPU
		{95138B7D-DC43-4725-9822-AF3CE14021E1}.VPN|Any CPU.Build.0 = SOPORTE|Any CPU
		{92EC8293-8C72-4190-AA92-40F827DC99D8}.ADIN|Any CPU.ActiveCfg = ADIN|Any CPU
		{92EC8293-8C72-4190-AA92-40F827DC99D8}.ADIN|Any CPU.Build.0 = ADIN|Any CPU
		{92EC8293-8C72-4190-AA92-40F827DC99D8}.CERTIFICACION|Any CPU.ActiveCfg = CERTIFICACION|Any CPU
		{92EC8293-8C72-4190-AA92-40F827DC99D8}.CERTIFICACION|Any CPU.Build.0 = CERTIFICACION|Any CPU
		{92EC8293-8C72-4190-AA92-40F827DC99D8}.Debug|Any CPU.ActiveCfg = Debug|Any CPU
		{92EC8293-8C72-4190-AA92-40F827DC99D8}.Debug|Any CPU.Build.0 = Debug|Any CPU
		{92EC8293-8C72-4190-AA92-40F827DC99D8}.Externo|Any CPU.ActiveCfg = SOPORTE|Any CPU
		{92EC8293-8C72-4190-AA92-40F827DC99D8}.Externo|Any CPU.Build.0 = SOPORTE|Any CPU
		{92EC8293-8C72-4190-AA92-40F827DC99D8}.OYD|Any CPU.ActiveCfg = OYD|Any CPU
		{92EC8293-8C72-4190-AA92-40F827DC99D8}.OYD|Any CPU.Build.0 = OYD|Any CPU
		{92EC8293-8C72-4190-AA92-40F827DC99D8}.Release|Any CPU.ActiveCfg = Release|Any CPU
		{92EC8293-8C72-4190-AA92-40F827DC99D8}.Release|Any CPU.Build.0 = Release|Any CPU
		{92EC8293-8C72-4190-AA92-40F827DC99D8}.SOPORTE|Any CPU.ActiveCfg = SOPORTE|Any CPU
		{92EC8293-8C72-4190-AA92-40F827DC99D8}.SOPORTE|Any CPU.Build.0 = SOPORTE|Any CPU
		{92EC8293-8C72-4190-AA92-40F827DC99D8}.VPN|Any CPU.ActiveCfg = SOPORTE|Any CPU
		{92EC8293-8C72-4190-AA92-40F827DC99D8}.VPN|Any CPU.Build.0 = SOPORTE|Any CPU
		{4CDA3784-0BD8-4DBA-9ED8-068A57508736}.ADIN|Any CPU.ActiveCfg = ADIN|Any CPU
		{4CDA3784-0BD8-4DBA-9ED8-068A57508736}.ADIN|Any CPU.Build.0 = ADIN|Any CPU
		{4CDA3784-0BD8-4DBA-9ED8-068A57508736}.CERTIFICACION|Any CPU.ActiveCfg = CERTIFICACION|Any CPU
		{4CDA3784-0BD8-4DBA-9ED8-068A57508736}.CERTIFICACION|Any CPU.Build.0 = CERTIFICACION|Any CPU
		{4CDA3784-0BD8-4DBA-9ED8-068A57508736}.Debug|Any CPU.ActiveCfg = Debug|Any CPU
		{4CDA3784-0BD8-4DBA-9ED8-068A57508736}.Debug|Any CPU.Build.0 = Debug|Any CPU
		{4CDA3784-0BD8-4DBA-9ED8-068A57508736}.Externo|Any CPU.ActiveCfg = SOPORTE|Any CPU
		{4CDA3784-0BD8-4DBA-9ED8-068A57508736}.Externo|Any CPU.Build.0 = SOPORTE|Any CPU
		{4CDA3784-0BD8-4DBA-9ED8-068A57508736}.OYD|Any CPU.ActiveCfg = OYD|Any CPU
		{4CDA3784-0BD8-4DBA-9ED8-068A57508736}.OYD|Any CPU.Build.0 = OYD|Any CPU
		{4CDA3784-0BD8-4DBA-9ED8-068A57508736}.Release|Any CPU.ActiveCfg = Release|Any CPU
		{4CDA3784-0BD8-4DBA-9ED8-068A57508736}.Release|Any CPU.Build.0 = Release|Any CPU
		{4CDA3784-0BD8-4DBA-9ED8-068A57508736}.SOPORTE|Any CPU.ActiveCfg = SOPORTE|Any CPU
		{4CDA3784-0BD8-4DBA-9ED8-068A57508736}.SOPORTE|Any CPU.Build.0 = SOPORTE|Any CPU
		{4CDA3784-0BD8-4DBA-9ED8-068A57508736}.VPN|Any CPU.ActiveCfg = SOPORTE|Any CPU
		{4CDA3784-0BD8-4DBA-9ED8-068A57508736}.VPN|Any CPU.Build.0 = SOPORTE|Any CPU
		{67E93CB5-1521-46C6-B6DD-E4016E77B16C}.ADIN|Any CPU.ActiveCfg = ADIN|Any CPU
		{67E93CB5-1521-46C6-B6DD-E4016E77B16C}.ADIN|Any CPU.Build.0 = ADIN|Any CPU
		{67E93CB5-1521-46C6-B6DD-E4016E77B16C}.CERTIFICACION|Any CPU.ActiveCfg = CERTIFICACION|Any CPU
		{67E93CB5-1521-46C6-B6DD-E4016E77B16C}.CERTIFICACION|Any CPU.Build.0 = CERTIFICACION|Any CPU
		{67E93CB5-1521-46C6-B6DD-E4016E77B16C}.Debug|Any CPU.ActiveCfg = Debug|Any CPU
		{67E93CB5-1521-46C6-B6DD-E4016E77B16C}.Debug|Any CPU.Build.0 = Debug|Any CPU
		{67E93CB5-1521-46C6-B6DD-E4016E77B16C}.Externo|Any CPU.ActiveCfg = SOPORTE|Any CPU
		{67E93CB5-1521-46C6-B6DD-E4016E77B16C}.Externo|Any CPU.Build.0 = SOPORTE|Any CPU
		{67E93CB5-1521-46C6-B6DD-E4016E77B16C}.OYD|Any CPU.ActiveCfg = OYD|Any CPU
		{67E93CB5-1521-46C6-B6DD-E4016E77B16C}.OYD|Any CPU.Build.0 = OYD|Any CPU
		{67E93CB5-1521-46C6-B6DD-E4016E77B16C}.Release|Any CPU.ActiveCfg = Release|Any CPU
		{67E93CB5-1521-46C6-B6DD-E4016E77B16C}.Release|Any CPU.Build.0 = Release|Any CPU
		{67E93CB5-1521-46C6-B6DD-E4016E77B16C}.SOPORTE|Any CPU.ActiveCfg = SOPORTE|Any CPU
		{67E93CB5-1521-46C6-B6DD-E4016E77B16C}.SOPORTE|Any CPU.Build.0 = SOPORTE|Any CPU
		{67E93CB5-1521-46C6-B6DD-E4016E77B16C}.VPN|Any CPU.ActiveCfg = SOPORTE|Any CPU
		{67E93CB5-1521-46C6-B6DD-E4016E77B16C}.VPN|Any CPU.Build.0 = SOPORTE|Any CPU
		{68331015-52B3-4B94-A62F-66A1F1FC8304}.ADIN|Any CPU.ActiveCfg = ADIN|Any CPU
		{68331015-52B3-4B94-A62F-66A1F1FC8304}.ADIN|Any CPU.Build.0 = ADIN|Any CPU
		{68331015-52B3-4B94-A62F-66A1F1FC8304}.CERTIFICACION|Any CPU.ActiveCfg = CERTIFICACION|Any CPU
		{68331015-52B3-4B94-A62F-66A1F1FC8304}.CERTIFICACION|Any CPU.Build.0 = CERTIFICACION|Any CPU
		{68331015-52B3-4B94-A62F-66A1F1FC8304}.Debug|Any CPU.ActiveCfg = Debug|Any CPU
		{68331015-52B3-4B94-A62F-66A1F1FC8304}.Debug|Any CPU.Build.0 = Debug|Any CPU
		{68331015-52B3-4B94-A62F-66A1F1FC8304}.Externo|Any CPU.ActiveCfg = SOPORTE|Any CPU
		{68331015-52B3-4B94-A62F-66A1F1FC8304}.Externo|Any CPU.Build.0 = SOPORTE|Any CPU
		{68331015-52B3-4B94-A62F-66A1F1FC8304}.OYD|Any CPU.ActiveCfg = OYD|Any CPU
		{68331015-52B3-4B94-A62F-66A1F1FC8304}.OYD|Any CPU.Build.0 = OYD|Any CPU
		{68331015-52B3-4B94-A62F-66A1F1FC8304}.Release|Any CPU.ActiveCfg = Release|Any CPU
		{68331015-52B3-4B94-A62F-66A1F1FC8304}.Release|Any CPU.Build.0 = Release|Any CPU
		{68331015-52B3-4B94-A62F-66A1F1FC8304}.SOPORTE|Any CPU.ActiveCfg = SOPORTE|Any CPU
		{68331015-52B3-4B94-A62F-66A1F1FC8304}.SOPORTE|Any CPU.Build.0 = SOPORTE|Any CPU
		{68331015-52B3-4B94-A62F-66A1F1FC8304}.VPN|Any CPU.ActiveCfg = SOPORTE|Any CPU
		{68331015-52B3-4B94-A62F-66A1F1FC8304}.VPN|Any CPU.Build.0 = SOPORTE|Any CPU
		{1F082B65-49E1-403B-8395-E2B3B5B12AE7}.ADIN|Any CPU.ActiveCfg = ADIN|Any CPU
		{1F082B65-49E1-403B-8395-E2B3B5B12AE7}.ADIN|Any CPU.Build.0 = ADIN|Any CPU
		{1F082B65-49E1-403B-8395-E2B3B5B12AE7}.CERTIFICACION|Any CPU.ActiveCfg = CERTIFICACION|Any CPU
		{1F082B65-49E1-403B-8395-E2B3B5B12AE7}.CERTIFICACION|Any CPU.Build.0 = CERTIFICACION|Any CPU
		{1F082B65-49E1-403B-8395-E2B3B5B12AE7}.Debug|Any CPU.ActiveCfg = Debug|Any CPU
		{1F082B65-49E1-403B-8395-E2B3B5B12AE7}.Debug|Any CPU.Build.0 = Debug|Any CPU
		{1F082B65-49E1-403B-8395-E2B3B5B12AE7}.Externo|Any CPU.ActiveCfg = SOPORTE|Any CPU
		{1F082B65-49E1-403B-8395-E2B3B5B12AE7}.Externo|Any CPU.Build.0 = SOPORTE|Any CPU
		{1F082B65-49E1-403B-8395-E2B3B5B12AE7}.OYD|Any CPU.ActiveCfg = OYD|Any CPU
		{1F082B65-49E1-403B-8395-E2B3B5B12AE7}.OYD|Any CPU.Build.0 = OYD|Any CPU
		{1F082B65-49E1-403B-8395-E2B3B5B12AE7}.Release|Any CPU.ActiveCfg = Release|Any CPU
		{1F082B65-49E1-403B-8395-E2B3B5B12AE7}.Release|Any CPU.Build.0 = Release|Any CPU
		{1F082B65-49E1-403B-8395-E2B3B5B12AE7}.SOPORTE|Any CPU.ActiveCfg = SOPORTE|Any CPU
		{1F082B65-49E1-403B-8395-E2B3B5B12AE7}.SOPORTE|Any CPU.Build.0 = SOPORTE|Any CPU
		{1F082B65-49E1-403B-8395-E2B3B5B12AE7}.VPN|Any CPU.ActiveCfg = SOPORTE|Any CPU
		{1F082B65-49E1-403B-8395-E2B3B5B12AE7}.VPN|Any CPU.Build.0 = SOPORTE|Any CPU
		{00CD1582-102E-4148-B12E-3435034CAE0F}.ADIN|Any CPU.ActiveCfg = ADIN|Any CPU
		{00CD1582-102E-4148-B12E-3435034CAE0F}.ADIN|Any CPU.Build.0 = ADIN|Any CPU
		{00CD1582-102E-4148-B12E-3435034CAE0F}.CERTIFICACION|Any CPU.ActiveCfg = CERTIFICACION|Any CPU
		{00CD1582-102E-4148-B12E-3435034CAE0F}.CERTIFICACION|Any CPU.Build.0 = CERTIFICACION|Any CPU
		{00CD1582-102E-4148-B12E-3435034CAE0F}.Debug|Any CPU.ActiveCfg = Debug|Any CPU
		{00CD1582-102E-4148-B12E-3435034CAE0F}.Debug|Any CPU.Build.0 = Debug|Any CPU
		{00CD1582-102E-4148-B12E-3435034CAE0F}.Externo|Any CPU.ActiveCfg = SOPORTE|Any CPU
		{00CD1582-102E-4148-B12E-3435034CAE0F}.Externo|Any CPU.Build.0 = SOPORTE|Any CPU
		{00CD1582-102E-4148-B12E-3435034CAE0F}.OYD|Any CPU.ActiveCfg = OYD|Any CPU
		{00CD1582-102E-4148-B12E-3435034CAE0F}.OYD|Any CPU.Build.0 = OYD|Any CPU
		{00CD1582-102E-4148-B12E-3435034CAE0F}.Release|Any CPU.ActiveCfg = Release|Any CPU
		{00CD1582-102E-4148-B12E-3435034CAE0F}.Release|Any CPU.Build.0 = Release|Any CPU
		{00CD1582-102E-4148-B12E-3435034CAE0F}.SOPORTE|Any CPU.ActiveCfg = SOPORTE|Any CPU
		{00CD1582-102E-4148-B12E-3435034CAE0F}.SOPORTE|Any CPU.Build.0 = SOPORTE|Any CPU
		{00CD1582-102E-4148-B12E-3435034CAE0F}.VPN|Any CPU.ActiveCfg = SOPORTE|Any CPU
		{00CD1582-102E-4148-B12E-3435034CAE0F}.VPN|Any CPU.Build.0 = SOPORTE|Any CPU
		{D2A3C66E-E30F-4225-A960-6487DD344EE8}.ADIN|Any CPU.ActiveCfg = ADIN|Any CPU
		{D2A3C66E-E30F-4225-A960-6487DD344EE8}.ADIN|Any CPU.Build.0 = ADIN|Any CPU
		{D2A3C66E-E30F-4225-A960-6487DD344EE8}.CERTIFICACION|Any CPU.ActiveCfg = CERTIFICACION|Any CPU
		{D2A3C66E-E30F-4225-A960-6487DD344EE8}.CERTIFICACION|Any CPU.Build.0 = CERTIFICACION|Any CPU
		{D2A3C66E-E30F-4225-A960-6487DD344EE8}.Debug|Any CPU.ActiveCfg = Debug|Any CPU
		{D2A3C66E-E30F-4225-A960-6487DD344EE8}.Debug|Any CPU.Build.0 = Debug|Any CPU
		{D2A3C66E-E30F-4225-A960-6487DD344EE8}.Externo|Any CPU.ActiveCfg = SOPORTE|Any CPU
		{D2A3C66E-E30F-4225-A960-6487DD344EE8}.Externo|Any CPU.Build.0 = SOPORTE|Any CPU
		{D2A3C66E-E30F-4225-A960-6487DD344EE8}.OYD|Any CPU.ActiveCfg = OYD|Any CPU
		{D2A3C66E-E30F-4225-A960-6487DD344EE8}.OYD|Any CPU.Build.0 = OYD|Any CPU
		{D2A3C66E-E30F-4225-A960-6487DD344EE8}.Release|Any CPU.ActiveCfg = Release|Any CPU
		{D2A3C66E-E30F-4225-A960-6487DD344EE8}.Release|Any CPU.Build.0 = Release|Any CPU
		{D2A3C66E-E30F-4225-A960-6487DD344EE8}.SOPORTE|Any CPU.ActiveCfg = SOPORTE|Any CPU
		{D2A3C66E-E30F-4225-A960-6487DD344EE8}.SOPORTE|Any CPU.Build.0 = SOPORTE|Any CPU
		{D2A3C66E-E30F-4225-A960-6487DD344EE8}.VPN|Any CPU.ActiveCfg = SOPORTE|Any CPU
		{D2A3C66E-E30F-4225-A960-6487DD344EE8}.VPN|Any CPU.Build.0 = SOPORTE|Any CPU
		{AB0007AF-9522-4500-BE4A-125FC93CDB3E}.ADIN|Any CPU.ActiveCfg = ADIN|Any CPU
		{AB0007AF-9522-4500-BE4A-125FC93CDB3E}.ADIN|Any CPU.Build.0 = ADIN|Any CPU
		{AB0007AF-9522-4500-BE4A-125FC93CDB3E}.CERTIFICACION|Any CPU.ActiveCfg = CERTIFICACION|Any CPU
		{AB0007AF-9522-4500-BE4A-125FC93CDB3E}.CERTIFICACION|Any CPU.Build.0 = CERTIFICACION|Any CPU
		{AB0007AF-9522-4500-BE4A-125FC93CDB3E}.Debug|Any CPU.ActiveCfg = Debug|Any CPU
		{AB0007AF-9522-4500-BE4A-125FC93CDB3E}.Debug|Any CPU.Build.0 = Debug|Any CPU
		{AB0007AF-9522-4500-BE4A-125FC93CDB3E}.Externo|Any CPU.ActiveCfg = SOPORTE|Any CPU
		{AB0007AF-9522-4500-BE4A-125FC93CDB3E}.Externo|Any CPU.Build.0 = SOPORTE|Any CPU
		{AB0007AF-9522-4500-BE4A-125FC93CDB3E}.OYD|Any CPU.ActiveCfg = OYD|Any CPU
		{AB0007AF-9522-4500-BE4A-125FC93CDB3E}.OYD|Any CPU.Build.0 = OYD|Any CPU
		{AB0007AF-9522-4500-BE4A-125FC93CDB3E}.Release|Any CPU.ActiveCfg = Release|Any CPU
		{AB0007AF-9522-4500-BE4A-125FC93CDB3E}.Release|Any CPU.Build.0 = Release|Any CPU
		{AB0007AF-9522-4500-BE4A-125FC93CDB3E}.SOPORTE|Any CPU.ActiveCfg = SOPORTE|Any CPU
		{AB0007AF-9522-4500-BE4A-125FC93CDB3E}.SOPORTE|Any CPU.Build.0 = SOPORTE|Any CPU
		{AB0007AF-9522-4500-BE4A-125FC93CDB3E}.VPN|Any CPU.ActiveCfg = SOPORTE|Any CPU
		{AB0007AF-9522-4500-BE4A-125FC93CDB3E}.VPN|Any CPU.Build.0 = SOPORTE|Any CPU
		{6416EC2B-0D4D-4D70-9354-6F7F6008D907}.ADIN|Any CPU.ActiveCfg = ADIN|Any CPU
		{6416EC2B-0D4D-4D70-9354-6F7F6008D907}.ADIN|Any CPU.Build.0 = ADIN|Any CPU
		{6416EC2B-0D4D-4D70-9354-6F7F6008D907}.CERTIFICACION|Any CPU.ActiveCfg = CERTIFICACION|Any CPU
		{6416EC2B-0D4D-4D70-9354-6F7F6008D907}.CERTIFICACION|Any CPU.Build.0 = CERTIFICACION|Any CPU
		{6416EC2B-0D4D-4D70-9354-6F7F6008D907}.Debug|Any CPU.ActiveCfg = Debug|Any CPU
		{6416EC2B-0D4D-4D70-9354-6F7F6008D907}.Debug|Any CPU.Build.0 = Debug|Any CPU
		{6416EC2B-0D4D-4D70-9354-6F7F6008D907}.Externo|Any CPU.ActiveCfg = SOPORTE|Any CPU
		{6416EC2B-0D4D-4D70-9354-6F7F6008D907}.Externo|Any CPU.Build.0 = SOPORTE|Any CPU
		{6416EC2B-0D4D-4D70-9354-6F7F6008D907}.OYD|Any CPU.ActiveCfg = OYD|Any CPU
		{6416EC2B-0D4D-4D70-9354-6F7F6008D907}.OYD|Any CPU.Build.0 = OYD|Any CPU
		{6416EC2B-0D4D-4D70-9354-6F7F6008D907}.Release|Any CPU.ActiveCfg = Release|Any CPU
		{6416EC2B-0D4D-4D70-9354-6F7F6008D907}.Release|Any CPU.Build.0 = Release|Any CPU
		{6416EC2B-0D4D-4D70-9354-6F7F6008D907}.SOPORTE|Any CPU.ActiveCfg = SOPORTE|Any CPU
		{6416EC2B-0D4D-4D70-9354-6F7F6008D907}.SOPORTE|Any CPU.Build.0 = SOPORTE|Any CPU
		{6416EC2B-0D4D-4D70-9354-6F7F6008D907}.VPN|Any CPU.ActiveCfg = SOPORTE|Any CPU
		{6416EC2B-0D4D-4D70-9354-6F7F6008D907}.VPN|Any CPU.Build.0 = SOPORTE|Any CPU
		{2C159C5A-6F3D-4899-94BD-91DDC8498680}.ADIN|Any CPU.ActiveCfg = ADIN|Any CPU
		{2C159C5A-6F3D-4899-94BD-91DDC8498680}.ADIN|Any CPU.Build.0 = ADIN|Any CPU
		{2C159C5A-6F3D-4899-94BD-91DDC8498680}.CERTIFICACION|Any CPU.ActiveCfg = CERTIFICACION|Any CPU
		{2C159C5A-6F3D-4899-94BD-91DDC8498680}.CERTIFICACION|Any CPU.Build.0 = CERTIFICACION|Any CPU
		{2C159C5A-6F3D-4899-94BD-91DDC8498680}.Debug|Any CPU.ActiveCfg = Debug|Any CPU
		{2C159C5A-6F3D-4899-94BD-91DDC8498680}.Debug|Any CPU.Build.0 = Debug|Any CPU
		{2C159C5A-6F3D-4899-94BD-91DDC8498680}.Externo|Any CPU.ActiveCfg = SOPORTE|Any CPU
		{2C159C5A-6F3D-4899-94BD-91DDC8498680}.Externo|Any CPU.Build.0 = SOPORTE|Any CPU
		{2C159C5A-6F3D-4899-94BD-91DDC8498680}.OYD|Any CPU.ActiveCfg = OYD|Any CPU
		{2C159C5A-6F3D-4899-94BD-91DDC8498680}.OYD|Any CPU.Build.0 = OYD|Any CPU
		{2C159C5A-6F3D-4899-94BD-91DDC8498680}.Release|Any CPU.ActiveCfg = Release|Any CPU
		{2C159C5A-6F3D-4899-94BD-91DDC8498680}.Release|Any CPU.Build.0 = Release|Any CPU
		{2C159C5A-6F3D-4899-94BD-91DDC8498680}.SOPORTE|Any CPU.ActiveCfg = SOPORTE|Any CPU
		{2C159C5A-6F3D-4899-94BD-91DDC8498680}.SOPORTE|Any CPU.Build.0 = SOPORTE|Any CPU
		{2C159C5A-6F3D-4899-94BD-91DDC8498680}.VPN|Any CPU.ActiveCfg = SOPORTE|Any CPU
		{2C159C5A-6F3D-4899-94BD-91DDC8498680}.VPN|Any CPU.Build.0 = SOPORTE|Any CPU
		{C4D1F390-D0CC-4066-BE38-94F0D316A620}.ADIN|Any CPU.ActiveCfg = Release|Any CPU
		{C4D1F390-D0CC-4066-BE38-94F0D316A620}.ADIN|Any CPU.Build.0 = Release|Any CPU
		{C4D1F390-D0CC-4066-BE38-94F0D316A620}.CERTIFICACION|Any CPU.ActiveCfg = Release|Any CPU
		{C4D1F390-D0CC-4066-BE38-94F0D316A620}.CERTIFICACION|Any CPU.Build.0 = Release|Any CPU
		{C4D1F390-D0CC-4066-BE38-94F0D316A620}.Debug|Any CPU.ActiveCfg = Debug|Any CPU
		{C4D1F390-D0CC-4066-BE38-94F0D316A620}.Debug|Any CPU.Build.0 = Debug|Any CPU
		{C4D1F390-D0CC-4066-BE38-94F0D316A620}.Externo|Any CPU.ActiveCfg = Release|Any CPU
		{C4D1F390-D0CC-4066-BE38-94F0D316A620}.Externo|Any CPU.Build.0 = Release|Any CPU
		{C4D1F390-D0CC-4066-BE38-94F0D316A620}.OYD|Any CPU.ActiveCfg = Release|Any CPU
		{C4D1F390-D0CC-4066-BE38-94F0D316A620}.OYD|Any CPU.Build.0 = Release|Any CPU
		{C4D1F390-D0CC-4066-BE38-94F0D316A620}.Release|Any CPU.ActiveCfg = Release|Any CPU
		{C4D1F390-D0CC-4066-BE38-94F0D316A620}.Release|Any CPU.Build.0 = Release|Any CPU
		{C4D1F390-D0CC-4066-BE38-94F0D316A620}.SOPORTE|Any CPU.ActiveCfg = Release|Any CPU
		{C4D1F390-D0CC-4066-BE38-94F0D316A620}.SOPORTE|Any CPU.Build.0 = Release|Any CPU
		{C4D1F390-D0CC-4066-BE38-94F0D316A620}.VPN|Any CPU.ActiveCfg = Release|Any CPU
		{C4D1F390-D0CC-4066-BE38-94F0D316A620}.VPN|Any CPU.Build.0 = Release|Any CPU
		{0C05D3FC-C9BA-4A4D-ACA9-538940CA0407}.ADIN|Any CPU.ActiveCfg = ADIN|Any CPU
		{0C05D3FC-C9BA-4A4D-ACA9-538940CA0407}.ADIN|Any CPU.Build.0 = ADIN|Any CPU
		{0C05D3FC-C9BA-4A4D-ACA9-538940CA0407}.CERTIFICACION|Any CPU.ActiveCfg = CERTIFICACION|Any CPU
		{0C05D3FC-C9BA-4A4D-ACA9-538940CA0407}.CERTIFICACION|Any CPU.Build.0 = CERTIFICACION|Any CPU
		{0C05D3FC-C9BA-4A4D-ACA9-538940CA0407}.Debug|Any CPU.ActiveCfg = Debug|Any CPU
		{0C05D3FC-C9BA-4A4D-ACA9-538940CA0407}.Debug|Any CPU.Build.0 = Debug|Any CPU
		{0C05D3FC-C9BA-4A4D-ACA9-538940CA0407}.Externo|Any CPU.ActiveCfg = SOPORTE|Any CPU
		{0C05D3FC-C9BA-4A4D-ACA9-538940CA0407}.Externo|Any CPU.Build.0 = SOPORTE|Any CPU
		{0C05D3FC-C9BA-4A4D-ACA9-538940CA0407}.OYD|Any CPU.ActiveCfg = OYD|Any CPU
		{0C05D3FC-C9BA-4A4D-ACA9-538940CA0407}.OYD|Any CPU.Build.0 = OYD|Any CPU
		{0C05D3FC-C9BA-4A4D-ACA9-538940CA0407}.Release|Any CPU.ActiveCfg = Release|Any CPU
		{0C05D3FC-C9BA-4A4D-ACA9-538940CA0407}.Release|Any CPU.Build.0 = Release|Any CPU
		{0C05D3FC-C9BA-4A4D-ACA9-538940CA0407}.SOPORTE|Any CPU.ActiveCfg = SOPORTE|Any CPU
		{0C05D3FC-C9BA-4A4D-ACA9-538940CA0407}.SOPORTE|Any CPU.Build.0 = SOPORTE|Any CPU
		{0C05D3FC-C9BA-4A4D-ACA9-538940CA0407}.VPN|Any CPU.ActiveCfg = SOPORTE|Any CPU
		{0C05D3FC-C9BA-4A4D-ACA9-538940CA0407}.VPN|Any CPU.Build.0 = SOPORTE|Any CPU
		{1A238C67-5A46-49E5-8BD0-290B25FAE77F}.ADIN|Any CPU.ActiveCfg = ADIN|Any CPU
		{1A238C67-5A46-49E5-8BD0-290B25FAE77F}.ADIN|Any CPU.Build.0 = ADIN|Any CPU
		{1A238C67-5A46-49E5-8BD0-290B25FAE77F}.CERTIFICACION|Any CPU.ActiveCfg = CERTIFICACION|Any CPU
		{1A238C67-5A46-49E5-8BD0-290B25FAE77F}.CERTIFICACION|Any CPU.Build.0 = CERTIFICACION|Any CPU
		{1A238C67-5A46-49E5-8BD0-290B25FAE77F}.Debug|Any CPU.ActiveCfg = Debug|Any CPU
		{1A238C67-5A46-49E5-8BD0-290B25FAE77F}.Debug|Any CPU.Build.0 = Debug|Any CPU
		{1A238C67-5A46-49E5-8BD0-290B25FAE77F}.Externo|Any CPU.ActiveCfg = SOPORTE|Any CPU
		{1A238C67-5A46-49E5-8BD0-290B25FAE77F}.Externo|Any CPU.Build.0 = SOPORTE|Any CPU
		{1A238C67-5A46-49E5-8BD0-290B25FAE77F}.OYD|Any CPU.ActiveCfg = OYD|Any CPU
		{1A238C67-5A46-49E5-8BD0-290B25FAE77F}.OYD|Any CPU.Build.0 = OYD|Any CPU
		{1A238C67-5A46-49E5-8BD0-290B25FAE77F}.Release|Any CPU.ActiveCfg = Release|Any CPU
		{1A238C67-5A46-49E5-8BD0-290B25FAE77F}.Release|Any CPU.Build.0 = Release|Any CPU
		{1A238C67-5A46-49E5-8BD0-290B25FAE77F}.SOPORTE|Any CPU.ActiveCfg = SOPORTE|Any CPU
		{1A238C67-5A46-49E5-8BD0-290B25FAE77F}.SOPORTE|Any CPU.Build.0 = SOPORTE|Any CPU
		{1A238C67-5A46-49E5-8BD0-290B25FAE77F}.VPN|Any CPU.ActiveCfg = SOPORTE|Any CPU
		{1A238C67-5A46-49E5-8BD0-290B25FAE77F}.VPN|Any CPU.Build.0 = SOPORTE|Any CPU
		{79C96F87-E4E6-41CC-A47E-17B37390BF25}.ADIN|Any CPU.ActiveCfg = ADIN|Any CPU
		{79C96F87-E4E6-41CC-A47E-17B37390BF25}.ADIN|Any CPU.Build.0 = ADIN|Any CPU
		{79C96F87-E4E6-41CC-A47E-17B37390BF25}.CERTIFICACION|Any CPU.ActiveCfg = CERTIFICACION|Any CPU
		{79C96F87-E4E6-41CC-A47E-17B37390BF25}.CERTIFICACION|Any CPU.Build.0 = CERTIFICACION|Any CPU
		{79C96F87-E4E6-41CC-A47E-17B37390BF25}.Debug|Any CPU.ActiveCfg = Debug|Any CPU
		{79C96F87-E4E6-41CC-A47E-17B37390BF25}.Debug|Any CPU.Build.0 = Debug|Any CPU
		{79C96F87-E4E6-41CC-A47E-17B37390BF25}.Externo|Any CPU.ActiveCfg = SOPORTE|Any CPU
		{79C96F87-E4E6-41CC-A47E-17B37390BF25}.Externo|Any CPU.Build.0 = SOPORTE|Any CPU
		{79C96F87-E4E6-41CC-A47E-17B37390BF25}.OYD|Any CPU.ActiveCfg = OYD|Any CPU
		{79C96F87-E4E6-41CC-A47E-17B37390BF25}.OYD|Any CPU.Build.0 = OYD|Any CPU
		{79C96F87-E4E6-41CC-A47E-17B37390BF25}.Release|Any CPU.ActiveCfg = Release|Any CPU
		{79C96F87-E4E6-41CC-A47E-17B37390BF25}.Release|Any CPU.Build.0 = Release|Any CPU
		{79C96F87-E4E6-41CC-A47E-17B37390BF25}.SOPORTE|Any CPU.ActiveCfg = SOPORTE|Any CPU
		{79C96F87-E4E6-41CC-A47E-17B37390BF25}.SOPORTE|Any CPU.Build.0 = SOPORTE|Any CPU
		{79C96F87-E4E6-41CC-A47E-17B37390BF25}.VPN|Any CPU.ActiveCfg = SOPORTE|Any CPU
		{79C96F87-E4E6-41CC-A47E-17B37390BF25}.VPN|Any CPU.Build.0 = SOPORTE|Any CPU
		{12A5AFDE-EB13-4899-8B5B-34907AD5CBB1}.ADIN|Any CPU.ActiveCfg = ADIN|Any CPU
		{12A5AFDE-EB13-4899-8B5B-34907AD5CBB1}.ADIN|Any CPU.Build.0 = ADIN|Any CPU
		{12A5AFDE-EB13-4899-8B5B-34907AD5CBB1}.CERTIFICACION|Any CPU.ActiveCfg = CERTIFICACION|Any CPU
		{12A5AFDE-EB13-4899-8B5B-34907AD5CBB1}.CERTIFICACION|Any CPU.Build.0 = CERTIFICACION|Any CPU
		{12A5AFDE-EB13-4899-8B5B-34907AD5CBB1}.Debug|Any CPU.ActiveCfg = Debug|Any CPU
		{12A5AFDE-EB13-4899-8B5B-34907AD5CBB1}.Debug|Any CPU.Build.0 = Debug|Any CPU
		{12A5AFDE-EB13-4899-8B5B-34907AD5CBB1}.Externo|Any CPU.ActiveCfg = Externo|Any CPU
		{12A5AFDE-EB13-4899-8B5B-34907AD5CBB1}.Externo|Any CPU.Build.0 = Externo|Any CPU
		{12A5AFDE-EB13-4899-8B5B-34907AD5CBB1}.OYD|Any CPU.ActiveCfg = OYD|Any CPU
		{12A5AFDE-EB13-4899-8B5B-34907AD5CBB1}.OYD|Any CPU.Build.0 = OYD|Any CPU
		{12A5AFDE-EB13-4899-8B5B-34907AD5CBB1}.Release|Any CPU.ActiveCfg = Release|Any CPU
		{12A5AFDE-EB13-4899-8B5B-34907AD5CBB1}.Release|Any CPU.Build.0 = Release|Any CPU
		{12A5AFDE-EB13-4899-8B5B-34907AD5CBB1}.SOPORTE|Any CPU.ActiveCfg = SOPORTE|Any CPU
		{12A5AFDE-EB13-4899-8B5B-34907AD5CBB1}.SOPORTE|Any CPU.Build.0 = SOPORTE|Any CPU
		{12A5AFDE-EB13-4899-8B5B-34907AD5CBB1}.VPN|Any CPU.ActiveCfg = VPN|Any CPU
		{12A5AFDE-EB13-4899-8B5B-34907AD5CBB1}.VPN|Any CPU.Build.0 = VPN|Any CPU
		{6E5599C1-1880-4B6B-8A3C-390CBD5A308B}.ADIN|Any CPU.ActiveCfg = ADIN|Any CPU
		{6E5599C1-1880-4B6B-8A3C-390CBD5A308B}.ADIN|Any CPU.Build.0 = ADIN|Any CPU
		{6E5599C1-1880-4B6B-8A3C-390CBD5A308B}.CERTIFICACION|Any CPU.ActiveCfg = CERTIFICACION|Any CPU
		{6E5599C1-1880-4B6B-8A3C-390CBD5A308B}.CERTIFICACION|Any CPU.Build.0 = CERTIFICACION|Any CPU
		{6E5599C1-1880-4B6B-8A3C-390CBD5A308B}.Debug|Any CPU.ActiveCfg = Debug|Any CPU
		{6E5599C1-1880-4B6B-8A3C-390CBD5A308B}.Debug|Any CPU.Build.0 = Debug|Any CPU
		{6E5599C1-1880-4B6B-8A3C-390CBD5A308B}.Externo|Any CPU.ActiveCfg = Externo|Any CPU
		{6E5599C1-1880-4B6B-8A3C-390CBD5A308B}.Externo|Any CPU.Build.0 = Externo|Any CPU
		{6E5599C1-1880-4B6B-8A3C-390CBD5A308B}.OYD|Any CPU.ActiveCfg = OYD|Any CPU
		{6E5599C1-1880-4B6B-8A3C-390CBD5A308B}.OYD|Any CPU.Build.0 = OYD|Any CPU
		{6E5599C1-1880-4B6B-8A3C-390CBD5A308B}.Release|Any CPU.ActiveCfg = Release|Any CPU
		{6E5599C1-1880-4B6B-8A3C-390CBD5A308B}.Release|Any CPU.Build.0 = Release|Any CPU
		{6E5599C1-1880-4B6B-8A3C-390CBD5A308B}.SOPORTE|Any CPU.ActiveCfg = SOPORTE|Any CPU
		{6E5599C1-1880-4B6B-8A3C-390CBD5A308B}.SOPORTE|Any CPU.Build.0 = SOPORTE|Any CPU
		{6E5599C1-1880-4B6B-8A3C-390CBD5A308B}.VPN|Any CPU.ActiveCfg = VPN|Any CPU
		{6E5599C1-1880-4B6B-8A3C-390CBD5A308B}.VPN|Any CPU.Build.0 = VPN|Any CPU
		{81B71119-802C-4748-A1B2-5A614ABFDFB6}.ADIN|Any CPU.ActiveCfg = ADIN|Any CPU
		{81B71119-802C-4748-A1B2-5A614ABFDFB6}.ADIN|Any CPU.Build.0 = ADIN|Any CPU
		{81B71119-802C-4748-A1B2-5A614ABFDFB6}.CERTIFICACION|Any CPU.ActiveCfg = CERTIFICACION|Any CPU
		{81B71119-802C-4748-A1B2-5A614ABFDFB6}.CERTIFICACION|Any CPU.Build.0 = CERTIFICACION|Any CPU
		{81B71119-802C-4748-A1B2-5A614ABFDFB6}.Debug|Any CPU.ActiveCfg = Debug|Any CPU
		{81B71119-802C-4748-A1B2-5A614ABFDFB6}.Debug|Any CPU.Build.0 = Debug|Any CPU
		{81B71119-802C-4748-A1B2-5A614ABFDFB6}.Externo|Any CPU.ActiveCfg = SOPORTE|Any CPU
		{81B71119-802C-4748-A1B2-5A614ABFDFB6}.Externo|Any CPU.Build.0 = SOPORTE|Any CPU
		{81B71119-802C-4748-A1B2-5A614ABFDFB6}.OYD|Any CPU.ActiveCfg = OYD|Any CPU
		{81B71119-802C-4748-A1B2-5A614ABFDFB6}.OYD|Any CPU.Build.0 = OYD|Any CPU
		{81B71119-802C-4748-A1B2-5A614ABFDFB6}.Release|Any CPU.ActiveCfg = Release|Any CPU
		{81B71119-802C-4748-A1B2-5A614ABFDFB6}.Release|Any CPU.Build.0 = Release|Any CPU
		{81B71119-802C-4748-A1B2-5A614ABFDFB6}.SOPORTE|Any CPU.ActiveCfg = SOPORTE|Any CPU
		{81B71119-802C-4748-A1B2-5A614ABFDFB6}.SOPORTE|Any CPU.Build.0 = SOPORTE|Any CPU
		{81B71119-802C-4748-A1B2-5A614ABFDFB6}.VPN|Any CPU.ActiveCfg = SOPORTE|Any CPU
		{81B71119-802C-4748-A1B2-5A614ABFDFB6}.VPN|Any CPU.Build.0 = SOPORTE|Any CPU
		{C990BE66-417F-4225-AD36-51656CE74E7C}.ADIN|Any CPU.ActiveCfg = ADIN|Any CPU
		{C990BE66-417F-4225-AD36-51656CE74E7C}.ADIN|Any CPU.Build.0 = ADIN|Any CPU
		{C990BE66-417F-4225-AD36-51656CE74E7C}.CERTIFICACION|Any CPU.ActiveCfg = CERTIFICACION|Any CPU
		{C990BE66-417F-4225-AD36-51656CE74E7C}.CERTIFICACION|Any CPU.Build.0 = CERTIFICACION|Any CPU
		{C990BE66-417F-4225-AD36-51656CE74E7C}.Debug|Any CPU.ActiveCfg = Debug|Any CPU
		{C990BE66-417F-4225-AD36-51656CE74E7C}.Debug|Any CPU.Build.0 = Debug|Any CPU
		{C990BE66-417F-4225-AD36-51656CE74E7C}.Externo|Any CPU.ActiveCfg = Externo|Any CPU
		{C990BE66-417F-4225-AD36-51656CE74E7C}.Externo|Any CPU.Build.0 = Externo|Any CPU
		{C990BE66-417F-4225-AD36-51656CE74E7C}.OYD|Any CPU.ActiveCfg = OYD|Any CPU
		{C990BE66-417F-4225-AD36-51656CE74E7C}.OYD|Any CPU.Build.0 = OYD|Any CPU
		{C990BE66-417F-4225-AD36-51656CE74E7C}.Release|Any CPU.ActiveCfg = Release|Any CPU
		{C990BE66-417F-4225-AD36-51656CE74E7C}.Release|Any CPU.Build.0 = Release|Any CPU
		{C990BE66-417F-4225-AD36-51656CE74E7C}.SOPORTE|Any CPU.ActiveCfg = SOPORTE|Any CPU
		{C990BE66-417F-4225-AD36-51656CE74E7C}.SOPORTE|Any CPU.Build.0 = SOPORTE|Any CPU
		{C990BE66-417F-4225-AD36-51656CE74E7C}.VPN|Any CPU.ActiveCfg = VPN|Any CPU
		{C990BE66-417F-4225-AD36-51656CE74E7C}.VPN|Any CPU.Build.0 = VPN|Any CPU
		{841799D0-05AD-4AB7-9604-09CD485B7398}.ADIN|Any CPU.ActiveCfg = Externo|Any CPU
		{841799D0-05AD-4AB7-9604-09CD485B7398}.ADIN|Any CPU.Build.0 = Externo|Any CPU
		{841799D0-05AD-4AB7-9604-09CD485B7398}.CERTIFICACION|Any CPU.ActiveCfg = Externo|Any CPU
		{841799D0-05AD-4AB7-9604-09CD485B7398}.CERTIFICACION|Any CPU.Build.0 = Externo|Any CPU
		{841799D0-05AD-4AB7-9604-09CD485B7398}.Debug|Any CPU.ActiveCfg = Debug|Any CPU
		{841799D0-05AD-4AB7-9604-09CD485B7398}.Debug|Any CPU.Build.0 = Debug|Any CPU
		{841799D0-05AD-4AB7-9604-09CD485B7398}.Externo|Any CPU.ActiveCfg = Externo|Any CPU
		{841799D0-05AD-4AB7-9604-09CD485B7398}.Externo|Any CPU.Build.0 = Externo|Any CPU
		{841799D0-05AD-4AB7-9604-09CD485B7398}.OYD|Any CPU.ActiveCfg = Externo|Any CPU
		{841799D0-05AD-4AB7-9604-09CD485B7398}.OYD|Any CPU.Build.0 = Externo|Any CPU
		{841799D0-05AD-4AB7-9604-09CD485B7398}.Release|Any CPU.ActiveCfg = Release|Any CPU
		{841799D0-05AD-4AB7-9604-09CD485B7398}.Release|Any CPU.Build.0 = Release|Any CPU
		{841799D0-05AD-4AB7-9604-09CD485B7398}.SOPORTE|Any CPU.ActiveCfg = Externo|Any CPU
		{841799D0-05AD-4AB7-9604-09CD485B7398}.SOPORTE|Any CPU.Build.0 = Externo|Any CPU
		{841799D0-05AD-4AB7-9604-09CD485B7398}.VPN|Any CPU.ActiveCfg = VPN|Any CPU
		{841799D0-05AD-4AB7-9604-09CD485B7398}.VPN|Any CPU.Build.0 = VPN|Any CPU
		{38712021-648D-4145-9683-3BC73A2787FC}.ADIN|Any CPU.ActiveCfg = Externo|Any CPU
		{38712021-648D-4145-9683-3BC73A2787FC}.ADIN|Any CPU.Build.0 = Externo|Any CPU
		{38712021-648D-4145-9683-3BC73A2787FC}.CERTIFICACION|Any CPU.ActiveCfg = Externo|Any CPU
		{38712021-648D-4145-9683-3BC73A2787FC}.CERTIFICACION|Any CPU.Build.0 = Externo|Any CPU
		{38712021-648D-4145-9683-3BC73A2787FC}.Debug|Any CPU.ActiveCfg = Debug|Any CPU
		{38712021-648D-4145-9683-3BC73A2787FC}.Debug|Any CPU.Build.0 = Debug|Any CPU
		{38712021-648D-4145-9683-3BC73A2787FC}.Externo|Any CPU.ActiveCfg = Externo|Any CPU
		{38712021-648D-4145-9683-3BC73A2787FC}.Externo|Any CPU.Build.0 = Externo|Any CPU
		{38712021-648D-4145-9683-3BC73A2787FC}.OYD|Any CPU.ActiveCfg = Externo|Any CPU
		{38712021-648D-4145-9683-3BC73A2787FC}.OYD|Any CPU.Build.0 = Externo|Any CPU
		{38712021-648D-4145-9683-3BC73A2787FC}.Release|Any CPU.ActiveCfg = Release|Any CPU
		{38712021-648D-4145-9683-3BC73A2787FC}.Release|Any CPU.Build.0 = Release|Any CPU
		{38712021-648D-4145-9683-3BC73A2787FC}.SOPORTE|Any CPU.ActiveCfg = Externo|Any CPU
		{38712021-648D-4145-9683-3BC73A2787FC}.SOPORTE|Any CPU.Build.0 = Externo|Any CPU
		{38712021-648D-4145-9683-3BC73A2787FC}.VPN|Any CPU.ActiveCfg = VPN|Any CPU
		{38712021-648D-4145-9683-3BC73A2787FC}.VPN|Any CPU.Build.0 = VPN|Any CPU
		{DF4E6194-0552-4731-9C56-555AE594DBC5}.ADIN|Any CPU.ActiveCfg = Externo|Any CPU
		{DF4E6194-0552-4731-9C56-555AE594DBC5}.ADIN|Any CPU.Build.0 = Externo|Any CPU
		{DF4E6194-0552-4731-9C56-555AE594DBC5}.CERTIFICACION|Any CPU.ActiveCfg = Externo|Any CPU
		{DF4E6194-0552-4731-9C56-555AE594DBC5}.CERTIFICACION|Any CPU.Build.0 = Externo|Any CPU
		{DF4E6194-0552-4731-9C56-555AE594DBC5}.Debug|Any CPU.ActiveCfg = Debug|Any CPU
		{DF4E6194-0552-4731-9C56-555AE594DBC5}.Debug|Any CPU.Build.0 = Debug|Any CPU
		{DF4E6194-0552-4731-9C56-555AE594DBC5}.Externo|Any CPU.ActiveCfg = Externo|Any CPU
		{DF4E6194-0552-4731-9C56-555AE594DBC5}.Externo|Any CPU.Build.0 = Externo|Any CPU
		{DF4E6194-0552-4731-9C56-555AE594DBC5}.OYD|Any CPU.ActiveCfg = Externo|Any CPU
		{DF4E6194-0552-4731-9C56-555AE594DBC5}.OYD|Any CPU.Build.0 = Externo|Any CPU
		{DF4E6194-0552-4731-9C56-555AE594DBC5}.Release|Any CPU.ActiveCfg = Release|Any CPU
		{DF4E6194-0552-4731-9C56-555AE594DBC5}.Release|Any CPU.Build.0 = Release|Any CPU
		{DF4E6194-0552-4731-9C56-555AE594DBC5}.SOPORTE|Any CPU.ActiveCfg = Externo|Any CPU
		{DF4E6194-0552-4731-9C56-555AE594DBC5}.SOPORTE|Any CPU.Build.0 = Externo|Any CPU
		{DF4E6194-0552-4731-9C56-555AE594DBC5}.VPN|Any CPU.ActiveCfg = VPN|Any CPU
		{DF4E6194-0552-4731-9C56-555AE594DBC5}.VPN|Any CPU.Build.0 = VPN|Any CPU
		{CC496F39-7244-45B8-B124-D234862B2913}.ADIN|Any CPU.ActiveCfg = Externo|Any CPU
		{CC496F39-7244-45B8-B124-D234862B2913}.ADIN|Any CPU.Build.0 = Externo|Any CPU
		{CC496F39-7244-45B8-B124-D234862B2913}.CERTIFICACION|Any CPU.ActiveCfg = Externo|Any CPU
		{CC496F39-7244-45B8-B124-D234862B2913}.CERTIFICACION|Any CPU.Build.0 = Externo|Any CPU
		{CC496F39-7244-45B8-B124-D234862B2913}.Debug|Any CPU.ActiveCfg = Debug|Any CPU
		{CC496F39-7244-45B8-B124-D234862B2913}.Debug|Any CPU.Build.0 = Debug|Any CPU
		{CC496F39-7244-45B8-B124-D234862B2913}.Externo|Any CPU.ActiveCfg = Externo|Any CPU
		{CC496F39-7244-45B8-B124-D234862B2913}.Externo|Any CPU.Build.0 = Externo|Any CPU
		{CC496F39-7244-45B8-B124-D234862B2913}.OYD|Any CPU.ActiveCfg = Externo|Any CPU
		{CC496F39-7244-45B8-B124-D234862B2913}.OYD|Any CPU.Build.0 = Externo|Any CPU
		{CC496F39-7244-45B8-B124-D234862B2913}.Release|Any CPU.ActiveCfg = Release|Any CPU
		{CC496F39-7244-45B8-B124-D234862B2913}.Release|Any CPU.Build.0 = Release|Any CPU
		{CC496F39-7244-45B8-B124-D234862B2913}.SOPORTE|Any CPU.ActiveCfg = Externo|Any CPU
		{CC496F39-7244-45B8-B124-D234862B2913}.SOPORTE|Any CPU.Build.0 = Externo|Any CPU
		{CC496F39-7244-45B8-B124-D234862B2913}.VPN|Any CPU.ActiveCfg = VPN|Any CPU
		{CC496F39-7244-45B8-B124-D234862B2913}.VPN|Any CPU.Build.0 = VPN|Any CPU
		{89A27ABB-38BC-44AD-8B33-634B13BC9E4A}.ADIN|Any CPU.ActiveCfg = Externo|Any CPU
		{89A27ABB-38BC-44AD-8B33-634B13BC9E4A}.ADIN|Any CPU.Build.0 = Externo|Any CPU
		{89A27ABB-38BC-44AD-8B33-634B13BC9E4A}.CERTIFICACION|Any CPU.ActiveCfg = Externo|Any CPU
		{89A27ABB-38BC-44AD-8B33-634B13BC9E4A}.CERTIFICACION|Any CPU.Build.0 = Externo|Any CPU
		{89A27ABB-38BC-44AD-8B33-634B13BC9E4A}.Debug|Any CPU.ActiveCfg = Debug|Any CPU
		{89A27ABB-38BC-44AD-8B33-634B13BC9E4A}.Debug|Any CPU.Build.0 = Debug|Any CPU
		{89A27ABB-38BC-44AD-8B33-634B13BC9E4A}.Externo|Any CPU.ActiveCfg = Externo|Any CPU
		{89A27ABB-38BC-44AD-8B33-634B13BC9E4A}.Externo|Any CPU.Build.0 = Externo|Any CPU
		{89A27ABB-38BC-44AD-8B33-634B13BC9E4A}.OYD|Any CPU.ActiveCfg = Externo|Any CPU
		{89A27ABB-38BC-44AD-8B33-634B13BC9E4A}.OYD|Any CPU.Build.0 = Externo|Any CPU
		{89A27ABB-38BC-44AD-8B33-634B13BC9E4A}.Release|Any CPU.ActiveCfg = Release|Any CPU
		{89A27ABB-38BC-44AD-8B33-634B13BC9E4A}.Release|Any CPU.Build.0 = Release|Any CPU
		{89A27ABB-38BC-44AD-8B33-634B13BC9E4A}.SOPORTE|Any CPU.ActiveCfg = Externo|Any CPU
		{89A27ABB-38BC-44AD-8B33-634B13BC9E4A}.SOPORTE|Any CPU.Build.0 = Externo|Any CPU
		{89A27ABB-38BC-44AD-8B33-634B13BC9E4A}.VPN|Any CPU.ActiveCfg = VPN|Any CPU
		{89A27ABB-38BC-44AD-8B33-634B13BC9E4A}.VPN|Any CPU.Build.0 = VPN|Any CPU
		{3D4DC19D-D50A-4C6E-8A4E-A18E43A967C7}.ADIN|Any CPU.ActiveCfg = Externo|Any CPU
		{3D4DC19D-D50A-4C6E-8A4E-A18E43A967C7}.ADIN|Any CPU.Build.0 = Externo|Any CPU
		{3D4DC19D-D50A-4C6E-8A4E-A18E43A967C7}.CERTIFICACION|Any CPU.ActiveCfg = Externo|Any CPU
		{3D4DC19D-D50A-4C6E-8A4E-A18E43A967C7}.CERTIFICACION|Any CPU.Build.0 = Externo|Any CPU
		{3D4DC19D-D50A-4C6E-8A4E-A18E43A967C7}.Debug|Any CPU.ActiveCfg = Debug|Any CPU
		{3D4DC19D-D50A-4C6E-8A4E-A18E43A967C7}.Debug|Any CPU.Build.0 = Debug|Any CPU
		{3D4DC19D-D50A-4C6E-8A4E-A18E43A967C7}.Externo|Any CPU.ActiveCfg = Externo|Any CPU
		{3D4DC19D-D50A-4C6E-8A4E-A18E43A967C7}.Externo|Any CPU.Build.0 = Externo|Any CPU
		{3D4DC19D-D50A-4C6E-8A4E-A18E43A967C7}.OYD|Any CPU.ActiveCfg = Externo|Any CPU
		{3D4DC19D-D50A-4C6E-8A4E-A18E43A967C7}.OYD|Any CPU.Build.0 = Externo|Any CPU
		{3D4DC19D-D50A-4C6E-8A4E-A18E43A967C7}.Release|Any CPU.ActiveCfg = Release|Any CPU
		{3D4DC19D-D50A-4C6E-8A4E-A18E43A967C7}.Release|Any CPU.Build.0 = Release|Any CPU
		{3D4DC19D-D50A-4C6E-8A4E-A18E43A967C7}.SOPORTE|Any CPU.ActiveCfg = Externo|Any CPU
		{3D4DC19D-D50A-4C6E-8A4E-A18E43A967C7}.SOPORTE|Any CPU.Build.0 = Externo|Any CPU
		{3D4DC19D-D50A-4C6E-8A4E-A18E43A967C7}.VPN|Any CPU.ActiveCfg = VPN|Any CPU
		{3D4DC19D-D50A-4C6E-8A4E-A18E43A967C7}.VPN|Any CPU.Build.0 = VPN|Any CPU
		{DFDB1FAF-D7BD-4821-AE96-0F0A623404D4}.ADIN|Any CPU.ActiveCfg = Externo|Any CPU
		{DFDB1FAF-D7BD-4821-AE96-0F0A623404D4}.ADIN|Any CPU.Build.0 = Externo|Any CPU
		{DFDB1FAF-D7BD-4821-AE96-0F0A623404D4}.CERTIFICACION|Any CPU.ActiveCfg = Externo|Any CPU
		{DFDB1FAF-D7BD-4821-AE96-0F0A623404D4}.CERTIFICACION|Any CPU.Build.0 = Externo|Any CPU
		{DFDB1FAF-D7BD-4821-AE96-0F0A623404D4}.Debug|Any CPU.ActiveCfg = Debug|Any CPU
		{DFDB1FAF-D7BD-4821-AE96-0F0A623404D4}.Debug|Any CPU.Build.0 = Debug|Any CPU
		{DFDB1FAF-D7BD-4821-AE96-0F0A623404D4}.Externo|Any CPU.ActiveCfg = Externo|Any CPU
		{DFDB1FAF-D7BD-4821-AE96-0F0A623404D4}.Externo|Any CPU.Build.0 = Externo|Any CPU
		{DFDB1FAF-D7BD-4821-AE96-0F0A623404D4}.OYD|Any CPU.ActiveCfg = Externo|Any CPU
		{DFDB1FAF-D7BD-4821-AE96-0F0A623404D4}.OYD|Any CPU.Build.0 = Externo|Any CPU
		{DFDB1FAF-D7BD-4821-AE96-0F0A623404D4}.Release|Any CPU.ActiveCfg = Release|Any CPU
		{DFDB1FAF-D7BD-4821-AE96-0F0A623404D4}.Release|Any CPU.Build.0 = Release|Any CPU
		{DFDB1FAF-D7BD-4821-AE96-0F0A623404D4}.SOPORTE|Any CPU.ActiveCfg = Externo|Any CPU
		{DFDB1FAF-D7BD-4821-AE96-0F0A623404D4}.SOPORTE|Any CPU.Build.0 = Externo|Any CPU
		{DFDB1FAF-D7BD-4821-AE96-0F0A623404D4}.VPN|Any CPU.ActiveCfg = VPN|Any CPU
		{DFDB1FAF-D7BD-4821-AE96-0F0A623404D4}.VPN|Any CPU.Build.0 = VPN|Any CPU
		{5E61FA3A-1B0A-41BF-A305-0863125BF44E}.ADIN|Any CPU.ActiveCfg = Externo|Any CPU
		{5E61FA3A-1B0A-41BF-A305-0863125BF44E}.ADIN|Any CPU.Build.0 = Externo|Any CPU
		{5E61FA3A-1B0A-41BF-A305-0863125BF44E}.CERTIFICACION|Any CPU.ActiveCfg = Externo|Any CPU
		{5E61FA3A-1B0A-41BF-A305-0863125BF44E}.CERTIFICACION|Any CPU.Build.0 = Externo|Any CPU
		{5E61FA3A-1B0A-41BF-A305-0863125BF44E}.Debug|Any CPU.ActiveCfg = Debug|Any CPU
		{5E61FA3A-1B0A-41BF-A305-0863125BF44E}.Debug|Any CPU.Build.0 = Debug|Any CPU
		{5E61FA3A-1B0A-41BF-A305-0863125BF44E}.Externo|Any CPU.ActiveCfg = Externo|Any CPU
		{5E61FA3A-1B0A-41BF-A305-0863125BF44E}.Externo|Any CPU.Build.0 = Externo|Any CPU
		{5E61FA3A-1B0A-41BF-A305-0863125BF44E}.OYD|Any CPU.ActiveCfg = Externo|Any CPU
		{5E61FA3A-1B0A-41BF-A305-0863125BF44E}.OYD|Any CPU.Build.0 = Externo|Any CPU
		{5E61FA3A-1B0A-41BF-A305-0863125BF44E}.Release|Any CPU.ActiveCfg = Release|Any CPU
		{5E61FA3A-1B0A-41BF-A305-0863125BF44E}.Release|Any CPU.Build.0 = Release|Any CPU
		{5E61FA3A-1B0A-41BF-A305-0863125BF44E}.SOPORTE|Any CPU.ActiveCfg = Externo|Any CPU
		{5E61FA3A-1B0A-41BF-A305-0863125BF44E}.SOPORTE|Any CPU.Build.0 = Externo|Any CPU
		{5E61FA3A-1B0A-41BF-A305-0863125BF44E}.VPN|Any CPU.ActiveCfg = VPN|Any CPU
		{5E61FA3A-1B0A-41BF-A305-0863125BF44E}.VPN|Any CPU.Build.0 = VPN|Any CPU
		{70E434C2-8078-44CF-99D6-E744E7AAADCE}.ADIN|Any CPU.ActiveCfg = Externo|Any CPU
		{70E434C2-8078-44CF-99D6-E744E7AAADCE}.ADIN|Any CPU.Build.0 = Externo|Any CPU
		{70E434C2-8078-44CF-99D6-E744E7AAADCE}.CERTIFICACION|Any CPU.ActiveCfg = Externo|Any CPU
		{70E434C2-8078-44CF-99D6-E744E7AAADCE}.CERTIFICACION|Any CPU.Build.0 = Externo|Any CPU
		{70E434C2-8078-44CF-99D6-E744E7AAADCE}.Debug|Any CPU.ActiveCfg = Debug|Any CPU
		{70E434C2-8078-44CF-99D6-E744E7AAADCE}.Debug|Any CPU.Build.0 = Debug|Any CPU
		{70E434C2-8078-44CF-99D6-E744E7AAADCE}.Externo|Any CPU.ActiveCfg = Externo|Any CPU
		{70E434C2-8078-44CF-99D6-E744E7AAADCE}.Externo|Any CPU.Build.0 = Externo|Any CPU
		{70E434C2-8078-44CF-99D6-E744E7AAADCE}.OYD|Any CPU.ActiveCfg = Externo|Any CPU
		{70E434C2-8078-44CF-99D6-E744E7AAADCE}.OYD|Any CPU.Build.0 = Externo|Any CPU
		{70E434C2-8078-44CF-99D6-E744E7AAADCE}.Release|Any CPU.ActiveCfg = Release|Any CPU
		{70E434C2-8078-44CF-99D6-E744E7AAADCE}.Release|Any CPU.Build.0 = Release|Any CPU
		{70E434C2-8078-44CF-99D6-E744E7AAADCE}.SOPORTE|Any CPU.ActiveCfg = Externo|Any CPU
		{70E434C2-8078-44CF-99D6-E744E7AAADCE}.SOPORTE|Any CPU.Build.0 = Externo|Any CPU
		{70E434C2-8078-44CF-99D6-E744E7AAADCE}.VPN|Any CPU.ActiveCfg = VPN|Any CPU
		{70E434C2-8078-44CF-99D6-E744E7AAADCE}.VPN|Any CPU.Build.0 = VPN|Any CPU
		{058AA398-4980-4C00-975F-AF2F2A5BAE6A}.ADIN|Any CPU.ActiveCfg = Externo|Any CPU
		{058AA398-4980-4C00-975F-AF2F2A5BAE6A}.ADIN|Any CPU.Build.0 = Externo|Any CPU
		{058AA398-4980-4C00-975F-AF2F2A5BAE6A}.CERTIFICACION|Any CPU.ActiveCfg = Externo|Any CPU
		{058AA398-4980-4C00-975F-AF2F2A5BAE6A}.CERTIFICACION|Any CPU.Build.0 = Externo|Any CPU
		{058AA398-4980-4C00-975F-AF2F2A5BAE6A}.Debug|Any CPU.ActiveCfg = Debug|Any CPU
		{058AA398-4980-4C00-975F-AF2F2A5BAE6A}.Debug|Any CPU.Build.0 = Debug|Any CPU
		{058AA398-4980-4C00-975F-AF2F2A5BAE6A}.Externo|Any CPU.ActiveCfg = Externo|Any CPU
		{058AA398-4980-4C00-975F-AF2F2A5BAE6A}.Externo|Any CPU.Build.0 = Externo|Any CPU
		{058AA398-4980-4C00-975F-AF2F2A5BAE6A}.OYD|Any CPU.ActiveCfg = Externo|Any CPU
		{058AA398-4980-4C00-975F-AF2F2A5BAE6A}.OYD|Any CPU.Build.0 = Externo|Any CPU
		{058AA398-4980-4C00-975F-AF2F2A5BAE6A}.Release|Any CPU.ActiveCfg = Release|Any CPU
		{058AA398-4980-4C00-975F-AF2F2A5BAE6A}.Release|Any CPU.Build.0 = Release|Any CPU
		{058AA398-4980-4C00-975F-AF2F2A5BAE6A}.SOPORTE|Any CPU.ActiveCfg = Externo|Any CPU
		{058AA398-4980-4C00-975F-AF2F2A5BAE6A}.SOPORTE|Any CPU.Build.0 = Externo|Any CPU
		{058AA398-4980-4C00-975F-AF2F2A5BAE6A}.VPN|Any CPU.ActiveCfg = VPN|Any CPU
		{058AA398-4980-4C00-975F-AF2F2A5BAE6A}.VPN|Any CPU.Build.0 = VPN|Any CPU
		{0E9B3009-06F1-4083-A03B-ECEB01E9A943}.ADIN|Any CPU.ActiveCfg = Release|Any CPU
		{0E9B3009-06F1-4083-A03B-ECEB01E9A943}.ADIN|Any CPU.Build.0 = Release|Any CPU
		{0E9B3009-06F1-4083-A03B-ECEB01E9A943}.CERTIFICACION|Any CPU.ActiveCfg = Release|Any CPU
		{0E9B3009-06F1-4083-A03B-ECEB01E9A943}.CERTIFICACION|Any CPU.Build.0 = Release|Any CPU
		{0E9B3009-06F1-4083-A03B-ECEB01E9A943}.Debug|Any CPU.ActiveCfg = Debug|Any CPU
		{0E9B3009-06F1-4083-A03B-ECEB01E9A943}.Debug|Any CPU.Build.0 = Debug|Any CPU
		{0E9B3009-06F1-4083-A03B-ECEB01E9A943}.Externo|Any CPU.ActiveCfg = Release|Any CPU
		{0E9B3009-06F1-4083-A03B-ECEB01E9A943}.Externo|Any CPU.Build.0 = Release|Any CPU
		{0E9B3009-06F1-4083-A03B-ECEB01E9A943}.OYD|Any CPU.ActiveCfg = Release|Any CPU
		{0E9B3009-06F1-4083-A03B-ECEB01E9A943}.OYD|Any CPU.Build.0 = Release|Any CPU
		{0E9B3009-06F1-4083-A03B-ECEB01E9A943}.Release|Any CPU.ActiveCfg = Release|Any CPU
		{0E9B3009-06F1-4083-A03B-ECEB01E9A943}.Release|Any CPU.Build.0 = Release|Any CPU
		{0E9B3009-06F1-4083-A03B-ECEB01E9A943}.SOPORTE|Any CPU.ActiveCfg = Release|Any CPU
		{0E9B3009-06F1-4083-A03B-ECEB01E9A943}.SOPORTE|Any CPU.Build.0 = Release|Any CPU
		{0E9B3009-06F1-4083-A03B-ECEB01E9A943}.VPN|Any CPU.ActiveCfg = Release|Any CPU
		{0E9B3009-06F1-4083-A03B-ECEB01E9A943}.VPN|Any CPU.Build.0 = Release|Any CPU
		{46E24179-D839-43BF-A86A-1F31974F1A02}.ADIN|Any CPU.ActiveCfg = Release|Any CPU
		{46E24179-D839-43BF-A86A-1F31974F1A02}.ADIN|Any CPU.Build.0 = Release|Any CPU
		{46E24179-D839-43BF-A86A-1F31974F1A02}.CERTIFICACION|Any CPU.ActiveCfg = Release|Any CPU
		{46E24179-D839-43BF-A86A-1F31974F1A02}.CERTIFICACION|Any CPU.Build.0 = Release|Any CPU
		{46E24179-D839-43BF-A86A-1F31974F1A02}.Debug|Any CPU.ActiveCfg = Debug|Any CPU
		{46E24179-D839-43BF-A86A-1F31974F1A02}.Debug|Any CPU.Build.0 = Debug|Any CPU
		{46E24179-D839-43BF-A86A-1F31974F1A02}.Externo|Any CPU.ActiveCfg = Release|Any CPU
		{46E24179-D839-43BF-A86A-1F31974F1A02}.Externo|Any CPU.Build.0 = Release|Any CPU
		{46E24179-D839-43BF-A86A-1F31974F1A02}.OYD|Any CPU.ActiveCfg = Release|Any CPU
		{46E24179-D839-43BF-A86A-1F31974F1A02}.OYD|Any CPU.Build.0 = Release|Any CPU
		{46E24179-D839-43BF-A86A-1F31974F1A02}.Release|Any CPU.ActiveCfg = Release|Any CPU
		{46E24179-D839-43BF-A86A-1F31974F1A02}.Release|Any CPU.Build.0 = Release|Any CPU
		{46E24179-D839-43BF-A86A-1F31974F1A02}.SOPORTE|Any CPU.ActiveCfg = Release|Any CPU
		{46E24179-D839-43BF-A86A-1F31974F1A02}.SOPORTE|Any CPU.Build.0 = Release|Any CPU
		{46E24179-D839-43BF-A86A-1F31974F1A02}.VPN|Any CPU.ActiveCfg = Release|Any CPU
		{46E24179-D839-43BF-A86A-1F31974F1A02}.VPN|Any CPU.Build.0 = Release|Any CPU
		{AC9D0D3F-D0F4-4EEF-A155-46EFBBAB7BCE}.ADIN|Any CPU.ActiveCfg = Externo|Any CPU
		{AC9D0D3F-D0F4-4EEF-A155-46EFBBAB7BCE}.ADIN|Any CPU.Build.0 = Externo|Any CPU
		{AC9D0D3F-D0F4-4EEF-A155-46EFBBAB7BCE}.CERTIFICACION|Any CPU.ActiveCfg = Externo|Any CPU
		{AC9D0D3F-D0F4-4EEF-A155-46EFBBAB7BCE}.CERTIFICACION|Any CPU.Build.0 = Externo|Any CPU
		{AC9D0D3F-D0F4-4EEF-A155-46EFBBAB7BCE}.Debug|Any CPU.ActiveCfg = Debug|Any CPU
		{AC9D0D3F-D0F4-4EEF-A155-46EFBBAB7BCE}.Debug|Any CPU.Build.0 = Debug|Any CPU
		{AC9D0D3F-D0F4-4EEF-A155-46EFBBAB7BCE}.Externo|Any CPU.ActiveCfg = Externo|Any CPU
		{AC9D0D3F-D0F4-4EEF-A155-46EFBBAB7BCE}.Externo|Any CPU.Build.0 = Externo|Any CPU
		{AC9D0D3F-D0F4-4EEF-A155-46EFBBAB7BCE}.OYD|Any CPU.ActiveCfg = Externo|Any CPU
		{AC9D0D3F-D0F4-4EEF-A155-46EFBBAB7BCE}.OYD|Any CPU.Build.0 = Externo|Any CPU
		{AC9D0D3F-D0F4-4EEF-A155-46EFBBAB7BCE}.Release|Any CPU.ActiveCfg = Release|Any CPU
		{AC9D0D3F-D0F4-4EEF-A155-46EFBBAB7BCE}.Release|Any CPU.Build.0 = Release|Any CPU
		{AC9D0D3F-D0F4-4EEF-A155-46EFBBAB7BCE}.SOPORTE|Any CPU.ActiveCfg = Externo|Any CPU
		{AC9D0D3F-D0F4-4EEF-A155-46EFBBAB7BCE}.SOPORTE|Any CPU.Build.0 = Externo|Any CPU
		{AC9D0D3F-D0F4-4EEF-A155-46EFBBAB7BCE}.VPN|Any CPU.ActiveCfg = VPN|Any CPU
		{AC9D0D3F-D0F4-4EEF-A155-46EFBBAB7BCE}.VPN|Any CPU.Build.0 = VPN|Any CPU
		{A08EA0BB-C95B-46A5-9786-D79626665503}.ADIN|Any CPU.ActiveCfg = Release|Any CPU
		{A08EA0BB-C95B-46A5-9786-D79626665503}.ADIN|Any CPU.Build.0 = Release|Any CPU
		{A08EA0BB-C95B-46A5-9786-D79626665503}.CERTIFICACION|Any CPU.ActiveCfg = Release|Any CPU
		{A08EA0BB-C95B-46A5-9786-D79626665503}.CERTIFICACION|Any CPU.Build.0 = Release|Any CPU
		{A08EA0BB-C95B-46A5-9786-D79626665503}.Debug|Any CPU.ActiveCfg = Debug|Any CPU
		{A08EA0BB-C95B-46A5-9786-D79626665503}.Debug|Any CPU.Build.0 = Debug|Any CPU
		{A08EA0BB-C95B-46A5-9786-D79626665503}.Externo|Any CPU.ActiveCfg = Release|Any CPU
		{A08EA0BB-C95B-46A5-9786-D79626665503}.Externo|Any CPU.Build.0 = Release|Any CPU
		{A08EA0BB-C95B-46A5-9786-D79626665503}.OYD|Any CPU.ActiveCfg = Release|Any CPU
		{A08EA0BB-C95B-46A5-9786-D79626665503}.OYD|Any CPU.Build.0 = Release|Any CPU
		{A08EA0BB-C95B-46A5-9786-D79626665503}.Release|Any CPU.ActiveCfg = Release|Any CPU
		{A08EA0BB-C95B-46A5-9786-D79626665503}.Release|Any CPU.Build.0 = Release|Any CPU
		{A08EA0BB-C95B-46A5-9786-D79626665503}.SOPORTE|Any CPU.ActiveCfg = Release|Any CPU
		{A08EA0BB-C95B-46A5-9786-D79626665503}.SOPORTE|Any CPU.Build.0 = Release|Any CPU
		{A08EA0BB-C95B-46A5-9786-D79626665503}.VPN|Any CPU.ActiveCfg = Release|Any CPU
		{A08EA0BB-C95B-46A5-9786-D79626665503}.VPN|Any CPU.Build.0 = Release|Any CPU
		{33EA4E0C-53D4-4754-AD35-AE51BB45B1BF}.ADIN|Any CPU.ActiveCfg = Release|Any CPU
		{33EA4E0C-53D4-4754-AD35-AE51BB45B1BF}.ADIN|Any CPU.Build.0 = Release|Any CPU
		{33EA4E0C-53D4-4754-AD35-AE51BB45B1BF}.CERTIFICACION|Any CPU.ActiveCfg = Release|Any CPU
		{33EA4E0C-53D4-4754-AD35-AE51BB45B1BF}.CERTIFICACION|Any CPU.Build.0 = Release|Any CPU
		{33EA4E0C-53D4-4754-AD35-AE51BB45B1BF}.Debug|Any CPU.ActiveCfg = Debug|Any CPU
		{33EA4E0C-53D4-4754-AD35-AE51BB45B1BF}.Debug|Any CPU.Build.0 = Debug|Any CPU
		{33EA4E0C-53D4-4754-AD35-AE51BB45B1BF}.Externo|Any CPU.ActiveCfg = Release|Any CPU
		{33EA4E0C-53D4-4754-AD35-AE51BB45B1BF}.Externo|Any CPU.Build.0 = Release|Any CPU
		{33EA4E0C-53D4-4754-AD35-AE51BB45B1BF}.OYD|Any CPU.ActiveCfg = Release|Any CPU
		{33EA4E0C-53D4-4754-AD35-AE51BB45B1BF}.OYD|Any CPU.Build.0 = Release|Any CPU
		{33EA4E0C-53D4-4754-AD35-AE51BB45B1BF}.Release|Any CPU.ActiveCfg = Release|Any CPU
		{33EA4E0C-53D4-4754-AD35-AE51BB45B1BF}.Release|Any CPU.Build.0 = Release|Any CPU
		{33EA4E0C-53D4-4754-AD35-AE51BB45B1BF}.SOPORTE|Any CPU.ActiveCfg = Release|Any CPU
		{33EA4E0C-53D4-4754-AD35-AE51BB45B1BF}.SOPORTE|Any CPU.Build.0 = Release|Any CPU
		{33EA4E0C-53D4-4754-AD35-AE51BB45B1BF}.VPN|Any CPU.ActiveCfg = Release|Any CPU
		{33EA4E0C-53D4-4754-AD35-AE51BB45B1BF}.VPN|Any CPU.Build.0 = Release|Any CPU
		{694E40AE-E680-4699-95A3-416C8A60437A}.ADIN|Any CPU.ActiveCfg = Release|Any CPU
		{694E40AE-E680-4699-95A3-416C8A60437A}.ADIN|Any CPU.Build.0 = Release|Any CPU
		{694E40AE-E680-4699-95A3-416C8A60437A}.CERTIFICACION|Any CPU.ActiveCfg = Release|Any CPU
		{694E40AE-E680-4699-95A3-416C8A60437A}.CERTIFICACION|Any CPU.Build.0 = Release|Any CPU
		{694E40AE-E680-4699-95A3-416C8A60437A}.Debug|Any CPU.ActiveCfg = Debug|Any CPU
		{694E40AE-E680-4699-95A3-416C8A60437A}.Debug|Any CPU.Build.0 = Debug|Any CPU
		{694E40AE-E680-4699-95A3-416C8A60437A}.Externo|Any CPU.ActiveCfg = Release|Any CPU
		{694E40AE-E680-4699-95A3-416C8A60437A}.Externo|Any CPU.Build.0 = Release|Any CPU
		{694E40AE-E680-4699-95A3-416C8A60437A}.OYD|Any CPU.ActiveCfg = Release|Any CPU
		{694E40AE-E680-4699-95A3-416C8A60437A}.OYD|Any CPU.Build.0 = Release|Any CPU
		{694E40AE-E680-4699-95A3-416C8A60437A}.Release|Any CPU.ActiveCfg = Release|Any CPU
		{694E40AE-E680-4699-95A3-416C8A60437A}.Release|Any CPU.Build.0 = Release|Any CPU
		{694E40AE-E680-4699-95A3-416C8A60437A}.SOPORTE|Any CPU.ActiveCfg = Release|Any CPU
		{694E40AE-E680-4699-95A3-416C8A60437A}.SOPORTE|Any CPU.Build.0 = Release|Any CPU
		{694E40AE-E680-4699-95A3-416C8A60437A}.VPN|Any CPU.ActiveCfg = Release|Any CPU
		{694E40AE-E680-4699-95A3-416C8A60437A}.VPN|Any CPU.Build.0 = Release|Any CPU
		{A3E3F809-C41A-4D9F-822D-EC5E08F40420}.ADIN|Any CPU.ActiveCfg = Release|Any CPU
		{A3E3F809-C41A-4D9F-822D-EC5E08F40420}.ADIN|Any CPU.Build.0 = Release|Any CPU
		{A3E3F809-C41A-4D9F-822D-EC5E08F40420}.CERTIFICACION|Any CPU.ActiveCfg = Release|Any CPU
		{A3E3F809-C41A-4D9F-822D-EC5E08F40420}.CERTIFICACION|Any CPU.Build.0 = Release|Any CPU
		{A3E3F809-C41A-4D9F-822D-EC5E08F40420}.Debug|Any CPU.ActiveCfg = Debug|Any CPU
		{A3E3F809-C41A-4D9F-822D-EC5E08F40420}.Debug|Any CPU.Build.0 = Debug|Any CPU
		{A3E3F809-C41A-4D9F-822D-EC5E08F40420}.Externo|Any CPU.ActiveCfg = Release|Any CPU
		{A3E3F809-C41A-4D9F-822D-EC5E08F40420}.Externo|Any CPU.Build.0 = Release|Any CPU
		{A3E3F809-C41A-4D9F-822D-EC5E08F40420}.OYD|Any CPU.ActiveCfg = Release|Any CPU
		{A3E3F809-C41A-4D9F-822D-EC5E08F40420}.OYD|Any CPU.Build.0 = Release|Any CPU
		{A3E3F809-C41A-4D9F-822D-EC5E08F40420}.Release|Any CPU.ActiveCfg = Release|Any CPU
		{A3E3F809-C41A-4D9F-822D-EC5E08F40420}.Release|Any CPU.Build.0 = Release|Any CPU
		{A3E3F809-C41A-4D9F-822D-EC5E08F40420}.SOPORTE|Any CPU.ActiveCfg = Release|Any CPU
		{A3E3F809-C41A-4D9F-822D-EC5E08F40420}.SOPORTE|Any CPU.Build.0 = Release|Any CPU
		{A3E3F809-C41A-4D9F-822D-EC5E08F40420}.VPN|Any CPU.ActiveCfg = Release|Any CPU
		{A3E3F809-C41A-4D9F-822D-EC5E08F40420}.VPN|Any CPU.Build.0 = Release|Any CPU
		{8696E95F-2251-4266-B379-C5A9A5D6F3A1}.ADIN|Any CPU.ActiveCfg = Release|Any CPU
		{8696E95F-2251-4266-B379-C5A9A5D6F3A1}.ADIN|Any CPU.Build.0 = Release|Any CPU
		{8696E95F-2251-4266-B379-C5A9A5D6F3A1}.CERTIFICACION|Any CPU.ActiveCfg = Release|Any CPU
		{8696E95F-2251-4266-B379-C5A9A5D6F3A1}.CERTIFICACION|Any CPU.Build.0 = Release|Any CPU
		{8696E95F-2251-4266-B379-C5A9A5D6F3A1}.Debug|Any CPU.ActiveCfg = Debug|Any CPU
		{8696E95F-2251-4266-B379-C5A9A5D6F3A1}.Debug|Any CPU.Build.0 = Debug|Any CPU
		{8696E95F-2251-4266-B379-C5A9A5D6F3A1}.Externo|Any CPU.ActiveCfg = Release|Any CPU
		{8696E95F-2251-4266-B379-C5A9A5D6F3A1}.Externo|Any CPU.Build.0 = Release|Any CPU
		{8696E95F-2251-4266-B379-C5A9A5D6F3A1}.OYD|Any CPU.ActiveCfg = Release|Any CPU
		{8696E95F-2251-4266-B379-C5A9A5D6F3A1}.OYD|Any CPU.Build.0 = Release|Any CPU
		{8696E95F-2251-4266-B379-C5A9A5D6F3A1}.Release|Any CPU.ActiveCfg = Release|Any CPU
		{8696E95F-2251-4266-B379-C5A9A5D6F3A1}.Release|Any CPU.Build.0 = Release|Any CPU
		{8696E95F-2251-4266-B379-C5A9A5D6F3A1}.SOPORTE|Any CPU.ActiveCfg = Release|Any CPU
		{8696E95F-2251-4266-B379-C5A9A5D6F3A1}.SOPORTE|Any CPU.Build.0 = Release|Any CPU
		{8696E95F-2251-4266-B379-C5A9A5D6F3A1}.VPN|Any CPU.ActiveCfg = Release|Any CPU
		{8696E95F-2251-4266-B379-C5A9A5D6F3A1}.VPN|Any CPU.Build.0 = Release|Any CPU
		{8E630EFC-86EF-4A68-9B91-51A676CC8869}.ADIN|Any CPU.ActiveCfg = Externo|Any CPU
		{8E630EFC-86EF-4A68-9B91-51A676CC8869}.ADIN|Any CPU.Build.0 = Externo|Any CPU
		{8E630EFC-86EF-4A68-9B91-51A676CC8869}.CERTIFICACION|Any CPU.ActiveCfg = Externo|Any CPU
		{8E630EFC-86EF-4A68-9B91-51A676CC8869}.CERTIFICACION|Any CPU.Build.0 = Externo|Any CPU
		{8E630EFC-86EF-4A68-9B91-51A676CC8869}.Debug|Any CPU.ActiveCfg = Debug|Any CPU
		{8E630EFC-86EF-4A68-9B91-51A676CC8869}.Debug|Any CPU.Build.0 = Debug|Any CPU
		{8E630EFC-86EF-4A68-9B91-51A676CC8869}.Externo|Any CPU.ActiveCfg = Externo|Any CPU
		{8E630EFC-86EF-4A68-9B91-51A676CC8869}.Externo|Any CPU.Build.0 = Externo|Any CPU
		{8E630EFC-86EF-4A68-9B91-51A676CC8869}.OYD|Any CPU.ActiveCfg = Externo|Any CPU
		{8E630EFC-86EF-4A68-9B91-51A676CC8869}.OYD|Any CPU.Build.0 = Externo|Any CPU
		{8E630EFC-86EF-4A68-9B91-51A676CC8869}.Release|Any CPU.ActiveCfg = Release|Any CPU
		{8E630EFC-86EF-4A68-9B91-51A676CC8869}.Release|Any CPU.Build.0 = Release|Any CPU
		{8E630EFC-86EF-4A68-9B91-51A676CC8869}.SOPORTE|Any CPU.ActiveCfg = Externo|Any CPU
		{8E630EFC-86EF-4A68-9B91-51A676CC8869}.SOPORTE|Any CPU.Build.0 = Externo|Any CPU
		{8E630EFC-86EF-4A68-9B91-51A676CC8869}.VPN|Any CPU.ActiveCfg = VPN|Any CPU
		{8E630EFC-86EF-4A68-9B91-51A676CC8869}.VPN|Any CPU.Build.0 = VPN|Any CPU
		{D6A3634E-A88C-4A19-A69A-DD959F081A47}.ADIN|Any CPU.ActiveCfg = Externo|Any CPU
		{D6A3634E-A88C-4A19-A69A-DD959F081A47}.ADIN|Any CPU.Build.0 = Externo|Any CPU
		{D6A3634E-A88C-4A19-A69A-DD959F081A47}.CERTIFICACION|Any CPU.ActiveCfg = Externo|Any CPU
		{D6A3634E-A88C-4A19-A69A-DD959F081A47}.CERTIFICACION|Any CPU.Build.0 = Externo|Any CPU
		{D6A3634E-A88C-4A19-A69A-DD959F081A47}.Debug|Any CPU.ActiveCfg = Debug|Any CPU
		{D6A3634E-A88C-4A19-A69A-DD959F081A47}.Debug|Any CPU.Build.0 = Debug|Any CPU
		{D6A3634E-A88C-4A19-A69A-DD959F081A47}.Externo|Any CPU.ActiveCfg = Externo|Any CPU
		{D6A3634E-A88C-4A19-A69A-DD959F081A47}.Externo|Any CPU.Build.0 = Externo|Any CPU
		{D6A3634E-A88C-4A19-A69A-DD959F081A47}.OYD|Any CPU.ActiveCfg = Externo|Any CPU
		{D6A3634E-A88C-4A19-A69A-DD959F081A47}.OYD|Any CPU.Build.0 = Externo|Any CPU
		{D6A3634E-A88C-4A19-A69A-DD959F081A47}.Release|Any CPU.ActiveCfg = Release|Any CPU
		{D6A3634E-A88C-4A19-A69A-DD959F081A47}.Release|Any CPU.Build.0 = Release|Any CPU
		{D6A3634E-A88C-4A19-A69A-DD959F081A47}.SOPORTE|Any CPU.ActiveCfg = Externo|Any CPU
		{D6A3634E-A88C-4A19-A69A-DD959F081A47}.SOPORTE|Any CPU.Build.0 = Externo|Any CPU
		{D6A3634E-A88C-4A19-A69A-DD959F081A47}.VPN|Any CPU.ActiveCfg = VPN|Any CPU
		{D6A3634E-A88C-4A19-A69A-DD959F081A47}.VPN|Any CPU.Build.0 = VPN|Any CPU
		{5AD886CB-9D5A-4E84-977D-C3D51A6FF6FF}.ADIN|Any CPU.ActiveCfg = Release|Any CPU
		{5AD886CB-9D5A-4E84-977D-C3D51A6FF6FF}.ADIN|Any CPU.Build.0 = Release|Any CPU
		{5AD886CB-9D5A-4E84-977D-C3D51A6FF6FF}.CERTIFICACION|Any CPU.ActiveCfg = Release|Any CPU
		{5AD886CB-9D5A-4E84-977D-C3D51A6FF6FF}.CERTIFICACION|Any CPU.Build.0 = Release|Any CPU
		{5AD886CB-9D5A-4E84-977D-C3D51A6FF6FF}.Debug|Any CPU.ActiveCfg = Debug|Any CPU
		{5AD886CB-9D5A-4E84-977D-C3D51A6FF6FF}.Debug|Any CPU.Build.0 = Debug|Any CPU
		{5AD886CB-9D5A-4E84-977D-C3D51A6FF6FF}.Externo|Any CPU.ActiveCfg = Release|Any CPU
		{5AD886CB-9D5A-4E84-977D-C3D51A6FF6FF}.Externo|Any CPU.Build.0 = Release|Any CPU
		{5AD886CB-9D5A-4E84-977D-C3D51A6FF6FF}.OYD|Any CPU.ActiveCfg = Release|Any CPU
		{5AD886CB-9D5A-4E84-977D-C3D51A6FF6FF}.OYD|Any CPU.Build.0 = Release|Any CPU
		{5AD886CB-9D5A-4E84-977D-C3D51A6FF6FF}.Release|Any CPU.ActiveCfg = Release|Any CPU
		{5AD886CB-9D5A-4E84-977D-C3D51A6FF6FF}.Release|Any CPU.Build.0 = Release|Any CPU
		{5AD886CB-9D5A-4E84-977D-C3D51A6FF6FF}.SOPORTE|Any CPU.ActiveCfg = Release|Any CPU
		{5AD886CB-9D5A-4E84-977D-C3D51A6FF6FF}.SOPORTE|Any CPU.Build.0 = Release|Any CPU
		{5AD886CB-9D5A-4E84-977D-C3D51A6FF6FF}.VPN|Any CPU.ActiveCfg = Release|Any CPU
		{5AD886CB-9D5A-4E84-977D-C3D51A6FF6FF}.VPN|Any CPU.Build.0 = Release|Any CPU
		{65625CAD-3ED7-4AFF-AF40-5536F94ED875}.ADIN|Any CPU.ActiveCfg = Externo|Any CPU
		{65625CAD-3ED7-4AFF-AF40-5536F94ED875}.ADIN|Any CPU.Build.0 = Externo|Any CPU
		{65625CAD-3ED7-4AFF-AF40-5536F94ED875}.CERTIFICACION|Any CPU.ActiveCfg = Externo|Any CPU
		{65625CAD-3ED7-4AFF-AF40-5536F94ED875}.CERTIFICACION|Any CPU.Build.0 = Externo|Any CPU
		{65625CAD-3ED7-4AFF-AF40-5536F94ED875}.Debug|Any CPU.ActiveCfg = Debug|Any CPU
		{65625CAD-3ED7-4AFF-AF40-5536F94ED875}.Debug|Any CPU.Build.0 = Debug|Any CPU
		{65625CAD-3ED7-4AFF-AF40-5536F94ED875}.Externo|Any CPU.ActiveCfg = Externo|Any CPU
		{65625CAD-3ED7-4AFF-AF40-5536F94ED875}.Externo|Any CPU.Build.0 = Externo|Any CPU
		{65625CAD-3ED7-4AFF-AF40-5536F94ED875}.OYD|Any CPU.ActiveCfg = Externo|Any CPU
		{65625CAD-3ED7-4AFF-AF40-5536F94ED875}.OYD|Any CPU.Build.0 = Externo|Any CPU
		{65625CAD-3ED7-4AFF-AF40-5536F94ED875}.Release|Any CPU.ActiveCfg = Release|Any CPU
		{65625CAD-3ED7-4AFF-AF40-5536F94ED875}.Release|Any CPU.Build.0 = Release|Any CPU
		{65625CAD-3ED7-4AFF-AF40-5536F94ED875}.SOPORTE|Any CPU.ActiveCfg = Externo|Any CPU
		{65625CAD-3ED7-4AFF-AF40-5536F94ED875}.SOPORTE|Any CPU.Build.0 = Externo|Any CPU
		{65625CAD-3ED7-4AFF-AF40-5536F94ED875}.VPN|Any CPU.ActiveCfg = VPN|Any CPU
		{65625CAD-3ED7-4AFF-AF40-5536F94ED875}.VPN|Any CPU.Build.0 = VPN|Any CPU
		{6FC84C6F-8959-473C-BABB-510C5C33B2EE}.ADIN|Any CPU.ActiveCfg = ADIN|Any CPU
		{6FC84C6F-8959-473C-BABB-510C5C33B2EE}.ADIN|Any CPU.Build.0 = ADIN|Any CPU
		{6FC84C6F-8959-473C-BABB-510C5C33B2EE}.CERTIFICACION|Any CPU.ActiveCfg = CERTIFICACION|Any CPU
		{6FC84C6F-8959-473C-BABB-510C5C33B2EE}.CERTIFICACION|Any CPU.Build.0 = CERTIFICACION|Any CPU
		{6FC84C6F-8959-473C-BABB-510C5C33B2EE}.Debug|Any CPU.ActiveCfg = Debug|Any CPU
		{6FC84C6F-8959-473C-BABB-510C5C33B2EE}.Debug|Any CPU.Build.0 = Debug|Any CPU
		{6FC84C6F-8959-473C-BABB-510C5C33B2EE}.Externo|Any CPU.ActiveCfg = Externo|Any CPU
		{6FC84C6F-8959-473C-BABB-510C5C33B2EE}.Externo|Any CPU.Build.0 = Externo|Any CPU
		{6FC84C6F-8959-473C-BABB-510C5C33B2EE}.OYD|Any CPU.ActiveCfg = OYD|Any CPU
		{6FC84C6F-8959-473C-BABB-510C5C33B2EE}.OYD|Any CPU.Build.0 = OYD|Any CPU
		{6FC84C6F-8959-473C-BABB-510C5C33B2EE}.Release|Any CPU.ActiveCfg = Release|Any CPU
		{6FC84C6F-8959-473C-BABB-510C5C33B2EE}.Release|Any CPU.Build.0 = Release|Any CPU
		{6FC84C6F-8959-473C-BABB-510C5C33B2EE}.SOPORTE|Any CPU.ActiveCfg = SOPORTE|Any CPU
		{6FC84C6F-8959-473C-BABB-510C5C33B2EE}.SOPORTE|Any CPU.Build.0 = SOPORTE|Any CPU
		{6FC84C6F-8959-473C-BABB-510C5C33B2EE}.VPN|Any CPU.ActiveCfg = VPN|Any CPU
		{6FC84C6F-8959-473C-BABB-510C5C33B2EE}.VPN|Any CPU.Build.0 = VPN|Any CPU
		{1B80BAF3-AD90-4DE4-8246-4DBE132FEBE2}.ADIN|Any CPU.ActiveCfg = ADIN|Any CPU
		{1B80BAF3-AD90-4DE4-8246-4DBE132FEBE2}.ADIN|Any CPU.Build.0 = ADIN|Any CPU
		{1B80BAF3-AD90-4DE4-8246-4DBE132FEBE2}.CERTIFICACION|Any CPU.ActiveCfg = CERTIFICACION|Any CPU
		{1B80BAF3-AD90-4DE4-8246-4DBE132FEBE2}.CERTIFICACION|Any CPU.Build.0 = CERTIFICACION|Any CPU
		{1B80BAF3-AD90-4DE4-8246-4DBE132FEBE2}.Debug|Any CPU.ActiveCfg = Debug|Any CPU
		{1B80BAF3-AD90-4DE4-8246-4DBE132FEBE2}.Debug|Any CPU.Build.0 = Debug|Any CPU
		{1B80BAF3-AD90-4DE4-8246-4DBE132FEBE2}.Externo|Any CPU.ActiveCfg = SOPORTE|Any CPU
		{1B80BAF3-AD90-4DE4-8246-4DBE132FEBE2}.Externo|Any CPU.Build.0 = SOPORTE|Any CPU
		{1B80BAF3-AD90-4DE4-8246-4DBE132FEBE2}.OYD|Any CPU.ActiveCfg = OYD|Any CPU
		{1B80BAF3-AD90-4DE4-8246-4DBE132FEBE2}.OYD|Any CPU.Build.0 = OYD|Any CPU
		{1B80BAF3-AD90-4DE4-8246-4DBE132FEBE2}.Release|Any CPU.ActiveCfg = Release|Any CPU
		{1B80BAF3-AD90-4DE4-8246-4DBE132FEBE2}.Release|Any CPU.Build.0 = Release|Any CPU
		{1B80BAF3-AD90-4DE4-8246-4DBE132FEBE2}.SOPORTE|Any CPU.ActiveCfg = SOPORTE|Any CPU
		{1B80BAF3-AD90-4DE4-8246-4DBE132FEBE2}.SOPORTE|Any CPU.Build.0 = SOPORTE|Any CPU
		{1B80BAF3-AD90-4DE4-8246-4DBE132FEBE2}.VPN|Any CPU.ActiveCfg = SOPORTE|Any CPU
		{1B80BAF3-AD90-4DE4-8246-4DBE132FEBE2}.VPN|Any CPU.Build.0 = SOPORTE|Any CPU
		{C8A6D545-DE72-4139-AAF6-3A7D26C86D30}.ADIN|Any CPU.ActiveCfg = ADIN|Any CPU
		{C8A6D545-DE72-4139-AAF6-3A7D26C86D30}.ADIN|Any CPU.Build.0 = ADIN|Any CPU
		{C8A6D545-DE72-4139-AAF6-3A7D26C86D30}.CERTIFICACION|Any CPU.ActiveCfg = CERTIFICACION|Any CPU
		{C8A6D545-DE72-4139-AAF6-3A7D26C86D30}.CERTIFICACION|Any CPU.Build.0 = CERTIFICACION|Any CPU
		{C8A6D545-DE72-4139-AAF6-3A7D26C86D30}.Debug|Any CPU.ActiveCfg = Debug|Any CPU
		{C8A6D545-DE72-4139-AAF6-3A7D26C86D30}.Debug|Any CPU.Build.0 = Debug|Any CPU
		{C8A6D545-DE72-4139-AAF6-3A7D26C86D30}.Externo|Any CPU.ActiveCfg = SOPORTE|Any CPU
		{C8A6D545-DE72-4139-AAF6-3A7D26C86D30}.Externo|Any CPU.Build.0 = SOPORTE|Any CPU
		{C8A6D545-DE72-4139-AAF6-3A7D26C86D30}.OYD|Any CPU.ActiveCfg = OYD|Any CPU
		{C8A6D545-DE72-4139-AAF6-3A7D26C86D30}.OYD|Any CPU.Build.0 = OYD|Any CPU
		{C8A6D545-DE72-4139-AAF6-3A7D26C86D30}.Release|Any CPU.ActiveCfg = Release|Any CPU
		{C8A6D545-DE72-4139-AAF6-3A7D26C86D30}.Release|Any CPU.Build.0 = Release|Any CPU
		{C8A6D545-DE72-4139-AAF6-3A7D26C86D30}.SOPORTE|Any CPU.ActiveCfg = SOPORTE|Any CPU
		{C8A6D545-DE72-4139-AAF6-3A7D26C86D30}.SOPORTE|Any CPU.Build.0 = SOPORTE|Any CPU
		{C8A6D545-DE72-4139-AAF6-3A7D26C86D30}.VPN|Any CPU.ActiveCfg = SOPORTE|Any CPU
		{C8A6D545-DE72-4139-AAF6-3A7D26C86D30}.VPN|Any CPU.Build.0 = SOPORTE|Any CPU
	EndGlobalSection
	GlobalSection(SolutionProperties) = preSolution
		HideSolutionNode = FALSE
	EndGlobalSection
	GlobalSection(NestedProjects) = preSolution
		{EA5D3F34-0629-48D1-9A09-91D12918383B} = {CFC1B2BD-4147-4990-B715-85AF0020C545}
		{95138B7D-DC43-4725-9822-AF3CE14021E1} = {CFC1B2BD-4147-4990-B715-85AF0020C545}
		{92EC8293-8C72-4190-AA92-40F827DC99D8} = {CFC1B2BD-4147-4990-B715-85AF0020C545}
		{4CDA3784-0BD8-4DBA-9ED8-068A57508736} = {CFC1B2BD-4147-4990-B715-85AF0020C545}
		{67E93CB5-1521-46C6-B6DD-E4016E77B16C} = {CFC1B2BD-4147-4990-B715-85AF0020C545}
		{68331015-52B3-4B94-A62F-66A1F1FC8304} = {CFC1B2BD-4147-4990-B715-85AF0020C545}
		{1F082B65-49E1-403B-8395-E2B3B5B12AE7} = {CFC1B2BD-4147-4990-B715-85AF0020C545}
		{00CD1582-102E-4148-B12E-3435034CAE0F} = {CFC1B2BD-4147-4990-B715-85AF0020C545}
		{D2A3C66E-E30F-4225-A960-6487DD344EE8} = {CFC1B2BD-4147-4990-B715-85AF0020C545}
		{AB0007AF-9522-4500-BE4A-125FC93CDB3E} = {70749C90-6126-4967-9737-844142FCAF7B}
		{6416EC2B-0D4D-4D70-9354-6F7F6008D907} = {70749C90-6126-4967-9737-844142FCAF7B}
		{2C159C5A-6F3D-4899-94BD-91DDC8498680} = {70749C90-6126-4967-9737-844142FCAF7B}
		{C4D1F390-D0CC-4066-BE38-94F0D316A620} = {BCE91644-EA42-41B1-8E94-73E2931F56E1}
		{0C05D3FC-C9BA-4A4D-ACA9-538940CA0407} = {BCE91644-EA42-41B1-8E94-73E2931F56E1}
		{1A238C67-5A46-49E5-8BD0-290B25FAE77F} = {A1B30DF1-16A9-4791-98F4-31A6EF9ACACE}
		{79C96F87-E4E6-41CC-A47E-17B37390BF25} = {A1B30DF1-16A9-4791-98F4-31A6EF9ACACE}
		{12A5AFDE-EB13-4899-8B5B-34907AD5CBB1} = {A1B30DF1-16A9-4791-98F4-31A6EF9ACACE}
		{6E5599C1-1880-4B6B-8A3C-390CBD5A308B} = {A1B30DF1-16A9-4791-98F4-31A6EF9ACACE}
		{81B71119-802C-4748-A1B2-5A614ABFDFB6} = {A1B30DF1-16A9-4791-98F4-31A6EF9ACACE}
		{C990BE66-417F-4225-AD36-51656CE74E7C} = {A1B30DF1-16A9-4791-98F4-31A6EF9ACACE}
		{841799D0-05AD-4AB7-9604-09CD485B7398} = {17A365EE-ED1F-4895-818C-1037E3D10596}
		{38712021-648D-4145-9683-3BC73A2787FC} = {17A365EE-ED1F-4895-818C-1037E3D10596}
		{DF4E6194-0552-4731-9C56-555AE594DBC5} = {17A365EE-ED1F-4895-818C-1037E3D10596}
		{CC496F39-7244-45B8-B124-D234862B2913} = {17A365EE-ED1F-4895-818C-1037E3D10596}
		{89A27ABB-38BC-44AD-8B33-634B13BC9E4A} = {17A365EE-ED1F-4895-818C-1037E3D10596}
		{3D4DC19D-D50A-4C6E-8A4E-A18E43A967C7} = {17A365EE-ED1F-4895-818C-1037E3D10596}
		{DFDB1FAF-D7BD-4821-AE96-0F0A623404D4} = {17A365EE-ED1F-4895-818C-1037E3D10596}
		{5E61FA3A-1B0A-41BF-A305-0863125BF44E} = {17A365EE-ED1F-4895-818C-1037E3D10596}
		{70E434C2-8078-44CF-99D6-E744E7AAADCE} = {17A365EE-ED1F-4895-818C-1037E3D10596}
		{058AA398-4980-4C00-975F-AF2F2A5BAE6A} = {17A365EE-ED1F-4895-818C-1037E3D10596}
		{0E9B3009-06F1-4083-A03B-ECEB01E9A943} = {C2BF8BF7-A008-4D32-80E8-A7AC83EC9F96}
		{46E24179-D839-43BF-A86A-1F31974F1A02} = {C2BF8BF7-A008-4D32-80E8-A7AC83EC9F96}
		{AC9D0D3F-D0F4-4EEF-A155-46EFBBAB7BCE} = {C2BF8BF7-A008-4D32-80E8-A7AC83EC9F96}
		{A08EA0BB-C95B-46A5-9786-D79626665503} = {C2BF8BF7-A008-4D32-80E8-A7AC83EC9F96}
		{33EA4E0C-53D4-4754-AD35-AE51BB45B1BF} = {C2BF8BF7-A008-4D32-80E8-A7AC83EC9F96}
		{694E40AE-E680-4699-95A3-416C8A60437A} = {C2BF8BF7-A008-4D32-80E8-A7AC83EC9F96}
		{A3E3F809-C41A-4D9F-822D-EC5E08F40420} = {C2BF8BF7-A008-4D32-80E8-A7AC83EC9F96}
		{8696E95F-2251-4266-B379-C5A9A5D6F3A1} = {C2BF8BF7-A008-4D32-80E8-A7AC83EC9F96}
		{8E630EFC-86EF-4A68-9B91-51A676CC8869} = {C2BF8BF7-A008-4D32-80E8-A7AC83EC9F96}
		{D6A3634E-A88C-4A19-A69A-DD959F081A47} = {C2BF8BF7-A008-4D32-80E8-A7AC83EC9F96}
		{5AD886CB-9D5A-4E84-977D-C3D51A6FF6FF} = {54EFA986-E013-4710-8EF5-8EA66141CE5D}
		{1B80BAF3-AD90-4DE4-8246-4DBE132FEBE2} = {D0F51C6F-DBD2-424C-B0AF-144391588AD8}
		{C8A6D545-DE72-4139-AAF6-3A7D26C86D30} = {D0F51C6F-DBD2-424C-B0AF-144391588AD8}
	EndGlobalSection
	GlobalSection(ExtensibilityGlobals) = postSolution
		SolutionGuid = {C0F7957D-4D4B-4050-A3E3-6B3994B08C3C}
	EndGlobalSection
	GlobalSection(TeamFoundationVersionControl) = preSolution
		SccNumberOfProjects = 46
		SccEnterpriseProvider = {4CA58AB2-18FA-4F8D-95D4-32DDF27D184C}
		SccTeamFoundationServer = http://a2tsc:9091/tfs/oydnet
		SccLocalPath0 = .
		SccProjectUniqueName1 = ..\\CF\\A2.CF.RIA.CalculosFinancieros.Web\\A2.CF.RIA.CalculosFinancieros.Web.vbproj
		SccProjectTopLevelParentUniqueName1 = WEB_RIA.sln
		SccProjectName1 = ../CF/A2.CF.RIA.CalculosFinancieros.Web
		SccLocalPath1 = ..\\CF\\A2.CF.RIA.CalculosFinancieros.Web
		SccProjectUniqueName2 = ..\\CF\\A2.CF.RIA.CodificacionContable.Web\\A2.CF.RIA.CodificacionContable.Web.vbproj
		SccProjectTopLevelParentUniqueName2 = WEB_RIA.sln
		SccProjectName2 = ../CF/A2.CF.RIA.CodificacionContable.Web
		SccLocalPath2 = ..\\CF\\A2.CF.RIA.CodificacionContable.Web
		SccProjectUniqueName3 = ..\\CF\\A2.CF.RIA.Especies.Web\\A2.CF.RIA.Especies.Web.vbproj
		SccProjectTopLevelParentUniqueName3 = WEB_RIA.sln
		SccProjectName3 = ../CF/A2.CF.RIA.Especies.Web
		SccLocalPath3 = ..\\CF\\A2.CF.RIA.Especies.Web
		SccProjectUniqueName4 = ..\\CF\\A2.CF.RIA.Maestros.Web\\A2.CF.RIA.Maestros.Web.vbproj
		SccProjectTopLevelParentUniqueName4 = WEB_RIA.sln
		SccProjectName4 = ../CF/A2.CF.RIA.Maestros.Web
		SccLocalPath4 = ..\\CF\\A2.CF.RIA.Maestros.Web
		SccProjectUniqueName5 = ..\\CF\\A2.CF.RIA.Operaciones.Web\\A2.CF.RIA.Operaciones.Web.vbproj
		SccProjectTopLevelParentUniqueName5 = WEB_RIA.sln
		SccProjectName5 = ../CF/A2.CF.RIA.Operaciones.Web
		SccLocalPath5 = ..\\CF\\A2.CF.RIA.Operaciones.Web
		SccProjectUniqueName6 = ..\\CF\\A2.CF.RIA.Portafolio.Web\\A2.CF.RIA.Portafolio.Web.vbproj
		SccProjectTopLevelParentUniqueName6 = WEB_RIA.sln
		SccProjectName6 = ../CF/A2.CF.RIA.Portafolio.Web
		SccLocalPath6 = ..\\CF\\A2.CF.RIA.Portafolio.Web
		SccProjectUniqueName7 = ..\\CF\\A2.CF.RIA.ProcesarPortafolio.Web\\A2.CF.RIA.ProcesarPortafolio.Web.vbproj
		SccProjectTopLevelParentUniqueName7 = WEB_RIA.sln
		SccProjectName7 = ../CF/A2.CF.RIA.ProcesarPortafolio.Web
		SccLocalPath7 = ..\\CF\\A2.CF.RIA.ProcesarPortafolio.Web
		SccProjectUniqueName8 = ..\\CF\\A2.CF.RIA.ReporteriaLegal.Web\\A2.CF.RIA.ReporteriaLegal.Web.vbproj
		SccProjectTopLevelParentUniqueName8 = WEB_RIA.sln
		SccProjectName8 = ../CF/A2.CF.RIA.ReporteriaLegal.Web
		SccLocalPath8 = ..\\CF\\A2.CF.RIA.ReporteriaLegal.Web
		SccProjectUniqueName9 = ..\\CF\\A2.CF.RIA.TitulosNet.Web\\A2.CF.RIA.TitulosNet.Web.vbproj
		SccProjectTopLevelParentUniqueName9 = WEB_RIA.sln
		SccProjectName9 = ../CF/A2.CF.RIA.TitulosNet.Web
		SccLocalPath9 = ..\\CF\\A2.CF.RIA.TitulosNet.Web
		SccProjectUniqueName10 = ..\\DE\\A2.DER.Maestros.OPENRIA.WEB\\A2.DER.Maestros.OPENRIA.WEB.vbproj
		SccProjectTopLevelParentUniqueName10 = WEB_RIA.sln
		SccProjectName10 = ../DE/A2.DER.Maestros.OPENRIA.WEB
		SccLocalPath10 = ..\\DE\\A2.DER.Maestros.OPENRIA.WEB
		SccProjectUniqueName11 = ..\\DE\\A2.DER.Operaciones.OPENRIA.WEB\\A2.DER.Operaciones.OPENRIA.WEB.vbproj
		SccProjectTopLevelParentUniqueName11 = WEB_RIA.sln
		SccProjectName11 = ../DE/A2.DER.Operaciones.OPENRIA.WEB
		SccLocalPath11 = ..\\DE\\A2.DER.Operaciones.OPENRIA.WEB
		SccProjectUniqueName12 = ..\\DE\\A2.DER.Ordenes.OPENRIA.WEB\\A2.DER.Ordenes.OPENRIA.WEB.vbproj
		SccProjectTopLevelParentUniqueName12 = WEB_RIA.sln
		SccProjectName12 = ../DE/A2.DER.Ordenes.OPENRIA.WEB
		SccLocalPath12 = ..\\DE\\A2.DER.Ordenes.OPENRIA.WEB
		SccProjectUniqueName13 = ..\\DI\\A2.FormulariosDivisas.WPF.OPENRIA.WEB\\A2.FormulariosDivisas.WPF.OPENRIA.WEB.vbproj
		SccProjectTopLevelParentUniqueName13 = WEB_RIA.sln
		SccProjectName13 = ../DI/A2.FormulariosDivisas.WPF.OPENRIA.WEB
		SccLocalPath13 = ..\\DI\\A2.FormulariosDivisas.WPF.OPENRIA.WEB
		SccProjectUniqueName14 = ..\\DI\\A2.OrdenesDivisas.WPF.OPENRIA.WEB\\A2.OrdenesDivisas.WPF.OPENRIA.WEB.vbproj
		SccProjectTopLevelParentUniqueName14 = WEB_RIA.sln
		SccProjectName14 = ../DI/A2.OrdenesDivisas.WPF.OPENRIA.WEB
		SccLocalPath14 = ..\\DI\\A2.OrdenesDivisas.WPF.OPENRIA.WEB
		SccProjectUniqueName15 = ..\\GEN\\A2.CF.RIA.Utilidades.Web\\A2.CF.RIA.Utilidades.Web.vbproj
		SccProjectTopLevelParentUniqueName15 = WEB_RIA.sln
		SccProjectName15 = ../GEN/A2.CF.RIA.Utilidades.Web
		SccLocalPath15 = ..\\GEN\\A2.CF.RIA.Utilidades.Web
		SccProjectUniqueName16 = ..\\GEN\\A2.Ordenes.WPF.OPENRIA.WEB\\A2.Ordenes.WPF.OPENRIA.WEB.vbproj
		SccProjectTopLevelParentUniqueName16 = WEB_RIA.sln
		SccProjectName16 = ../GEN/A2.Ordenes.WPF.OPENRIA.WEB
		SccLocalPath16 = ..\\GEN\\A2.Ordenes.WPF.OPENRIA.WEB
		SccProjectUniqueName17 = ..\\GEN\\A2.OyD.OYDServer.RIA.Importaciones.Web\\A2.OyD.OYDServer.RIA.Importaciones.Web.vbproj
		SccProjectTopLevelParentUniqueName17 = WEB_RIA.sln
		SccProjectName17 = ../GEN/A2.OyD.OYDServer.RIA.Importaciones.Web
		SccLocalPath17 = ..\\GEN\\A2.OyD.OYDServer.RIA.Importaciones.Web
		SccProjectUniqueName18 = ..\\GEN\\A2.OyD.OYDServer.RIA.Utilidades.Web\\A2.OyD.OYDServer.RIA.Utilidades.Web.vbproj
		SccProjectTopLevelParentUniqueName18 = WEB_RIA.sln
		SccProjectName18 = ../GEN/A2.OyD.OYDServer.RIA.Utilidades.Web
		SccLocalPath18 = ..\\GEN\\A2.OyD.OYDServer.RIA.Utilidades.Web
		SccProjectUniqueName19 = ..\\GEN\\A2.Personas.WPF.OPENRIA.WEB\\A2.Personas.WPF.OPENRIA.WEB.vbproj
		SccProjectTopLevelParentUniqueName19 = WEB_RIA.sln
		SccProjectName19 = ../GEN/A2.Personas.WPF.OPENRIA.WEB
		SccLocalPath19 = ..\\GEN\\A2.Personas.WPF.OPENRIA.WEB
		SccProjectUniqueName20 = ..\\GEN\\A2.Utilidades.OPENRIA.Web\\A2.Utilidades.OPENRIA.Web.vbproj
		SccProjectTopLevelParentUniqueName20 = WEB_RIA.sln
		SccProjectName20 = ../GEN/A2.Utilidades.OPENRIA.Web
		SccLocalPath20 = ..\\GEN\\A2.Utilidades.OPENRIA.Web
		SccProjectUniqueName21 = ..\\NET\\A2.OyD.OYDServer.RIA.Bolsa.Web\\A2.OyD.OYDServer.RIA.Bolsa.Web.vbproj
		SccProjectTopLevelParentUniqueName21 = WEB_RIA.sln
		SccProjectName21 = ../NET/A2.OyD.OYDServer.RIA.Bolsa.Web
		SccLocalPath21 = ..\\NET\\A2.OyD.OYDServer.RIA.Bolsa.Web
		SccProjectUniqueName22 = ..\\NET\\A2.OyD.OYDServer.RIA.CitiBank.Web\\A2.OyD.OYDServer.RIA.CitiBank.Web.vbproj
		SccProjectTopLevelParentUniqueName22 = WEB_RIA.sln
		SccProjectName22 = ../NET/A2.OyD.OYDServer.RIA.CitiBank.Web
		SccLocalPath22 = ..\\NET\\A2.OyD.OYDServer.RIA.CitiBank.Web
		SccProjectUniqueName23 = ..\\NET\\A2.OyD.OYDServer.RIA.Clientes.Web\\A2.OyD.OYDServer.RIA.Clientes.Web.vbproj
		SccProjectTopLevelParentUniqueName23 = WEB_RIA.sln
		SccProjectName23 = ../NET/A2.OyD.OYDServer.RIA.Clientes.Web
		SccLocalPath23 = ..\\NET\\A2.OyD.OYDServer.RIA.Clientes.Web
		SccProjectUniqueName24 = ..\\NET\\A2.OyD.OYDServer.RIA.Maestros.Web\\A2.OyD.OYDServer.RIA.Maestros.Web.vbproj
		SccProjectTopLevelParentUniqueName24 = WEB_RIA.sln
		SccProjectName24 = ../NET/A2.OyD.OYDServer.RIA.Maestros.Web
		SccLocalPath24 = ..\\NET\\A2.OyD.OYDServer.RIA.Maestros.Web
		SccProjectUniqueName25 = ..\\NET\\A2.OyD.OYDServer.RIA.MILA.Web\\A2.OyD.OYDServer.RIA.MILA.Web.vbproj
		SccProjectTopLevelParentUniqueName25 = WEB_RIA.sln
		SccProjectName25 = ../NET/A2.OyD.OYDServer.RIA.MILA.Web
		SccLocalPath25 = ..\\NET\\A2.OyD.OYDServer.RIA.MILA.Web
		SccProjectUniqueName26 = ..\\NET\\A2.OyD.OYDServer.RIA.Operaciones.Web\\A2.OyD.OYDServer.RIA.Operaciones.Web.vbproj
		SccProjectTopLevelParentUniqueName26 = WEB_RIA.sln
		SccProjectName26 = ../NET/A2.OyD.OYDServer.RIA.Operaciones.Web
		SccLocalPath26 = ..\\NET\\A2.OyD.OYDServer.RIA.Operaciones.Web
		SccProjectUniqueName27 = ..\\NET\\A2.OyD.OYDServer.RIA.Ordenes.Web\\A2.OyD.OYDServer.RIA.Ordenes.Web.vbproj
		SccProjectTopLevelParentUniqueName27 = WEB_RIA.sln
		SccProjectName27 = ../NET/A2.OyD.OYDServer.RIA.Ordenes.Web
		SccLocalPath27 = ..\\NET\\A2.OyD.OYDServer.RIA.Ordenes.Web
		SccProjectUniqueName28 = ..\\NET\\A2.OyD.OYDServer.RIA.OTC.Web\\A2.OyD.OYDServer.RIA.OTC.Web.vbproj
		SccProjectTopLevelParentUniqueName28 = WEB_RIA.sln
		SccProjectName28 = ../NET/A2.OyD.OYDServer.RIA.OTC.Web
		SccLocalPath28 = ..\\NET\\A2.OyD.OYDServer.RIA.OTC.Web
		SccProjectUniqueName29 = ..\\NET\\A2.OyD.OYDServer.RIA.Tesoreria.Web\\A2.OyD.OYDServer.RIA.Tesoreria.Web.vbproj
		SccProjectTopLevelParentUniqueName29 = WEB_RIA.sln
		SccProjectName29 = ../NET/A2.OyD.OYDServer.RIA.Tesoreria.Web
		SccLocalPath29 = ..\\NET\\A2.OyD.OYDServer.RIA.Tesoreria.Web
		SccProjectUniqueName30 = ..\\NET\\A2.OyD.OYDServer.RIA.Yankees.Web\\A2.OyD.OYDServer.RIA.Yankees.Web.vbproj
		SccProjectTopLevelParentUniqueName30 = WEB_RIA.sln
		SccProjectName30 = ../NET/A2.OyD.OYDServer.RIA.Yankees.Web
		SccLocalPath30 = ..\\NET\\A2.OyD.OYDServer.RIA.Yankees.Web
		SccProjectUniqueName31 = ..\\PLUS\\A2.OyD.OYDServer.RIA.PLUSDeceval.Web\\A2.OyD.OYDServer.RIA.PLUSDeceval.Web.vbproj
		SccProjectTopLevelParentUniqueName31 = WEB_RIA.sln
		SccProjectName31 = ../PLUS/A2.OyD.OYDServer.RIA.PLUSDeceval.Web
		SccLocalPath31 = ..\\PLUS\\A2.OyD.OYDServer.RIA.PLUSDeceval.Web
		SccProjectUniqueName32 = ..\\PLUS\\A2.OyD.OYDServer.RIA.PLUSGarantias.Web\\A2.OyD.OYDServer.RIA.PLUSGarantias.Web.vbproj
		SccProjectTopLevelParentUniqueName32 = WEB_RIA.sln
		SccProjectName32 = ../PLUS/A2.OyD.OYDServer.RIA.PLUSGarantias.Web
		SccLocalPath32 = ..\\PLUS\\A2.OyD.OYDServer.RIA.PLUSGarantias.Web
		SccProjectUniqueName33 = ..\\PLUS\\A2.OyD.OYDServer.RIA.PLUSMaestros.Web\\A2.OyD.OYDServer.RIA.PLUSMaestros.Web.vbproj
		SccProjectTopLevelParentUniqueName33 = WEB_RIA.sln
		SccProjectName33 = ../PLUS/A2.OyD.OYDServer.RIA.PLUSMaestros.Web
		SccLocalPath33 = ..\\PLUS\\A2.OyD.OYDServer.RIA.PLUSMaestros.Web
		SccProjectUniqueName34 = ..\\PLUS\\A2.OyD.OYDServer.RIA.PLUSOrdenes.Web\\A2.OyD.OYDServer.RIA.PLUSOrdenes.Web.vbproj
		SccProjectTopLevelParentUniqueName34 = WEB_RIA.sln
		SccProjectName34 = ../PLUS/A2.OyD.OYDServer.RIA.PLUSOrdenes.Web
		SccLocalPath34 = ..\\PLUS\\A2.OyD.OYDServer.RIA.PLUSOrdenes.Web
		SccProjectUniqueName35 = ..\\PLUS\\A2.OyD.OYDServer.RIA.PLUSOrdenesBolsa.Web\\A2.OyD.OYDServer.RIA.PLUSOrdenesBolsa.Web.vbproj
		SccProjectTopLevelParentUniqueName35 = WEB_RIA.sln
		SccProjectName35 = ../PLUS/A2.OyD.OYDServer.RIA.PLUSOrdenesBolsa.Web
		SccLocalPath35 = ..\\PLUS\\A2.OyD.OYDServer.RIA.PLUSOrdenesBolsa.Web
		SccProjectUniqueName36 = ..\\PLUS\\A2.OyD.OYDServer.RIA.PLUSOrdenesDerivados.Web\\A2.OyD.OYDServer.RIA.PLUSOrdenesDerivados.Web.vbproj
		SccProjectTopLevelParentUniqueName36 = WEB_RIA.sln
		SccProjectName36 = ../PLUS/A2.OyD.OYDServer.RIA.PLUSOrdenesDerivados.Web
		SccLocalPath36 = ..\\PLUS\\A2.OyD.OYDServer.RIA.PLUSOrdenesDerivados.Web
		SccProjectUniqueName37 = ..\\PLUS\\A2.OyD.OYDServer.RIA.PLUSOrdenesDivisas.Web\\A2.OyD.OYDServer.RIA.PLUSOrdenesDivisas.Web.vbproj
		SccProjectTopLevelParentUniqueName37 = WEB_RIA.sln
		SccProjectName37 = ../PLUS/A2.OyD.OYDServer.RIA.PLUSOrdenesDivisas.Web
		SccLocalPath37 = ..\\PLUS\\A2.OyD.OYDServer.RIA.PLUSOrdenesDivisas.Web
		SccProjectUniqueName38 = ..\\PLUS\\A2.OyD.OYDServer.RIA.PLUSOrdenesOF.Web\\A2.OyD.OYDServer.RIA.PLUSOrdenesOF.Web.vbproj
		SccProjectTopLevelParentUniqueName38 = WEB_RIA.sln
		SccProjectName38 = ../PLUS/A2.OyD.OYDServer.RIA.PLUSOrdenesOF.Web
		SccLocalPath38 = ..\\PLUS\\A2.OyD.OYDServer.RIA.PLUSOrdenesOF.Web
		SccProjectUniqueName39 = ..\\PLUS\\A2.OyD.OYDServer.RIA.PLUSTesoreria.Web\\A2.OyD.OYDServer.RIA.PLUSTesoreria.Web.vbproj
		SccProjectTopLevelParentUniqueName39 = WEB_RIA.sln
		SccProjectName39 = ../PLUS/A2.OyD.OYDServer.RIA.PLUSTesoreria.Web
		SccLocalPath39 = ..\\PLUS\\A2.OyD.OYDServer.RIA.PLUSTesoreria.Web
		SccProjectUniqueName40 = ..\\PLUS\\A2.OyD.OYDServer.RIA.PLUSUtilidades.Web\\A2.OyD.OYDServer.RIA.PLUSUtilidades.Web.vbproj
		SccProjectTopLevelParentUniqueName40 = WEB_RIA.sln
		SccProjectName40 = ../PLUS/A2.OyD.OYDServer.RIA.PLUSUtilidades.Web
		SccLocalPath40 = ..\\PLUS\\A2.OyD.OYDServer.RIA.PLUSUtilidades.Web
		SccProjectUniqueName41 = ..\\RI\\A2.Riesgos.RIA.Web\\A2.Riesgos.RIA.Web.vbproj
		SccProjectTopLevelParentUniqueName41 = WEB_RIA.sln
		SccProjectName41 = ../RI/A2.Riesgos.RIA.Web
		SccLocalPath41 = ..\\RI\\A2.Riesgos.RIA.Web
		SccProjectUniqueName42 = ..\\_Consola\\A2.OyD.OYDServer.Services\\A2.OyD.OYDServer.Services.vbproj
		SccProjectName42 = ../_Consola/A2.OyD.OYDServer.Services
		SccLocalPath42 = ..\\_Consola\\A2.OyD.OYDServer.Services
		SccProjectUniqueName43 = ..\\GEN\\A2.OyD.Infraestructura\\A2.OyD.Infraestructura.vbproj
		SccProjectName43 = ../GEN/A2.OyD.Infraestructura
		SccLocalPath43 = ..\\GEN\\A2.OyD.Infraestructura
		SccProjectUniqueName44 = ..\\PLAT\\A2.PLAT.Maestros.OPENRIA.WEB\\A2.PLAT.Maestros.OPENRIA.WEB.vbproj
		SccProjectTopLevelParentUniqueName44 = WEB_RIA.sln
		SccProjectName44 = ../PLAT/A2.PLAT.Maestros.OPENRIA.WEB
		SccLocalPath44 = ..\\PLAT\\A2.PLAT.Maestros.OPENRIA.WEB
		SccProjectUniqueName45 = ..\\PLAT\\A2.PLAT.Preordenes.OPENRIA.WEB\\A2.PLAT.Preordenes.OPENRIA.WEB.vbproj
		SccProjectTopLevelParentUniqueName45 = WEB_RIA.sln
		SccProjectName45 = ../PLAT/A2.PLAT.Preordenes.OPENRIA.WEB
		SccLocalPath45 = ..\\PLAT\\A2.PLAT.Preordenes.OPENRIA.WEB
	EndGlobalSection
EndGlobal
