
Microsoft Visual Studio Solution File, Format Version 12.00
# Visual Studio Version 16
VisualStudioVersion = 16.0.29728.190
MinimumVisualStudioVersion = 10.0.40219.1
Project("{9A19103F-16F7-4668-BE54-9A1E7A4F7556}") = "A2OYD_Servicios_API", "A2OYD_Servicios_API\A2OYD_Servicios_API.csproj", "{A273CD9F-55FB-4ED0-84DF-33C686FC7741}"
EndProject
Project("{9A19103F-16F7-4668-BE54-9A1E7A4F7556}") = "A2OYD_Servicios_API_General", "A2OYD_Servicios_API_General\A2OYD_Servicios_API_General.csproj", "{F8B4AF88-91BF-4338-B9A9-0833FDCEA620}"
EndProject
Global
	GlobalSection(SolutionConfigurationPlatforms) = preSolution
		Debug|Any CPU = Debug|Any CPU
		Release|Any CPU = Release|Any CPU
	EndGlobalSection
	GlobalSection(ProjectConfigurationPlatforms) = postSolution
		{A273CD9F-55FB-4ED0-84DF-33C686FC7741}.Debug|Any CPU.ActiveCfg = Debug|Any CPU
		{A273CD9F-55FB-4ED0-84DF-33C686FC7741}.Debug|Any CPU.Build.0 = Debug|Any CPU
		{A273CD9F-55FB-4ED0-84DF-33C686FC7741}.Release|Any CPU.ActiveCfg = Release|Any CPU
		{A273CD9F-55FB-4ED0-84DF-33C686FC7741}.Release|Any CPU.Build.0 = Release|Any CPU
		{F8B4AF88-91BF-4338-B9A9-0833FDCEA620}.Debug|Any CPU.ActiveCfg = Debug|Any CPU
		{F8B4AF88-91BF-4338-B9A9-0833FDCEA620}.Debug|Any CPU.Build.0 = Debug|Any CPU
		{F8B4AF88-91BF-4338-B9A9-0833FDCEA620}.Release|Any CPU.ActiveCfg = Release|Any CPU
		{F8B4AF88-91BF-4338-B9A9-0833FDCEA620}.Release|Any CPU.Build.0 = Release|Any CPU
	EndGlobalSection
	GlobalSection(SolutionProperties) = preSolution
		HideSolutionNode = FALSE
	EndGlobalSection
	GlobalSection(ExtensibilityGlobals) = postSolution
		SolutionGuid = {787BF45C-DD8D-465A-8320-596071C2D103}
	EndGlobalSection
EndGlobal
